
Microsoft Visual Studio Solution File, Format Version 12.00
# Visual Studio Version 17
VisualStudioVersion = 17.4.33122.133
MinimumVisualStudioVersion = 10.0.40219.1
Project("{2150E333-8FDC-42A3-9474-1A3956D46DE8}") = "Charts", "Charts", "{95736219-4FA4-44BA-8707-DDF230482F5F}"
EndProject
Project("{9A19103F-16F7-4668-BE54-9A1E7A4F7556}") = "Chart", "Charts\Chart\Chart.csproj", "{1AF96DFB-5D8D-4D40-963B-C0CCC85CADF6}"
EndProject
Project("{9A19103F-16F7-4668-BE54-9A1E7A4F7556}") = "ChartComponents", "Charts\Chart Components\ChartComponents.csproj", "{86014024-3EB5-4B46-8391-6A39CD42B338}"
EndProject
Project("{9A19103F-16F7-4668-BE54-9A1E7A4F7556}") = "ChartFormatting", "Charts\Chart Formatting\ChartFormatting.csproj", "{92E5DFFC-C4F2-4FFC-9034-8ECB8AF7F2F2}"
EndProject
Project("{9A19103F-16F7-4668-BE54-9A1E7A4F7556}") = "ChartSheet", "Charts\Chart Sheet\ChartSheet.csproj", "{6618B20F-AE5B-48DC-ACA1-D583E5B05367}"
EndProject
Project("{2150E333-8FDC-42A3-9474-1A3956D46DE8}") = "Protection", "Protection", "{150328BE-4393-4B43-9E1F-9E7AD37C77FA}"
EndProject
Project("{9A19103F-16F7-4668-BE54-9A1E7A4F7556}") = "PdfDigitalSignature", "Protection\PDF Digital Signature\PdfDigitalSignature.csproj", "{37B8D640-2E51-47FA-B213-E87C3F40F0C8}"
EndProject
Project("{9A19103F-16F7-4668-BE54-9A1E7A4F7556}") = "PdfEncryption", "Protection\PDF Encryption\PdfEncryption.csproj", "{15C99D9F-50E1-48B6-B676-D504F1202B34}"
EndProject
Project("{9A19103F-16F7-4668-BE54-9A1E7A4F7556}") = "SheetProtection", "Protection\Sheet Protection\SheetProtection.csproj", "{E0C79E9F-32EF-4932-A16B-9553F019F340}"
EndProject
Project("{9A19103F-16F7-4668-BE54-9A1E7A4F7556}") = "WorkbookProtection", "Protection\Workbook Protection\WorkbookProtection.csproj", "{3CA1BB6B-0330-4B64-8E75-AFA957A9D5E1}"
EndProject
Project("{9A19103F-16F7-4668-BE54-9A1E7A4F7556}") = "XlsxXEncryption", "Protection\XLSX Encryption\XlsxXEncryption.csproj", "{11E31F60-9E47-4CF2-A076-885483384C23}"
EndProject
Project("{9A19103F-16F7-4668-BE54-9A1E7A4F7556}") = "XlsxDigitalSignature", "Protection\XLSX Digital Signature\XlsxDigitalSignature.csproj", "{78BB3730-E2A7-4C40-BD5C-26A0830BE672}"
EndProject
Project("{2150E333-8FDC-42A3-9474-1A3956D46DE8}") = "Platforms", "Platforms", "{5A5ACAE6-2EBB-4830-BD67-0F618A6443F9}"
EndProject
Project("{FAE04EC0-301F-11D3-BF4B-00C04F79EFBC}") = "GridViewInAspNet", "Platforms\GridView in ASP.NET Web Forms\GridViewInAspNet.csproj", "{F53CF78D-D0F4-4985-81F3-68615D84BE1A}"
EndProject
Project("{9A19103F-16F7-4668-BE54-9A1E7A4F7556}") = "AzureFunction", "Platforms\Azure\AzureFunction.csproj", "{547E0015-75C9-404C-B698-5A949350829E}"
EndProject
Project("{FAE04EC0-301F-11D3-BF4B-00C04F79EFBC}") = "GridViewInWindowsForms", "Platforms\DataGridView in WindowsForms\GridViewInWindowsForms.csproj", "{2324496B-5104-4FF9-B850-97F8F020E8CC}"
EndProject
Project("{9A19103F-16F7-4668-BE54-9A1E7A4F7556}") = "SpreadsheetDocker", "Platforms\Docker\SpreadsheetDocker.csproj", "{8C97852D-2951-4D9D-AD8B-868F7F3FC239}"
EndProject
Project("{9A19103F-16F7-4668-BE54-9A1E7A4F7556}") = "Linux_macOS", "Platforms\Linux_macOS\Linux_macOS.csproj", "{42474731-044A-4CC8-8257-DAD7D95A10AE}"
EndProject
Project("{9A19103F-16F7-4668-BE54-9A1E7A4F7556}") = "XlsDecryption", "Protection\XLS Decryption\XlsDecryption.csproj", "{53BBA524-0710-42BF-A927-93BA4E7670AC}"
EndProject
Project("{9A19103F-16F7-4668-BE54-9A1E7A4F7556}") = "AspNetCoreMvc", "Platforms\ASP.NET Core\MVC\AspNetCoreMvc.csproj", "{56F83882-EE08-48AF-8F99-A4B88883B807}"
EndProject
Project("{9A19103F-16F7-4668-BE54-9A1E7A4F7556}") = "AspNetCorePages", "Platforms\ASP.NET Core\Razor Pages\AspNetCorePages.csproj", "{9E389ADD-041C-41B7-B3EE-00C5660082CD}"
EndProject
Project("{9A19103F-16F7-4668-BE54-9A1E7A4F7556}") = "BlazorServerApp", "Platforms\Blazor\Server App\BlazorServerApp.csproj", "{98738398-9AE9-49AC-BD1A-6A798F4500FB}"
EndProject
Project("{9A19103F-16F7-4668-BE54-9A1E7A4F7556}") = "BlazorWebAssemblyApp", "Platforms\Blazor\WebAssembly App\BlazorWebAssemblyApp.csproj", "{F5CA6C25-FF38-4835-9C13-379E14613C6A}"
EndProject
Project("{FAE04EC0-301F-11D3-BF4B-00C04F79EFBC}") = "WpfExport", "Platforms\Export in WPF\WpfExport.csproj", "{2ADAA6E2-7CD0-4941-AB6A-E8056A525B25}"
EndProject
Project("{9A19103F-16F7-4668-BE54-9A1E7A4F7556}") = "SpreadsheetMaui", "Platforms\MAUI\SpreadsheetMaui.csproj", "{40218D0E-431E-44E3-906C-155F8F075B0D}"
EndProject
Project("{2150E333-8FDC-42A3-9474-1A3956D46DE8}") = "Introduction", "Introduction", "{2F9F7607-FAF5-44E7-B771-7B903BB5958C}"
EndProject
Project("{9A19103F-16F7-4668-BE54-9A1E7A4F7556}") = "CellReferencing", "Introduction\Cell Referencing\CellReferencing.csproj", "{231585E7-372E-4FC0-BB14-E37B84CDE066}"
EndProject
Project("{9A19103F-16F7-4668-BE54-9A1E7A4F7556}") = "DataTypes", "Introduction\Data Types\DataTypes.csproj", "{255C9CE3-0BB3-4950-9CF8-46D274FD8663}"
EndProject
Project("{9A19103F-16F7-4668-BE54-9A1E7A4F7556}") = "Formulas", "Introduction\Formulas\Formulas.csproj", "{5A7994A1-179D-4F82-BC03-1CEE798F38FE}"
EndProject
Project("{9A19103F-16F7-4668-BE54-9A1E7A4F7556}") = "GettingStarted", "Introduction\Getting Started\GettingStarted.csproj", "{BB3601AF-9BF5-4EE4-9D02-CD79FD894DE5}"
EndProject
Project("{9A19103F-16F7-4668-BE54-9A1E7A4F7556}") = "MergedCells", "Introduction\Merged Cells\MergedCells.csproj", "{BD9F3829-CF89-4917-A451-D3887A43CB6B}"
EndProject
Project("{9A19103F-16F7-4668-BE54-9A1E7A4F7556}") = "Performance", "Introduction\Performance\Performance.csproj", "{F304BA60-396C-4FCB-8F00-1BBFBBEA0325}"
EndProject
Project("{9A19103F-16F7-4668-BE54-9A1E7A4F7556}") = "Preservation", "Introduction\Preservation\Preservation.csproj", "{A8442E4D-4628-4C71-9C90-DB6F611B7051}"
EndProject
Project("{9A19103F-16F7-4668-BE54-9A1E7A4F7556}") = "PrintInConsole", "Introduction\Printing\Print in Console\PrintInConsole.csproj", "{6572A7B3-B97D-4820-A184-5290CF85B2FE}"
EndProject
Project("{2150E333-8FDC-42A3-9474-1A3956D46DE8}") = "Printing", "Printing", "{3F573422-9360-41D9-B704-33597FE9FD4C}"
EndProject
Project("{9A19103F-16F7-4668-BE54-9A1E7A4F7556}") = "PrintInWinForms", "Introduction\Printing\Print in WinForms\PrintInWinForms.csproj", "{8643BC99-2B5A-4439-9CE7-F476C1903556}"
EndProject
Project("{9A19103F-16F7-4668-BE54-9A1E7A4F7556}") = "PrintInWpf", "Introduction\Printing\Print in WPF\PrintInWpf.csproj", "{7868FEE3-227E-4937-AEF5-46AED066889A}"
EndProject
Project("{9A19103F-16F7-4668-BE54-9A1E7A4F7556}") = "Reading", "Introduction\Reading\Reading.csproj", "{4EE57DFD-8439-4590-AB48-622DA8B4A942}"
EndProject
Project("{9A19103F-16F7-4668-BE54-9A1E7A4F7556}") = "Templates", "Introduction\Templates\Templates.csproj", "{A82A3D57-9F2C-4F80-9420-E923A19E8587}"
EndProject
Project("{9A19103F-16F7-4668-BE54-9A1E7A4F7556}") = "Writing", "Introduction\Writing\Writing.csproj", "{6E3AF52A-BEC6-46C7-8E81-600E941BF5D7}"
EndProject
Project("{2150E333-8FDC-42A3-9474-1A3956D46DE8}") = "Elements", "Elements", "{9BA6D126-C100-4DE4-B3CE-99CFF735ADA3}"
EndProject
Project("{9A19103F-16F7-4668-BE54-9A1E7A4F7556}") = "Comments", "Elements\Comments\Comments.csproj", "{5E44E247-68E1-407C-BE87-1261D2E27162}"
EndProject
Project("{9A19103F-16F7-4668-BE54-9A1E7A4F7556}") = "DefinedNames", "Elements\Defined Names\DefinedNames.csproj", "{13FA6019-45BC-4AA3-8C6E-616D4AEC5053}"
EndProject
Project("{9A19103F-16F7-4668-BE54-9A1E7A4F7556}") = "DocumentProperties", "Elements\Document Properties\DocumentProperties.csproj", "{EDFB175F-5EBE-412F-BFB6-5A8A50B2C300}"
EndProject
Project("{9A19103F-16F7-4668-BE54-9A1E7A4F7556}") = "FormControls", "Elements\Form Controls\FormControls.csproj", "{DB52D8EA-2AED-4BFD-9025-3D669D4BBA95}"
EndProject
Project("{9A19103F-16F7-4668-BE54-9A1E7A4F7556}") = "FreezeAndSplitPanes", "Elements\Freeze and Split Panes\FreezeAndSplitPanes.csproj", "{81DC4198-CA72-454E-95E2-83176BA1E0B2}"
EndProject
Project("{9A19103F-16F7-4668-BE54-9A1E7A4F7556}") = "HeadersAndFooters", "Elements\Headers and Footers\HeadersAndFooters.csproj", "{94F3296D-47BC-4295-84D1-FA7B8C0C9EC7}"
EndProject
Project("{9A19103F-16F7-4668-BE54-9A1E7A4F7556}") = "Hyperlinks", "Elements\Hyperlinks\Hyperlinks.csproj", "{DA0F123F-C8DE-4701-AD4C-460C54D61C24}"
EndProject
Project("{9A19103F-16F7-4668-BE54-9A1E7A4F7556}") = "Images", "Elements\Images\Images.csproj", "{E9854C16-9FDE-4CB1-80FA-CE74CDFEF990}"
EndProject
Project("{9A19103F-16F7-4668-BE54-9A1E7A4F7556}") = "PivotTables", "Elements\Pivot Tables\PivotTables.csproj", "{D955DB74-35C2-4F47-9515-252730228BB4}"
EndProject
Project("{9A19103F-16F7-4668-BE54-9A1E7A4F7556}") = "Shapes", "Elements\Shapes\Shapes.csproj", "{A09EB8BA-2AFD-4CD3-853D-D668CD599550}"
EndProject
Project("{9A19103F-16F7-4668-BE54-9A1E7A4F7556}") = "Tables", "Elements\Tables\Tables.csproj", "{201BB45C-0711-4441-9209-B37E1AF21193}"
EndProject
Project("{9A19103F-16F7-4668-BE54-9A1E7A4F7556}") = "TextBoxes", "Elements\Text Boxes\TextBoxes.csproj", "{601EECE8-5FDD-4619-B30E-CCD8E86CFB45}"
EndProject
Project("{9A19103F-16F7-4668-BE54-9A1E7A4F7556}") = "VbaMacros", "Elements\VBA Macros\VbaMacros.csproj", "{E193859A-084D-42A2-BCDF-40D09EFD64A3}"
EndProject
Project("{2150E333-8FDC-42A3-9474-1A3956D46DE8}") = "Features", "Features", "{7C1EB8D2-7EE5-49F7-AA90-44CDF9FFD494}"
EndProject
Project("{9A19103F-16F7-4668-BE54-9A1E7A4F7556}") = "DataValidation", "Features\Data Validation\DataValidation.csproj", "{BF5B69E9-A875-4B6A-A4CC-ED4EC4112F90}"
EndProject
Project("{9A19103F-16F7-4668-BE54-9A1E7A4F7556}") = "Filtering", "Features\Filtering\Filtering.csproj", "{B4C63C45-195B-4324-AC3D-3F75DD8C2D42}"
EndProject
Project("{9A19103F-16F7-4668-BE54-9A1E7A4F7556}") = "Searching", "Features\Find and Replace\Searching.csproj", "{A6C7C89F-9B0E-4676-AFE4-9A673D3E4170}"
EndProject
Project("{9A19103F-16F7-4668-BE54-9A1E7A4F7556}") = "GroupingAndOutlining", "Features\Grouping and Outlining\GroupingAndOutlining.csproj", "{4DFE6972-D4FC-4429-9193-2971CF3F6DB1}"
EndProject
Project("{9A19103F-16F7-4668-BE54-9A1E7A4F7556}") = "PrintAndViewOptions", "Features\Print and View Options\PrintAndViewOptions.csproj", "{1D0DE9C5-2008-4384-929D-4BB4EFBD9161}"
EndProject
Project("{9A19103F-16F7-4668-BE54-9A1E7A4F7556}") = "PrintTitlesAndArea", "Features\Print Titles and Area\PrintTitlesAndArea.csproj", "{E00B9E4D-0F41-46E0-899B-4ED6693987EA}"
EndProject
Project("{9A19103F-16F7-4668-BE54-9A1E7A4F7556}") = "PrivateFonts", "Features\Private Fonts\PrivateFonts.csproj", "{54FBD2F9-5800-465D-9179-048849766341}"
EndProject
Project("{2150E333-8FDC-42A3-9474-1A3956D46DE8}") = "Progress Reporting and Cancellation", "Progress Reporting and Cancellation", "{70F962AB-2D3A-452A-AEFC-10FBE2C5B9A0}"
EndProject
Project("{9A19103F-16F7-4668-BE54-9A1E7A4F7556}") = "CancellationInConsole", "Features\Progress Reporting and Cancellation\Cancellation in Console\CancellationInConsole.csproj", "{8B5FD768-B8E1-43AB-B37A-C0570AA2F920}"
EndProject
Project("{FAE04EC0-301F-11D3-BF4B-00C04F79EFBC}") = "CancellationInWpf", "Features\Progress Reporting and Cancellation\Cancellation in WPF\CancellationInWpf.csproj", "{7D2E8813-BEE4-47F8-8552-A8255D5E4082}"
EndProject
Project("{9A19103F-16F7-4668-BE54-9A1E7A4F7556}") = "ProgressReportingInConsole", "Features\Progress Reporting and Cancellation\Progress Reporting in Console\ProgressReportingInConsole.csproj", "{A8610DDB-AB7B-421C-BF91-C527D014B435}"
EndProject
Project("{FAE04EC0-301F-11D3-BF4B-00C04F79EFBC}") = "ProgressReportingInWindowsForms", "Features\Progress Reporting and Cancellation\Progress Reporting in WindowsForms\ProgressReportingInWindowsForms.csproj", "{FE6E9A0A-DA26-4BA5-B64D-325A96AA55E1}"
EndProject
Project("{FAE04EC0-301F-11D3-BF4B-00C04F79EFBC}") = "ProgressReportingInWpf", "Features\Progress Reporting and Cancellation\Progress Reporting in WPF\ProgressReportingInWpf.csproj", "{64963614-8034-43EA-8AF4-7427E5A4E4C9}"
EndProject
Project("{9A19103F-16F7-4668-BE54-9A1E7A4F7556}") = "RightToLeftText", "Features\Right to Left Text\RightToLeftText.csproj", "{DFB2805C-F9BC-4A7F-AF72-7878AE389117}"
EndProject
Project("{9A19103F-16F7-4668-BE54-9A1E7A4F7556}") = "RowAndColumnAutoFit", "Features\Row and Column AutoFit\RowAndColumnAutoFit.csproj", "{6C5B9531-89C0-4958-8D16-384B0B5DA195}"
EndProject
Project("{9A19103F-16F7-4668-BE54-9A1E7A4F7556}") = "SheetCopyingAndDeleting", "Features\Sheet Copying and Deleting\SheetCopyingAndDeleting.csproj", "{D3638B3E-1A29-41E5-AE01-C9928B07BD3B}"
EndProject
Project("{9A19103F-16F7-4668-BE54-9A1E7A4F7556}") = "Sorting", "Features\Sorting\Sorting.csproj", "{2EF91166-0F8F-4A55-BAA2-4AE19ADBE377}"
EndProject
Project("{9A19103F-16F7-4668-BE54-9A1E7A4F7556}") = "UnitConversion", "Features\Unit Conversion\UnitConversion.csproj", "{1A32279F-02EB-43CC-B3E8-EE68825786D1}"
EndProject
Project("{2150E333-8FDC-42A3-9474-1A3956D46DE8}") = "Formatting", "Formatting", "{7E429B22-28B8-431C-A1A4-6D8FC6A3A0DD}"
EndProject
Project("{9A19103F-16F7-4668-BE54-9A1E7A4F7556}") = "ConditionalFormatting", "Formatting\Conditional Formatting\ConditionalFormatting.csproj", "{4B7B6686-F3BF-4062-B0B9-618A61C075DB}"
EndProject
Project("{9A19103F-16F7-4668-BE54-9A1E7A4F7556}") = "InlineTextFormatting", "Formatting\Inline Text Formatting\InlineTextFormatting.csproj", "{DEE9918B-192F-44F1-A706-ADFC36CC2DD4}"
EndProject
Project("{9A19103F-16F7-4668-BE54-9A1E7A4F7556}") = "NumberFormatting", "Formatting\Number Formatting\NumberFormatting.csproj", "{6CFC6752-75F1-4D8F-86D1-019A318F18C7}"
EndProject
Project("{9A19103F-16F7-4668-BE54-9A1E7A4F7556}") = "StylesAndFormatting", "Formatting\Styles and Formatting\StylesAndFormatting.csproj", "{8CFAE104-EF98-4A6C-9156-C91B81F87598}"
EndProject
Global
	GlobalSection(SolutionConfigurationPlatforms) = preSolution
		Debug|Any CPU = Debug|Any CPU
		Debug|x86 = Debug|x86
		Release|Any CPU = Release|Any CPU
		Release|x86 = Release|x86
	EndGlobalSection
	GlobalSection(ProjectConfigurationPlatforms) = postSolution
		{1AF96DFB-5D8D-4D40-963B-C0CCC85CADF6}.Debug|Any CPU.ActiveCfg = Debug|Any CPU
		{1AF96DFB-5D8D-4D40-963B-C0CCC85CADF6}.Debug|Any CPU.Build.0 = Debug|Any CPU
		{1AF96DFB-5D8D-4D40-963B-C0CCC85CADF6}.Debug|x86.ActiveCfg = Debug|Any CPU
		{1AF96DFB-5D8D-4D40-963B-C0CCC85CADF6}.Debug|x86.Build.0 = Debug|Any CPU
		{1AF96DFB-5D8D-4D40-963B-C0CCC85CADF6}.Release|Any CPU.ActiveCfg = Release|Any CPU
		{1AF96DFB-5D8D-4D40-963B-C0CCC85CADF6}.Release|Any CPU.Build.0 = Release|Any CPU
		{1AF96DFB-5D8D-4D40-963B-C0CCC85CADF6}.Release|x86.ActiveCfg = Release|Any CPU
		{1AF96DFB-5D8D-4D40-963B-C0CCC85CADF6}.Release|x86.Build.0 = Release|Any CPU
		{86014024-3EB5-4B46-8391-6A39CD42B338}.Debug|Any CPU.ActiveCfg = Debug|Any CPU
		{86014024-3EB5-4B46-8391-6A39CD42B338}.Debug|Any CPU.Build.0 = Debug|Any CPU
		{86014024-3EB5-4B46-8391-6A39CD42B338}.Debug|x86.ActiveCfg = Debug|Any CPU
		{86014024-3EB5-4B46-8391-6A39CD42B338}.Debug|x86.Build.0 = Debug|Any CPU
		{86014024-3EB5-4B46-8391-6A39CD42B338}.Release|Any CPU.ActiveCfg = Release|Any CPU
		{86014024-3EB5-4B46-8391-6A39CD42B338}.Release|Any CPU.Build.0 = Release|Any CPU
		{86014024-3EB5-4B46-8391-6A39CD42B338}.Release|x86.ActiveCfg = Release|Any CPU
		{86014024-3EB5-4B46-8391-6A39CD42B338}.Release|x86.Build.0 = Release|Any CPU
		{92E5DFFC-C4F2-4FFC-9034-8ECB8AF7F2F2}.Debug|Any CPU.ActiveCfg = Debug|Any CPU
		{92E5DFFC-C4F2-4FFC-9034-8ECB8AF7F2F2}.Debug|Any CPU.Build.0 = Debug|Any CPU
		{92E5DFFC-C4F2-4FFC-9034-8ECB8AF7F2F2}.Debug|x86.ActiveCfg = Debug|Any CPU
		{92E5DFFC-C4F2-4FFC-9034-8ECB8AF7F2F2}.Debug|x86.Build.0 = Debug|Any CPU
		{92E5DFFC-C4F2-4FFC-9034-8ECB8AF7F2F2}.Release|Any CPU.ActiveCfg = Release|Any CPU
		{92E5DFFC-C4F2-4FFC-9034-8ECB8AF7F2F2}.Release|Any CPU.Build.0 = Release|Any CPU
		{92E5DFFC-C4F2-4FFC-9034-8ECB8AF7F2F2}.Release|x86.ActiveCfg = Release|Any CPU
		{92E5DFFC-C4F2-4FFC-9034-8ECB8AF7F2F2}.Release|x86.Build.0 = Release|Any CPU
		{6618B20F-AE5B-48DC-ACA1-D583E5B05367}.Debug|Any CPU.ActiveCfg = Debug|Any CPU
		{6618B20F-AE5B-48DC-ACA1-D583E5B05367}.Debug|Any CPU.Build.0 = Debug|Any CPU
		{6618B20F-AE5B-48DC-ACA1-D583E5B05367}.Debug|x86.ActiveCfg = Debug|Any CPU
		{6618B20F-AE5B-48DC-ACA1-D583E5B05367}.Debug|x86.Build.0 = Debug|Any CPU
		{6618B20F-AE5B-48DC-ACA1-D583E5B05367}.Release|Any CPU.ActiveCfg = Release|Any CPU
		{6618B20F-AE5B-48DC-ACA1-D583E5B05367}.Release|Any CPU.Build.0 = Release|Any CPU
		{6618B20F-AE5B-48DC-ACA1-D583E5B05367}.Release|x86.ActiveCfg = Release|Any CPU
		{6618B20F-AE5B-48DC-ACA1-D583E5B05367}.Release|x86.Build.0 = Release|Any CPU
		{37B8D640-2E51-47FA-B213-E87C3F40F0C8}.Debug|Any CPU.ActiveCfg = Debug|Any CPU
		{37B8D640-2E51-47FA-B213-E87C3F40F0C8}.Debug|Any CPU.Build.0 = Debug|Any CPU
		{37B8D640-2E51-47FA-B213-E87C3F40F0C8}.Debug|x86.ActiveCfg = Debug|Any CPU
		{37B8D640-2E51-47FA-B213-E87C3F40F0C8}.Debug|x86.Build.0 = Debug|Any CPU
		{37B8D640-2E51-47FA-B213-E87C3F40F0C8}.Release|Any CPU.ActiveCfg = Release|Any CPU
		{37B8D640-2E51-47FA-B213-E87C3F40F0C8}.Release|Any CPU.Build.0 = Release|Any CPU
		{37B8D640-2E51-47FA-B213-E87C3F40F0C8}.Release|x86.ActiveCfg = Release|Any CPU
		{37B8D640-2E51-47FA-B213-E87C3F40F0C8}.Release|x86.Build.0 = Release|Any CPU
		{15C99D9F-50E1-48B6-B676-D504F1202B34}.Debug|Any CPU.ActiveCfg = Debug|Any CPU
		{15C99D9F-50E1-48B6-B676-D504F1202B34}.Debug|Any CPU.Build.0 = Debug|Any CPU
		{15C99D9F-50E1-48B6-B676-D504F1202B34}.Debug|x86.ActiveCfg = Debug|Any CPU
		{15C99D9F-50E1-48B6-B676-D504F1202B34}.Debug|x86.Build.0 = Debug|Any CPU
		{15C99D9F-50E1-48B6-B676-D504F1202B34}.Release|Any CPU.ActiveCfg = Release|Any CPU
		{15C99D9F-50E1-48B6-B676-D504F1202B34}.Release|Any CPU.Build.0 = Release|Any CPU
		{15C99D9F-50E1-48B6-B676-D504F1202B34}.Release|x86.ActiveCfg = Release|Any CPU
		{15C99D9F-50E1-48B6-B676-D504F1202B34}.Release|x86.Build.0 = Release|Any CPU
		{E0C79E9F-32EF-4932-A16B-9553F019F340}.Debug|Any CPU.ActiveCfg = Debug|Any CPU
		{E0C79E9F-32EF-4932-A16B-9553F019F340}.Debug|Any CPU.Build.0 = Debug|Any CPU
		{E0C79E9F-32EF-4932-A16B-9553F019F340}.Debug|x86.ActiveCfg = Debug|Any CPU
		{E0C79E9F-32EF-4932-A16B-9553F019F340}.Debug|x86.Build.0 = Debug|Any CPU
		{E0C79E9F-32EF-4932-A16B-9553F019F340}.Release|Any CPU.ActiveCfg = Release|Any CPU
		{E0C79E9F-32EF-4932-A16B-9553F019F340}.Release|Any CPU.Build.0 = Release|Any CPU
		{E0C79E9F-32EF-4932-A16B-9553F019F340}.Release|x86.ActiveCfg = Release|Any CPU
		{E0C79E9F-32EF-4932-A16B-9553F019F340}.Release|x86.Build.0 = Release|Any CPU
		{3CA1BB6B-0330-4B64-8E75-AFA957A9D5E1}.Debug|Any CPU.ActiveCfg = Debug|Any CPU
		{3CA1BB6B-0330-4B64-8E75-AFA957A9D5E1}.Debug|Any CPU.Build.0 = Debug|Any CPU
		{3CA1BB6B-0330-4B64-8E75-AFA957A9D5E1}.Debug|x86.ActiveCfg = Debug|Any CPU
		{3CA1BB6B-0330-4B64-8E75-AFA957A9D5E1}.Debug|x86.Build.0 = Debug|Any CPU
		{3CA1BB6B-0330-4B64-8E75-AFA957A9D5E1}.Release|Any CPU.ActiveCfg = Release|Any CPU
		{3CA1BB6B-0330-4B64-8E75-AFA957A9D5E1}.Release|Any CPU.Build.0 = Release|Any CPU
		{3CA1BB6B-0330-4B64-8E75-AFA957A9D5E1}.Release|x86.ActiveCfg = Release|Any CPU
		{3CA1BB6B-0330-4B64-8E75-AFA957A9D5E1}.Release|x86.Build.0 = Release|Any CPU
		{11E31F60-9E47-4CF2-A076-885483384C23}.Debug|Any CPU.ActiveCfg = Debug|Any CPU
		{11E31F60-9E47-4CF2-A076-885483384C23}.Debug|Any CPU.Build.0 = Debug|Any CPU
		{11E31F60-9E47-4CF2-A076-885483384C23}.Debug|x86.ActiveCfg = Debug|Any CPU
		{11E31F60-9E47-4CF2-A076-885483384C23}.Debug|x86.Build.0 = Debug|Any CPU
		{11E31F60-9E47-4CF2-A076-885483384C23}.Release|Any CPU.ActiveCfg = Release|Any CPU
		{11E31F60-9E47-4CF2-A076-885483384C23}.Release|Any CPU.Build.0 = Release|Any CPU
		{11E31F60-9E47-4CF2-A076-885483384C23}.Release|x86.ActiveCfg = Release|Any CPU
		{11E31F60-9E47-4CF2-A076-885483384C23}.Release|x86.Build.0 = Release|Any CPU
		{78BB3730-E2A7-4C40-BD5C-26A0830BE672}.Debug|Any CPU.ActiveCfg = Debug|Any CPU
		{78BB3730-E2A7-4C40-BD5C-26A0830BE672}.Debug|Any CPU.Build.0 = Debug|Any CPU
		{78BB3730-E2A7-4C40-BD5C-26A0830BE672}.Debug|x86.ActiveCfg = Debug|Any CPU
		{78BB3730-E2A7-4C40-BD5C-26A0830BE672}.Debug|x86.Build.0 = Debug|Any CPU
		{78BB3730-E2A7-4C40-BD5C-26A0830BE672}.Release|Any CPU.ActiveCfg = Release|Any CPU
		{78BB3730-E2A7-4C40-BD5C-26A0830BE672}.Release|Any CPU.Build.0 = Release|Any CPU
		{78BB3730-E2A7-4C40-BD5C-26A0830BE672}.Release|x86.ActiveCfg = Release|Any CPU
		{78BB3730-E2A7-4C40-BD5C-26A0830BE672}.Release|x86.Build.0 = Release|Any CPU
		{F53CF78D-D0F4-4985-81F3-68615D84BE1A}.Debug|Any CPU.ActiveCfg = Debug|Any CPU
		{F53CF78D-D0F4-4985-81F3-68615D84BE1A}.Debug|Any CPU.Build.0 = Debug|Any CPU
		{F53CF78D-D0F4-4985-81F3-68615D84BE1A}.Debug|x86.ActiveCfg = Debug|Any CPU
		{F53CF78D-D0F4-4985-81F3-68615D84BE1A}.Debug|x86.Build.0 = Debug|Any CPU
		{F53CF78D-D0F4-4985-81F3-68615D84BE1A}.Release|Any CPU.ActiveCfg = Release|Any CPU
		{F53CF78D-D0F4-4985-81F3-68615D84BE1A}.Release|Any CPU.Build.0 = Release|Any CPU
		{F53CF78D-D0F4-4985-81F3-68615D84BE1A}.Release|x86.ActiveCfg = Release|Any CPU
		{F53CF78D-D0F4-4985-81F3-68615D84BE1A}.Release|x86.Build.0 = Release|Any CPU
		{547E0015-75C9-404C-B698-5A949350829E}.Debug|Any CPU.ActiveCfg = Debug|Any CPU
		{547E0015-75C9-404C-B698-5A949350829E}.Debug|Any CPU.Build.0 = Debug|Any CPU
		{547E0015-75C9-404C-B698-5A949350829E}.Debug|x86.ActiveCfg = Debug|Any CPU
		{547E0015-75C9-404C-B698-5A949350829E}.Debug|x86.Build.0 = Debug|Any CPU
		{547E0015-75C9-404C-B698-5A949350829E}.Release|Any CPU.ActiveCfg = Release|Any CPU
		{547E0015-75C9-404C-B698-5A949350829E}.Release|Any CPU.Build.0 = Release|Any CPU
		{547E0015-75C9-404C-B698-5A949350829E}.Release|x86.ActiveCfg = Release|Any CPU
		{547E0015-75C9-404C-B698-5A949350829E}.Release|x86.Build.0 = Release|Any CPU
		{2324496B-5104-4FF9-B850-97F8F020E8CC}.Debug|Any CPU.ActiveCfg = Debug|Any CPU
		{2324496B-5104-4FF9-B850-97F8F020E8CC}.Debug|Any CPU.Build.0 = Debug|Any CPU
		{2324496B-5104-4FF9-B850-97F8F020E8CC}.Debug|x86.ActiveCfg = Debug|Any CPU
		{2324496B-5104-4FF9-B850-97F8F020E8CC}.Debug|x86.Build.0 = Debug|Any CPU
		{2324496B-5104-4FF9-B850-97F8F020E8CC}.Release|Any CPU.ActiveCfg = Release|Any CPU
		{2324496B-5104-4FF9-B850-97F8F020E8CC}.Release|Any CPU.Build.0 = Release|Any CPU
		{2324496B-5104-4FF9-B850-97F8F020E8CC}.Release|x86.ActiveCfg = Release|Any CPU
		{2324496B-5104-4FF9-B850-97F8F020E8CC}.Release|x86.Build.0 = Release|Any CPU
		{8C97852D-2951-4D9D-AD8B-868F7F3FC239}.Debug|Any CPU.ActiveCfg = Debug|Any CPU
		{8C97852D-2951-4D9D-AD8B-868F7F3FC239}.Debug|Any CPU.Build.0 = Debug|Any CPU
		{8C97852D-2951-4D9D-AD8B-868F7F3FC239}.Debug|x86.ActiveCfg = Debug|Any CPU
		{8C97852D-2951-4D9D-AD8B-868F7F3FC239}.Debug|x86.Build.0 = Debug|Any CPU
		{8C97852D-2951-4D9D-AD8B-868F7F3FC239}.Release|Any CPU.ActiveCfg = Release|Any CPU
		{8C97852D-2951-4D9D-AD8B-868F7F3FC239}.Release|Any CPU.Build.0 = Release|Any CPU
		{8C97852D-2951-4D9D-AD8B-868F7F3FC239}.Release|x86.ActiveCfg = Release|Any CPU
		{8C97852D-2951-4D9D-AD8B-868F7F3FC239}.Release|x86.Build.0 = Release|Any CPU
		{42474731-044A-4CC8-8257-DAD7D95A10AE}.Debug|Any CPU.ActiveCfg = Debug|Any CPU
		{42474731-044A-4CC8-8257-DAD7D95A10AE}.Debug|Any CPU.Build.0 = Debug|Any CPU
		{42474731-044A-4CC8-8257-DAD7D95A10AE}.Debug|x86.ActiveCfg = Debug|Any CPU
		{42474731-044A-4CC8-8257-DAD7D95A10AE}.Debug|x86.Build.0 = Debug|Any CPU
		{42474731-044A-4CC8-8257-DAD7D95A10AE}.Release|Any CPU.ActiveCfg = Release|Any CPU
		{42474731-044A-4CC8-8257-DAD7D95A10AE}.Release|Any CPU.Build.0 = Release|Any CPU
		{42474731-044A-4CC8-8257-DAD7D95A10AE}.Release|x86.ActiveCfg = Release|Any CPU
		{42474731-044A-4CC8-8257-DAD7D95A10AE}.Release|x86.Build.0 = Release|Any CPU
		{53BBA524-0710-42BF-A927-93BA4E7670AC}.Debug|Any CPU.ActiveCfg = Debug|Any CPU
		{53BBA524-0710-42BF-A927-93BA4E7670AC}.Debug|Any CPU.Build.0 = Debug|Any CPU
		{53BBA524-0710-42BF-A927-93BA4E7670AC}.Debug|x86.ActiveCfg = Debug|Any CPU
		{53BBA524-0710-42BF-A927-93BA4E7670AC}.Debug|x86.Build.0 = Debug|Any CPU
		{53BBA524-0710-42BF-A927-93BA4E7670AC}.Release|Any CPU.ActiveCfg = Release|Any CPU
		{53BBA524-0710-42BF-A927-93BA4E7670AC}.Release|Any CPU.Build.0 = Release|Any CPU
		{53BBA524-0710-42BF-A927-93BA4E7670AC}.Release|x86.ActiveCfg = Release|Any CPU
		{53BBA524-0710-42BF-A927-93BA4E7670AC}.Release|x86.Build.0 = Release|Any CPU
		{56F83882-EE08-48AF-8F99-A4B88883B807}.Debug|Any CPU.ActiveCfg = Debug|Any CPU
		{56F83882-EE08-48AF-8F99-A4B88883B807}.Debug|Any CPU.Build.0 = Debug|Any CPU
		{56F83882-EE08-48AF-8F99-A4B88883B807}.Debug|x86.ActiveCfg = Debug|Any CPU
		{56F83882-EE08-48AF-8F99-A4B88883B807}.Debug|x86.Build.0 = Debug|Any CPU
		{56F83882-EE08-48AF-8F99-A4B88883B807}.Release|Any CPU.ActiveCfg = Release|Any CPU
		{56F83882-EE08-48AF-8F99-A4B88883B807}.Release|Any CPU.Build.0 = Release|Any CPU
		{56F83882-EE08-48AF-8F99-A4B88883B807}.Release|x86.ActiveCfg = Release|Any CPU
		{56F83882-EE08-48AF-8F99-A4B88883B807}.Release|x86.Build.0 = Release|Any CPU
		{9E389ADD-041C-41B7-B3EE-00C5660082CD}.Debug|Any CPU.ActiveCfg = Debug|Any CPU
		{9E389ADD-041C-41B7-B3EE-00C5660082CD}.Debug|Any CPU.Build.0 = Debug|Any CPU
		{9E389ADD-041C-41B7-B3EE-00C5660082CD}.Debug|x86.ActiveCfg = Debug|Any CPU
		{9E389ADD-041C-41B7-B3EE-00C5660082CD}.Debug|x86.Build.0 = Debug|Any CPU
		{9E389ADD-041C-41B7-B3EE-00C5660082CD}.Release|Any CPU.ActiveCfg = Release|Any CPU
		{9E389ADD-041C-41B7-B3EE-00C5660082CD}.Release|Any CPU.Build.0 = Release|Any CPU
		{9E389ADD-041C-41B7-B3EE-00C5660082CD}.Release|x86.ActiveCfg = Release|Any CPU
		{9E389ADD-041C-41B7-B3EE-00C5660082CD}.Release|x86.Build.0 = Release|Any CPU
		{98738398-9AE9-49AC-BD1A-6A798F4500FB}.Debug|Any CPU.ActiveCfg = Debug|Any CPU
		{98738398-9AE9-49AC-BD1A-6A798F4500FB}.Debug|Any CPU.Build.0 = Debug|Any CPU
		{98738398-9AE9-49AC-BD1A-6A798F4500FB}.Debug|x86.ActiveCfg = Debug|Any CPU
		{98738398-9AE9-49AC-BD1A-6A798F4500FB}.Debug|x86.Build.0 = Debug|Any CPU
		{98738398-9AE9-49AC-BD1A-6A798F4500FB}.Release|Any CPU.ActiveCfg = Release|Any CPU
		{98738398-9AE9-49AC-BD1A-6A798F4500FB}.Release|Any CPU.Build.0 = Release|Any CPU
		{98738398-9AE9-49AC-BD1A-6A798F4500FB}.Release|x86.ActiveCfg = Release|Any CPU
		{98738398-9AE9-49AC-BD1A-6A798F4500FB}.Release|x86.Build.0 = Release|Any CPU
		{F5CA6C25-FF38-4835-9C13-379E14613C6A}.Debug|Any CPU.ActiveCfg = Debug|Any CPU
		{F5CA6C25-FF38-4835-9C13-379E14613C6A}.Debug|Any CPU.Build.0 = Debug|Any CPU
		{F5CA6C25-FF38-4835-9C13-379E14613C6A}.Debug|x86.ActiveCfg = Debug|Any CPU
		{F5CA6C25-FF38-4835-9C13-379E14613C6A}.Debug|x86.Build.0 = Debug|Any CPU
		{F5CA6C25-FF38-4835-9C13-379E14613C6A}.Release|Any CPU.ActiveCfg = Release|Any CPU
		{F5CA6C25-FF38-4835-9C13-379E14613C6A}.Release|Any CPU.Build.0 = Release|Any CPU
		{F5CA6C25-FF38-4835-9C13-379E14613C6A}.Release|x86.ActiveCfg = Release|Any CPU
		{F5CA6C25-FF38-4835-9C13-379E14613C6A}.Release|x86.Build.0 = Release|Any CPU
		{2ADAA6E2-7CD0-4941-AB6A-E8056A525B25}.Debug|Any CPU.ActiveCfg = Debug|Any CPU
		{2ADAA6E2-7CD0-4941-AB6A-E8056A525B25}.Debug|Any CPU.Build.0 = Debug|Any CPU
		{2ADAA6E2-7CD0-4941-AB6A-E8056A525B25}.Debug|x86.ActiveCfg = Debug|Any CPU
		{2ADAA6E2-7CD0-4941-AB6A-E8056A525B25}.Debug|x86.Build.0 = Debug|Any CPU
		{2ADAA6E2-7CD0-4941-AB6A-E8056A525B25}.Release|Any CPU.ActiveCfg = Release|Any CPU
		{2ADAA6E2-7CD0-4941-AB6A-E8056A525B25}.Release|Any CPU.Build.0 = Release|Any CPU
		{2ADAA6E2-7CD0-4941-AB6A-E8056A525B25}.Release|x86.ActiveCfg = Release|Any CPU
		{2ADAA6E2-7CD0-4941-AB6A-E8056A525B25}.Release|x86.Build.0 = Release|Any CPU
		{40218D0E-431E-44E3-906C-155F8F075B0D}.Debug|Any CPU.ActiveCfg = Debug|Any CPU
		{40218D0E-431E-44E3-906C-155F8F075B0D}.Debug|Any CPU.Build.0 = Debug|Any CPU
		{40218D0E-431E-44E3-906C-155F8F075B0D}.Debug|Any CPU.Deploy.0 = Debug|Any CPU
		{40218D0E-431E-44E3-906C-155F8F075B0D}.Debug|x86.ActiveCfg = Debug|Any CPU
		{40218D0E-431E-44E3-906C-155F8F075B0D}.Debug|x86.Build.0 = Debug|Any CPU
		{40218D0E-431E-44E3-906C-155F8F075B0D}.Debug|x86.Deploy.0 = Debug|Any CPU
		{40218D0E-431E-44E3-906C-155F8F075B0D}.Release|Any CPU.ActiveCfg = Release|Any CPU
		{40218D0E-431E-44E3-906C-155F8F075B0D}.Release|Any CPU.Build.0 = Release|Any CPU
		{40218D0E-431E-44E3-906C-155F8F075B0D}.Release|Any CPU.Deploy.0 = Release|Any CPU
		{40218D0E-431E-44E3-906C-155F8F075B0D}.Release|x86.ActiveCfg = Release|Any CPU
		{40218D0E-431E-44E3-906C-155F8F075B0D}.Release|x86.Build.0 = Release|Any CPU
		{40218D0E-431E-44E3-906C-155F8F075B0D}.Release|x86.Deploy.0 = Release|Any CPU
		{231585E7-372E-4FC0-BB14-E37B84CDE066}.Debug|Any CPU.ActiveCfg = Debug|Any CPU
		{231585E7-372E-4FC0-BB14-E37B84CDE066}.Debug|Any CPU.Build.0 = Debug|Any CPU
		{231585E7-372E-4FC0-BB14-E37B84CDE066}.Debug|x86.ActiveCfg = Debug|Any CPU
		{231585E7-372E-4FC0-BB14-E37B84CDE066}.Debug|x86.Build.0 = Debug|Any CPU
		{231585E7-372E-4FC0-BB14-E37B84CDE066}.Release|Any CPU.ActiveCfg = Release|Any CPU
		{231585E7-372E-4FC0-BB14-E37B84CDE066}.Release|Any CPU.Build.0 = Release|Any CPU
		{231585E7-372E-4FC0-BB14-E37B84CDE066}.Release|x86.ActiveCfg = Release|Any CPU
		{231585E7-372E-4FC0-BB14-E37B84CDE066}.Release|x86.Build.0 = Release|Any CPU
		{255C9CE3-0BB3-4950-9CF8-46D274FD8663}.Debug|Any CPU.ActiveCfg = Debug|Any CPU
		{255C9CE3-0BB3-4950-9CF8-46D274FD8663}.Debug|Any CPU.Build.0 = Debug|Any CPU
		{255C9CE3-0BB3-4950-9CF8-46D274FD8663}.Debug|x86.ActiveCfg = Debug|Any CPU
		{255C9CE3-0BB3-4950-9CF8-46D274FD8663}.Debug|x86.Build.0 = Debug|Any CPU
		{255C9CE3-0BB3-4950-9CF8-46D274FD8663}.Release|Any CPU.ActiveCfg = Release|Any CPU
		{255C9CE3-0BB3-4950-9CF8-46D274FD8663}.Release|Any CPU.Build.0 = Release|Any CPU
		{255C9CE3-0BB3-4950-9CF8-46D274FD8663}.Release|x86.ActiveCfg = Release|Any CPU
		{255C9CE3-0BB3-4950-9CF8-46D274FD8663}.Release|x86.Build.0 = Release|Any CPU
		{5A7994A1-179D-4F82-BC03-1CEE798F38FE}.Debug|Any CPU.ActiveCfg = Debug|Any CPU
		{5A7994A1-179D-4F82-BC03-1CEE798F38FE}.Debug|Any CPU.Build.0 = Debug|Any CPU
		{5A7994A1-179D-4F82-BC03-1CEE798F38FE}.Debug|x86.ActiveCfg = Debug|Any CPU
		{5A7994A1-179D-4F82-BC03-1CEE798F38FE}.Debug|x86.Build.0 = Debug|Any CPU
		{5A7994A1-179D-4F82-BC03-1CEE798F38FE}.Release|Any CPU.ActiveCfg = Release|Any CPU
		{5A7994A1-179D-4F82-BC03-1CEE798F38FE}.Release|Any CPU.Build.0 = Release|Any CPU
		{5A7994A1-179D-4F82-BC03-1CEE798F38FE}.Release|x86.ActiveCfg = Release|Any CPU
		{5A7994A1-179D-4F82-BC03-1CEE798F38FE}.Release|x86.Build.0 = Release|Any CPU
		{BB3601AF-9BF5-4EE4-9D02-CD79FD894DE5}.Debug|Any CPU.ActiveCfg = Debug|Any CPU
		{BB3601AF-9BF5-4EE4-9D02-CD79FD894DE5}.Debug|Any CPU.Build.0 = Debug|Any CPU
		{BB3601AF-9BF5-4EE4-9D02-CD79FD894DE5}.Debug|x86.ActiveCfg = Debug|Any CPU
		{BB3601AF-9BF5-4EE4-9D02-CD79FD894DE5}.Debug|x86.Build.0 = Debug|Any CPU
		{BB3601AF-9BF5-4EE4-9D02-CD79FD894DE5}.Release|Any CPU.ActiveCfg = Release|Any CPU
		{BB3601AF-9BF5-4EE4-9D02-CD79FD894DE5}.Release|Any CPU.Build.0 = Release|Any CPU
		{BB3601AF-9BF5-4EE4-9D02-CD79FD894DE5}.Release|x86.ActiveCfg = Release|Any CPU
		{BB3601AF-9BF5-4EE4-9D02-CD79FD894DE5}.Release|x86.Build.0 = Release|Any CPU
		{BD9F3829-CF89-4917-A451-D3887A43CB6B}.Debug|Any CPU.ActiveCfg = Debug|Any CPU
		{BD9F3829-CF89-4917-A451-D3887A43CB6B}.Debug|Any CPU.Build.0 = Debug|Any CPU
		{BD9F3829-CF89-4917-A451-D3887A43CB6B}.Debug|x86.ActiveCfg = Debug|Any CPU
		{BD9F3829-CF89-4917-A451-D3887A43CB6B}.Debug|x86.Build.0 = Debug|Any CPU
		{BD9F3829-CF89-4917-A451-D3887A43CB6B}.Release|Any CPU.ActiveCfg = Release|Any CPU
		{BD9F3829-CF89-4917-A451-D3887A43CB6B}.Release|Any CPU.Build.0 = Release|Any CPU
		{BD9F3829-CF89-4917-A451-D3887A43CB6B}.Release|x86.ActiveCfg = Release|Any CPU
		{BD9F3829-CF89-4917-A451-D3887A43CB6B}.Release|x86.Build.0 = Release|Any CPU
		{F304BA60-396C-4FCB-8F00-1BBFBBEA0325}.Debug|Any CPU.ActiveCfg = Debug|Any CPU
		{F304BA60-396C-4FCB-8F00-1BBFBBEA0325}.Debug|Any CPU.Build.0 = Debug|Any CPU
		{F304BA60-396C-4FCB-8F00-1BBFBBEA0325}.Debug|x86.ActiveCfg = Debug|Any CPU
		{F304BA60-396C-4FCB-8F00-1BBFBBEA0325}.Debug|x86.Build.0 = Debug|Any CPU
		{F304BA60-396C-4FCB-8F00-1BBFBBEA0325}.Release|Any CPU.ActiveCfg = Release|Any CPU
		{F304BA60-396C-4FCB-8F00-1BBFBBEA0325}.Release|Any CPU.Build.0 = Release|Any CPU
		{F304BA60-396C-4FCB-8F00-1BBFBBEA0325}.Release|x86.ActiveCfg = Release|Any CPU
		{F304BA60-396C-4FCB-8F00-1BBFBBEA0325}.Release|x86.Build.0 = Release|Any CPU
		{A8442E4D-4628-4C71-9C90-DB6F611B7051}.Debug|Any CPU.ActiveCfg = Debug|Any CPU
		{A8442E4D-4628-4C71-9C90-DB6F611B7051}.Debug|Any CPU.Build.0 = Debug|Any CPU
		{A8442E4D-4628-4C71-9C90-DB6F611B7051}.Debug|x86.ActiveCfg = Debug|Any CPU
		{A8442E4D-4628-4C71-9C90-DB6F611B7051}.Debug|x86.Build.0 = Debug|Any CPU
		{A8442E4D-4628-4C71-9C90-DB6F611B7051}.Release|Any CPU.ActiveCfg = Release|Any CPU
		{A8442E4D-4628-4C71-9C90-DB6F611B7051}.Release|Any CPU.Build.0 = Release|Any CPU
		{A8442E4D-4628-4C71-9C90-DB6F611B7051}.Release|x86.ActiveCfg = Release|Any CPU
		{A8442E4D-4628-4C71-9C90-DB6F611B7051}.Release|x86.Build.0 = Release|Any CPU
		{6572A7B3-B97D-4820-A184-5290CF85B2FE}.Debug|Any CPU.ActiveCfg = Debug|Any CPU
		{6572A7B3-B97D-4820-A184-5290CF85B2FE}.Debug|Any CPU.Build.0 = Debug|Any CPU
		{6572A7B3-B97D-4820-A184-5290CF85B2FE}.Debug|x86.ActiveCfg = Debug|Any CPU
		{6572A7B3-B97D-4820-A184-5290CF85B2FE}.Debug|x86.Build.0 = Debug|Any CPU
		{6572A7B3-B97D-4820-A184-5290CF85B2FE}.Release|Any CPU.ActiveCfg = Release|Any CPU
		{6572A7B3-B97D-4820-A184-5290CF85B2FE}.Release|Any CPU.Build.0 = Release|Any CPU
		{6572A7B3-B97D-4820-A184-5290CF85B2FE}.Release|x86.ActiveCfg = Release|Any CPU
		{6572A7B3-B97D-4820-A184-5290CF85B2FE}.Release|x86.Build.0 = Release|Any CPU
		{8643BC99-2B5A-4439-9CE7-F476C1903556}.Debug|Any CPU.ActiveCfg = Debug|Any CPU
		{8643BC99-2B5A-4439-9CE7-F476C1903556}.Debug|Any CPU.Build.0 = Debug|Any CPU
		{8643BC99-2B5A-4439-9CE7-F476C1903556}.Debug|x86.ActiveCfg = Debug|Any CPU
		{8643BC99-2B5A-4439-9CE7-F476C1903556}.Debug|x86.Build.0 = Debug|Any CPU
		{8643BC99-2B5A-4439-9CE7-F476C1903556}.Release|Any CPU.ActiveCfg = Release|Any CPU
		{8643BC99-2B5A-4439-9CE7-F476C1903556}.Release|Any CPU.Build.0 = Release|Any CPU
		{8643BC99-2B5A-4439-9CE7-F476C1903556}.Release|x86.ActiveCfg = Release|Any CPU
		{8643BC99-2B5A-4439-9CE7-F476C1903556}.Release|x86.Build.0 = Release|Any CPU
		{7868FEE3-227E-4937-AEF5-46AED066889A}.Debug|Any CPU.ActiveCfg = Debug|Any CPU
		{7868FEE3-227E-4937-AEF5-46AED066889A}.Debug|Any CPU.Build.0 = Debug|Any CPU
		{7868FEE3-227E-4937-AEF5-46AED066889A}.Debug|x86.ActiveCfg = Debug|Any CPU
		{7868FEE3-227E-4937-AEF5-46AED066889A}.Debug|x86.Build.0 = Debug|Any CPU
		{7868FEE3-227E-4937-AEF5-46AED066889A}.Release|Any CPU.ActiveCfg = Release|Any CPU
		{7868FEE3-227E-4937-AEF5-46AED066889A}.Release|Any CPU.Build.0 = Release|Any CPU
		{7868FEE3-227E-4937-AEF5-46AED066889A}.Release|x86.ActiveCfg = Release|Any CPU
		{7868FEE3-227E-4937-AEF5-46AED066889A}.Release|x86.Build.0 = Release|Any CPU
		{4EE57DFD-8439-4590-AB48-622DA8B4A942}.Debug|Any CPU.ActiveCfg = Debug|Any CPU
		{4EE57DFD-8439-4590-AB48-622DA8B4A942}.Debug|Any CPU.Build.0 = Debug|Any CPU
		{4EE57DFD-8439-4590-AB48-622DA8B4A942}.Debug|x86.ActiveCfg = Debug|Any CPU
		{4EE57DFD-8439-4590-AB48-622DA8B4A942}.Debug|x86.Build.0 = Debug|Any CPU
		{4EE57DFD-8439-4590-AB48-622DA8B4A942}.Release|Any CPU.ActiveCfg = Release|Any CPU
		{4EE57DFD-8439-4590-AB48-622DA8B4A942}.Release|Any CPU.Build.0 = Release|Any CPU
		{4EE57DFD-8439-4590-AB48-622DA8B4A942}.Release|x86.ActiveCfg = Release|Any CPU
		{4EE57DFD-8439-4590-AB48-622DA8B4A942}.Release|x86.Build.0 = Release|Any CPU
		{A82A3D57-9F2C-4F80-9420-E923A19E8587}.Debug|Any CPU.ActiveCfg = Debug|Any CPU
		{A82A3D57-9F2C-4F80-9420-E923A19E8587}.Debug|Any CPU.Build.0 = Debug|Any CPU
		{A82A3D57-9F2C-4F80-9420-E923A19E8587}.Debug|x86.ActiveCfg = Debug|Any CPU
		{A82A3D57-9F2C-4F80-9420-E923A19E8587}.Debug|x86.Build.0 = Debug|Any CPU
		{A82A3D57-9F2C-4F80-9420-E923A19E8587}.Release|Any CPU.ActiveCfg = Release|Any CPU
		{A82A3D57-9F2C-4F80-9420-E923A19E8587}.Release|Any CPU.Build.0 = Release|Any CPU
		{A82A3D57-9F2C-4F80-9420-E923A19E8587}.Release|x86.ActiveCfg = Release|Any CPU
		{A82A3D57-9F2C-4F80-9420-E923A19E8587}.Release|x86.Build.0 = Release|Any CPU
		{6E3AF52A-BEC6-46C7-8E81-600E941BF5D7}.Debug|Any CPU.ActiveCfg = Debug|Any CPU
		{6E3AF52A-BEC6-46C7-8E81-600E941BF5D7}.Debug|Any CPU.Build.0 = Debug|Any CPU
		{6E3AF52A-BEC6-46C7-8E81-600E941BF5D7}.Debug|x86.ActiveCfg = Debug|Any CPU
		{6E3AF52A-BEC6-46C7-8E81-600E941BF5D7}.Debug|x86.Build.0 = Debug|Any CPU
		{6E3AF52A-BEC6-46C7-8E81-600E941BF5D7}.Release|Any CPU.ActiveCfg = Release|Any CPU
		{6E3AF52A-BEC6-46C7-8E81-600E941BF5D7}.Release|Any CPU.Build.0 = Release|Any CPU
		{6E3AF52A-BEC6-46C7-8E81-600E941BF5D7}.Release|x86.ActiveCfg = Release|Any CPU
		{6E3AF52A-BEC6-46C7-8E81-600E941BF5D7}.Release|x86.Build.0 = Release|Any CPU
		{5E44E247-68E1-407C-BE87-1261D2E27162}.Debug|Any CPU.ActiveCfg = Debug|Any CPU
		{5E44E247-68E1-407C-BE87-1261D2E27162}.Debug|Any CPU.Build.0 = Debug|Any CPU
		{5E44E247-68E1-407C-BE87-1261D2E27162}.Debug|x86.ActiveCfg = Debug|Any CPU
		{5E44E247-68E1-407C-BE87-1261D2E27162}.Debug|x86.Build.0 = Debug|Any CPU
		{5E44E247-68E1-407C-BE87-1261D2E27162}.Release|Any CPU.ActiveCfg = Release|Any CPU
		{5E44E247-68E1-407C-BE87-1261D2E27162}.Release|Any CPU.Build.0 = Release|Any CPU
		{5E44E247-68E1-407C-BE87-1261D2E27162}.Release|x86.ActiveCfg = Release|Any CPU
		{5E44E247-68E1-407C-BE87-1261D2E27162}.Release|x86.Build.0 = Release|Any CPU
		{13FA6019-45BC-4AA3-8C6E-616D4AEC5053}.Debug|Any CPU.ActiveCfg = Debug|Any CPU
		{13FA6019-45BC-4AA3-8C6E-616D4AEC5053}.Debug|Any CPU.Build.0 = Debug|Any CPU
		{13FA6019-45BC-4AA3-8C6E-616D4AEC5053}.Debug|x86.ActiveCfg = Debug|Any CPU
		{13FA6019-45BC-4AA3-8C6E-616D4AEC5053}.Debug|x86.Build.0 = Debug|Any CPU
		{13FA6019-45BC-4AA3-8C6E-616D4AEC5053}.Release|Any CPU.ActiveCfg = Release|Any CPU
		{13FA6019-45BC-4AA3-8C6E-616D4AEC5053}.Release|Any CPU.Build.0 = Release|Any CPU
		{13FA6019-45BC-4AA3-8C6E-616D4AEC5053}.Release|x86.ActiveCfg = Release|Any CPU
		{13FA6019-45BC-4AA3-8C6E-616D4AEC5053}.Release|x86.Build.0 = Release|Any CPU
		{EDFB175F-5EBE-412F-BFB6-5A8A50B2C300}.Debug|Any CPU.ActiveCfg = Debug|Any CPU
		{EDFB175F-5EBE-412F-BFB6-5A8A50B2C300}.Debug|Any CPU.Build.0 = Debug|Any CPU
		{EDFB175F-5EBE-412F-BFB6-5A8A50B2C300}.Debug|x86.ActiveCfg = Debug|Any CPU
		{EDFB175F-5EBE-412F-BFB6-5A8A50B2C300}.Debug|x86.Build.0 = Debug|Any CPU
		{EDFB175F-5EBE-412F-BFB6-5A8A50B2C300}.Release|Any CPU.ActiveCfg = Release|Any CPU
		{EDFB175F-5EBE-412F-BFB6-5A8A50B2C300}.Release|Any CPU.Build.0 = Release|Any CPU
		{EDFB175F-5EBE-412F-BFB6-5A8A50B2C300}.Release|x86.ActiveCfg = Release|Any CPU
		{EDFB175F-5EBE-412F-BFB6-5A8A50B2C300}.Release|x86.Build.0 = Release|Any CPU
		{DB52D8EA-2AED-4BFD-9025-3D669D4BBA95}.Debug|Any CPU.ActiveCfg = Debug|Any CPU
		{DB52D8EA-2AED-4BFD-9025-3D669D4BBA95}.Debug|Any CPU.Build.0 = Debug|Any CPU
		{DB52D8EA-2AED-4BFD-9025-3D669D4BBA95}.Debug|x86.ActiveCfg = Debug|Any CPU
		{DB52D8EA-2AED-4BFD-9025-3D669D4BBA95}.Debug|x86.Build.0 = Debug|Any CPU
		{DB52D8EA-2AED-4BFD-9025-3D669D4BBA95}.Release|Any CPU.ActiveCfg = Release|Any CPU
		{DB52D8EA-2AED-4BFD-9025-3D669D4BBA95}.Release|Any CPU.Build.0 = Release|Any CPU
		{DB52D8EA-2AED-4BFD-9025-3D669D4BBA95}.Release|x86.ActiveCfg = Release|Any CPU
		{DB52D8EA-2AED-4BFD-9025-3D669D4BBA95}.Release|x86.Build.0 = Release|Any CPU
		{81DC4198-CA72-454E-95E2-83176BA1E0B2}.Debug|Any CPU.ActiveCfg = Debug|Any CPU
		{81DC4198-CA72-454E-95E2-83176BA1E0B2}.Debug|Any CPU.Build.0 = Debug|Any CPU
		{81DC4198-CA72-454E-95E2-83176BA1E0B2}.Debug|x86.ActiveCfg = Debug|Any CPU
		{81DC4198-CA72-454E-95E2-83176BA1E0B2}.Debug|x86.Build.0 = Debug|Any CPU
		{81DC4198-CA72-454E-95E2-83176BA1E0B2}.Release|Any CPU.ActiveCfg = Release|Any CPU
		{81DC4198-CA72-454E-95E2-83176BA1E0B2}.Release|Any CPU.Build.0 = Release|Any CPU
		{81DC4198-CA72-454E-95E2-83176BA1E0B2}.Release|x86.ActiveCfg = Release|Any CPU
		{81DC4198-CA72-454E-95E2-83176BA1E0B2}.Release|x86.Build.0 = Release|Any CPU
		{94F3296D-47BC-4295-84D1-FA7B8C0C9EC7}.Debug|Any CPU.ActiveCfg = Debug|Any CPU
		{94F3296D-47BC-4295-84D1-FA7B8C0C9EC7}.Debug|Any CPU.Build.0 = Debug|Any CPU
		{94F3296D-47BC-4295-84D1-FA7B8C0C9EC7}.Debug|x86.ActiveCfg = Debug|Any CPU
		{94F3296D-47BC-4295-84D1-FA7B8C0C9EC7}.Debug|x86.Build.0 = Debug|Any CPU
		{94F3296D-47BC-4295-84D1-FA7B8C0C9EC7}.Release|Any CPU.ActiveCfg = Release|Any CPU
		{94F3296D-47BC-4295-84D1-FA7B8C0C9EC7}.Release|Any CPU.Build.0 = Release|Any CPU
		{94F3296D-47BC-4295-84D1-FA7B8C0C9EC7}.Release|x86.ActiveCfg = Release|Any CPU
		{94F3296D-47BC-4295-84D1-FA7B8C0C9EC7}.Release|x86.Build.0 = Release|Any CPU
		{DA0F123F-C8DE-4701-AD4C-460C54D61C24}.Debug|Any CPU.ActiveCfg = Debug|Any CPU
		{DA0F123F-C8DE-4701-AD4C-460C54D61C24}.Debug|Any CPU.Build.0 = Debug|Any CPU
		{DA0F123F-C8DE-4701-AD4C-460C54D61C24}.Debug|x86.ActiveCfg = Debug|Any CPU
		{DA0F123F-C8DE-4701-AD4C-460C54D61C24}.Debug|x86.Build.0 = Debug|Any CPU
		{DA0F123F-C8DE-4701-AD4C-460C54D61C24}.Release|Any CPU.ActiveCfg = Release|Any CPU
		{DA0F123F-C8DE-4701-AD4C-460C54D61C24}.Release|Any CPU.Build.0 = Release|Any CPU
		{DA0F123F-C8DE-4701-AD4C-460C54D61C24}.Release|x86.ActiveCfg = Release|Any CPU
		{DA0F123F-C8DE-4701-AD4C-460C54D61C24}.Release|x86.Build.0 = Release|Any CPU
		{E9854C16-9FDE-4CB1-80FA-CE74CDFEF990}.Debug|Any CPU.ActiveCfg = Debug|Any CPU
		{E9854C16-9FDE-4CB1-80FA-CE74CDFEF990}.Debug|Any CPU.Build.0 = Debug|Any CPU
		{E9854C16-9FDE-4CB1-80FA-CE74CDFEF990}.Debug|x86.ActiveCfg = Debug|Any CPU
		{E9854C16-9FDE-4CB1-80FA-CE74CDFEF990}.Debug|x86.Build.0 = Debug|Any CPU
		{E9854C16-9FDE-4CB1-80FA-CE74CDFEF990}.Release|Any CPU.ActiveCfg = Release|Any CPU
		{E9854C16-9FDE-4CB1-80FA-CE74CDFEF990}.Release|Any CPU.Build.0 = Release|Any CPU
		{E9854C16-9FDE-4CB1-80FA-CE74CDFEF990}.Release|x86.ActiveCfg = Release|Any CPU
		{E9854C16-9FDE-4CB1-80FA-CE74CDFEF990}.Release|x86.Build.0 = Release|Any CPU
		{D955DB74-35C2-4F47-9515-252730228BB4}.Debug|Any CPU.ActiveCfg = Debug|Any CPU
		{D955DB74-35C2-4F47-9515-252730228BB4}.Debug|Any CPU.Build.0 = Debug|Any CPU
		{D955DB74-35C2-4F47-9515-252730228BB4}.Debug|x86.ActiveCfg = Debug|Any CPU
		{D955DB74-35C2-4F47-9515-252730228BB4}.Debug|x86.Build.0 = Debug|Any CPU
		{D955DB74-35C2-4F47-9515-252730228BB4}.Release|Any CPU.ActiveCfg = Release|Any CPU
		{D955DB74-35C2-4F47-9515-252730228BB4}.Release|Any CPU.Build.0 = Release|Any CPU
		{D955DB74-35C2-4F47-9515-252730228BB4}.Release|x86.ActiveCfg = Release|Any CPU
		{D955DB74-35C2-4F47-9515-252730228BB4}.Release|x86.Build.0 = Release|Any CPU
		{A09EB8BA-2AFD-4CD3-853D-D668CD599550}.Debug|Any CPU.ActiveCfg = Debug|Any CPU
		{A09EB8BA-2AFD-4CD3-853D-D668CD599550}.Debug|Any CPU.Build.0 = Debug|Any CPU
		{A09EB8BA-2AFD-4CD3-853D-D668CD599550}.Debug|x86.ActiveCfg = Debug|Any CPU
		{A09EB8BA-2AFD-4CD3-853D-D668CD599550}.Debug|x86.Build.0 = Debug|Any CPU
		{A09EB8BA-2AFD-4CD3-853D-D668CD599550}.Release|Any CPU.ActiveCfg = Release|Any CPU
		{A09EB8BA-2AFD-4CD3-853D-D668CD599550}.Release|Any CPU.Build.0 = Release|Any CPU
		{A09EB8BA-2AFD-4CD3-853D-D668CD599550}.Release|x86.ActiveCfg = Release|Any CPU
		{A09EB8BA-2AFD-4CD3-853D-D668CD599550}.Release|x86.Build.0 = Release|Any CPU
		{201BB45C-0711-4441-9209-B37E1AF21193}.Debug|Any CPU.ActiveCfg = Debug|Any CPU
		{201BB45C-0711-4441-9209-B37E1AF21193}.Debug|Any CPU.Build.0 = Debug|Any CPU
		{201BB45C-0711-4441-9209-B37E1AF21193}.Debug|x86.ActiveCfg = Debug|Any CPU
		{201BB45C-0711-4441-9209-B37E1AF21193}.Debug|x86.Build.0 = Debug|Any CPU
		{201BB45C-0711-4441-9209-B37E1AF21193}.Release|Any CPU.ActiveCfg = Release|Any CPU
		{201BB45C-0711-4441-9209-B37E1AF21193}.Release|Any CPU.Build.0 = Release|Any CPU
		{201BB45C-0711-4441-9209-B37E1AF21193}.Release|x86.ActiveCfg = Release|Any CPU
		{201BB45C-0711-4441-9209-B37E1AF21193}.Release|x86.Build.0 = Release|Any CPU
		{601EECE8-5FDD-4619-B30E-CCD8E86CFB45}.Debug|Any CPU.ActiveCfg = Debug|Any CPU
		{601EECE8-5FDD-4619-B30E-CCD8E86CFB45}.Debug|Any CPU.Build.0 = Debug|Any CPU
		{601EECE8-5FDD-4619-B30E-CCD8E86CFB45}.Debug|x86.ActiveCfg = Debug|Any CPU
		{601EECE8-5FDD-4619-B30E-CCD8E86CFB45}.Debug|x86.Build.0 = Debug|Any CPU
		{601EECE8-5FDD-4619-B30E-CCD8E86CFB45}.Release|Any CPU.ActiveCfg = Release|Any CPU
		{601EECE8-5FDD-4619-B30E-CCD8E86CFB45}.Release|Any CPU.Build.0 = Release|Any CPU
		{601EECE8-5FDD-4619-B30E-CCD8E86CFB45}.Release|x86.ActiveCfg = Release|Any CPU
		{601EECE8-5FDD-4619-B30E-CCD8E86CFB45}.Release|x86.Build.0 = Release|Any CPU
		{E193859A-084D-42A2-BCDF-40D09EFD64A3}.Debug|Any CPU.ActiveCfg = Debug|Any CPU
		{E193859A-084D-42A2-BCDF-40D09EFD64A3}.Debug|Any CPU.Build.0 = Debug|Any CPU
		{E193859A-084D-42A2-BCDF-40D09EFD64A3}.Debug|x86.ActiveCfg = Debug|Any CPU
		{E193859A-084D-42A2-BCDF-40D09EFD64A3}.Debug|x86.Build.0 = Debug|Any CPU
		{E193859A-084D-42A2-BCDF-40D09EFD64A3}.Release|Any CPU.ActiveCfg = Release|Any CPU
		{E193859A-084D-42A2-BCDF-40D09EFD64A3}.Release|Any CPU.Build.0 = Release|Any CPU
		{E193859A-084D-42A2-BCDF-40D09EFD64A3}.Release|x86.ActiveCfg = Release|Any CPU
		{E193859A-084D-42A2-BCDF-40D09EFD64A3}.Release|x86.Build.0 = Release|Any CPU
		{BF5B69E9-A875-4B6A-A4CC-ED4EC4112F90}.Debug|Any CPU.ActiveCfg = Debug|Any CPU
		{BF5B69E9-A875-4B6A-A4CC-ED4EC4112F90}.Debug|Any CPU.Build.0 = Debug|Any CPU
		{BF5B69E9-A875-4B6A-A4CC-ED4EC4112F90}.Debug|x86.ActiveCfg = Debug|Any CPU
		{BF5B69E9-A875-4B6A-A4CC-ED4EC4112F90}.Debug|x86.Build.0 = Debug|Any CPU
		{BF5B69E9-A875-4B6A-A4CC-ED4EC4112F90}.Release|Any CPU.ActiveCfg = Release|Any CPU
		{BF5B69E9-A875-4B6A-A4CC-ED4EC4112F90}.Release|Any CPU.Build.0 = Release|Any CPU
		{BF5B69E9-A875-4B6A-A4CC-ED4EC4112F90}.Release|x86.ActiveCfg = Release|Any CPU
		{BF5B69E9-A875-4B6A-A4CC-ED4EC4112F90}.Release|x86.Build.0 = Release|Any CPU
		{B4C63C45-195B-4324-AC3D-3F75DD8C2D42}.Debug|Any CPU.ActiveCfg = Debug|Any CPU
		{B4C63C45-195B-4324-AC3D-3F75DD8C2D42}.Debug|Any CPU.Build.0 = Debug|Any CPU
		{B4C63C45-195B-4324-AC3D-3F75DD8C2D42}.Debug|x86.ActiveCfg = Debug|Any CPU
		{B4C63C45-195B-4324-AC3D-3F75DD8C2D42}.Debug|x86.Build.0 = Debug|Any CPU
		{B4C63C45-195B-4324-AC3D-3F75DD8C2D42}.Release|Any CPU.ActiveCfg = Release|Any CPU
		{B4C63C45-195B-4324-AC3D-3F75DD8C2D42}.Release|Any CPU.Build.0 = Release|Any CPU
		{B4C63C45-195B-4324-AC3D-3F75DD8C2D42}.Release|x86.ActiveCfg = Release|Any CPU
		{B4C63C45-195B-4324-AC3D-3F75DD8C2D42}.Release|x86.Build.0 = Release|Any CPU
		{A6C7C89F-9B0E-4676-AFE4-9A673D3E4170}.Debug|Any CPU.ActiveCfg = Debug|Any CPU
		{A6C7C89F-9B0E-4676-AFE4-9A673D3E4170}.Debug|Any CPU.Build.0 = Debug|Any CPU
		{A6C7C89F-9B0E-4676-AFE4-9A673D3E4170}.Debug|x86.ActiveCfg = Debug|Any CPU
		{A6C7C89F-9B0E-4676-AFE4-9A673D3E4170}.Debug|x86.Build.0 = Debug|Any CPU
		{A6C7C89F-9B0E-4676-AFE4-9A673D3E4170}.Release|Any CPU.ActiveCfg = Release|Any CPU
		{A6C7C89F-9B0E-4676-AFE4-9A673D3E4170}.Release|Any CPU.Build.0 = Release|Any CPU
		{A6C7C89F-9B0E-4676-AFE4-9A673D3E4170}.Release|x86.ActiveCfg = Release|Any CPU
		{A6C7C89F-9B0E-4676-AFE4-9A673D3E4170}.Release|x86.Build.0 = Release|Any CPU
		{4DFE6972-D4FC-4429-9193-2971CF3F6DB1}.Debug|Any CPU.ActiveCfg = Debug|Any CPU
		{4DFE6972-D4FC-4429-9193-2971CF3F6DB1}.Debug|Any CPU.Build.0 = Debug|Any CPU
		{4DFE6972-D4FC-4429-9193-2971CF3F6DB1}.Debug|x86.ActiveCfg = Debug|Any CPU
		{4DFE6972-D4FC-4429-9193-2971CF3F6DB1}.Debug|x86.Build.0 = Debug|Any CPU
		{4DFE6972-D4FC-4429-9193-2971CF3F6DB1}.Release|Any CPU.ActiveCfg = Release|Any CPU
		{4DFE6972-D4FC-4429-9193-2971CF3F6DB1}.Release|Any CPU.Build.0 = Release|Any CPU
		{4DFE6972-D4FC-4429-9193-2971CF3F6DB1}.Release|x86.ActiveCfg = Release|Any CPU
		{4DFE6972-D4FC-4429-9193-2971CF3F6DB1}.Release|x86.Build.0 = Release|Any CPU
		{1D0DE9C5-2008-4384-929D-4BB4EFBD9161}.Debug|Any CPU.ActiveCfg = Debug|Any CPU
		{1D0DE9C5-2008-4384-929D-4BB4EFBD9161}.Debug|Any CPU.Build.0 = Debug|Any CPU
		{1D0DE9C5-2008-4384-929D-4BB4EFBD9161}.Debug|x86.ActiveCfg = Debug|Any CPU
		{1D0DE9C5-2008-4384-929D-4BB4EFBD9161}.Debug|x86.Build.0 = Debug|Any CPU
		{1D0DE9C5-2008-4384-929D-4BB4EFBD9161}.Release|Any CPU.ActiveCfg = Release|Any CPU
		{1D0DE9C5-2008-4384-929D-4BB4EFBD9161}.Release|Any CPU.Build.0 = Release|Any CPU
		{1D0DE9C5-2008-4384-929D-4BB4EFBD9161}.Release|x86.ActiveCfg = Release|Any CPU
		{1D0DE9C5-2008-4384-929D-4BB4EFBD9161}.Release|x86.Build.0 = Release|Any CPU
		{E00B9E4D-0F41-46E0-899B-4ED6693987EA}.Debug|Any CPU.ActiveCfg = Debug|Any CPU
		{E00B9E4D-0F41-46E0-899B-4ED6693987EA}.Debug|Any CPU.Build.0 = Debug|Any CPU
		{E00B9E4D-0F41-46E0-899B-4ED6693987EA}.Debug|x86.ActiveCfg = Debug|Any CPU
		{E00B9E4D-0F41-46E0-899B-4ED6693987EA}.Debug|x86.Build.0 = Debug|Any CPU
		{E00B9E4D-0F41-46E0-899B-4ED6693987EA}.Release|Any CPU.ActiveCfg = Release|Any CPU
		{E00B9E4D-0F41-46E0-899B-4ED6693987EA}.Release|Any CPU.Build.0 = Release|Any CPU
		{E00B9E4D-0F41-46E0-899B-4ED6693987EA}.Release|x86.ActiveCfg = Release|Any CPU
		{E00B9E4D-0F41-46E0-899B-4ED6693987EA}.Release|x86.Build.0 = Release|Any CPU
		{54FBD2F9-5800-465D-9179-048849766341}.Debug|Any CPU.ActiveCfg = Debug|Any CPU
		{54FBD2F9-5800-465D-9179-048849766341}.Debug|Any CPU.Build.0 = Debug|Any CPU
		{54FBD2F9-5800-465D-9179-048849766341}.Debug|x86.ActiveCfg = Debug|Any CPU
		{54FBD2F9-5800-465D-9179-048849766341}.Debug|x86.Build.0 = Debug|Any CPU
		{54FBD2F9-5800-465D-9179-048849766341}.Release|Any CPU.ActiveCfg = Release|Any CPU
		{54FBD2F9-5800-465D-9179-048849766341}.Release|Any CPU.Build.0 = Release|Any CPU
		{54FBD2F9-5800-465D-9179-048849766341}.Release|x86.ActiveCfg = Release|Any CPU
		{54FBD2F9-5800-465D-9179-048849766341}.Release|x86.Build.0 = Release|Any CPU
		{8B5FD768-B8E1-43AB-B37A-C0570AA2F920}.Debug|Any CPU.ActiveCfg = Debug|Any CPU
		{8B5FD768-B8E1-43AB-B37A-C0570AA2F920}.Debug|Any CPU.Build.0 = Debug|Any CPU
		{8B5FD768-B8E1-43AB-B37A-C0570AA2F920}.Debug|x86.ActiveCfg = Debug|Any CPU
		{8B5FD768-B8E1-43AB-B37A-C0570AA2F920}.Debug|x86.Build.0 = Debug|Any CPU
		{8B5FD768-B8E1-43AB-B37A-C0570AA2F920}.Release|Any CPU.ActiveCfg = Release|Any CPU
		{8B5FD768-B8E1-43AB-B37A-C0570AA2F920}.Release|Any CPU.Build.0 = Release|Any CPU
		{8B5FD768-B8E1-43AB-B37A-C0570AA2F920}.Release|x86.ActiveCfg = Release|Any CPU
		{8B5FD768-B8E1-43AB-B37A-C0570AA2F920}.Release|x86.Build.0 = Release|Any CPU
		{7D2E8813-BEE4-47F8-8552-A8255D5E4082}.Debug|Any CPU.ActiveCfg = Debug|Any CPU
		{7D2E8813-BEE4-47F8-8552-A8255D5E4082}.Debug|Any CPU.Build.0 = Debug|Any CPU
		{7D2E8813-BEE4-47F8-8552-A8255D5E4082}.Debug|x86.ActiveCfg = Debug|Any CPU
		{7D2E8813-BEE4-47F8-8552-A8255D5E4082}.Debug|x86.Build.0 = Debug|Any CPU
		{7D2E8813-BEE4-47F8-8552-A8255D5E4082}.Release|Any CPU.ActiveCfg = Release|Any CPU
		{7D2E8813-BEE4-47F8-8552-A8255D5E4082}.Release|Any CPU.Build.0 = Release|Any CPU
		{7D2E8813-BEE4-47F8-8552-A8255D5E4082}.Release|x86.ActiveCfg = Release|Any CPU
		{7D2E8813-BEE4-47F8-8552-A8255D5E4082}.Release|x86.Build.0 = Release|Any CPU
		{A8610DDB-AB7B-421C-BF91-C527D014B435}.Debug|Any CPU.ActiveCfg = Debug|Any CPU
		{A8610DDB-AB7B-421C-BF91-C527D014B435}.Debug|Any CPU.Build.0 = Debug|Any CPU
		{A8610DDB-AB7B-421C-BF91-C527D014B435}.Debug|x86.ActiveCfg = Debug|Any CPU
		{A8610DDB-AB7B-421C-BF91-C527D014B435}.Debug|x86.Build.0 = Debug|Any CPU
		{A8610DDB-AB7B-421C-BF91-C527D014B435}.Release|Any CPU.ActiveCfg = Release|Any CPU
		{A8610DDB-AB7B-421C-BF91-C527D014B435}.Release|Any CPU.Build.0 = Release|Any CPU
		{A8610DDB-AB7B-421C-BF91-C527D014B435}.Release|x86.ActiveCfg = Release|Any CPU
		{A8610DDB-AB7B-421C-BF91-C527D014B435}.Release|x86.Build.0 = Release|Any CPU
		{FE6E9A0A-DA26-4BA5-B64D-325A96AA55E1}.Debug|Any CPU.ActiveCfg = Debug|Any CPU
		{FE6E9A0A-DA26-4BA5-B64D-325A96AA55E1}.Debug|Any CPU.Build.0 = Debug|Any CPU
		{FE6E9A0A-DA26-4BA5-B64D-325A96AA55E1}.Debug|x86.ActiveCfg = Debug|Any CPU
		{FE6E9A0A-DA26-4BA5-B64D-325A96AA55E1}.Debug|x86.Build.0 = Debug|Any CPU
		{FE6E9A0A-DA26-4BA5-B64D-325A96AA55E1}.Release|Any CPU.ActiveCfg = Release|Any CPU
		{FE6E9A0A-DA26-4BA5-B64D-325A96AA55E1}.Release|Any CPU.Build.0 = Release|Any CPU
		{FE6E9A0A-DA26-4BA5-B64D-325A96AA55E1}.Release|x86.ActiveCfg = Release|Any CPU
		{FE6E9A0A-DA26-4BA5-B64D-325A96AA55E1}.Release|x86.Build.0 = Release|Any CPU
		{64963614-8034-43EA-8AF4-7427E5A4E4C9}.Debug|Any CPU.ActiveCfg = Debug|Any CPU
		{64963614-8034-43EA-8AF4-7427E5A4E4C9}.Debug|Any CPU.Build.0 = Debug|Any CPU
		{64963614-8034-43EA-8AF4-7427E5A4E4C9}.Debug|x86.ActiveCfg = Debug|Any CPU
		{64963614-8034-43EA-8AF4-7427E5A4E4C9}.Debug|x86.Build.0 = Debug|Any CPU
		{64963614-8034-43EA-8AF4-7427E5A4E4C9}.Release|Any CPU.ActiveCfg = Release|Any CPU
		{64963614-8034-43EA-8AF4-7427E5A4E4C9}.Release|Any CPU.Build.0 = Release|Any CPU
		{64963614-8034-43EA-8AF4-7427E5A4E4C9}.Release|x86.ActiveCfg = Release|Any CPU
		{64963614-8034-43EA-8AF4-7427E5A4E4C9}.Release|x86.Build.0 = Release|Any CPU
		{DFB2805C-F9BC-4A7F-AF72-7878AE389117}.Debug|Any CPU.ActiveCfg = Debug|Any CPU
		{DFB2805C-F9BC-4A7F-AF72-7878AE389117}.Debug|Any CPU.Build.0 = Debug|Any CPU
		{DFB2805C-F9BC-4A7F-AF72-7878AE389117}.Debug|x86.ActiveCfg = Debug|Any CPU
		{DFB2805C-F9BC-4A7F-AF72-7878AE389117}.Debug|x86.Build.0 = Debug|Any CPU
		{DFB2805C-F9BC-4A7F-AF72-7878AE389117}.Release|Any CPU.ActiveCfg = Release|Any CPU
		{DFB2805C-F9BC-4A7F-AF72-7878AE389117}.Release|Any CPU.Build.0 = Release|Any CPU
		{DFB2805C-F9BC-4A7F-AF72-7878AE389117}.Release|x86.ActiveCfg = Release|Any CPU
		{DFB2805C-F9BC-4A7F-AF72-7878AE389117}.Release|x86.Build.0 = Release|Any CPU
		{6C5B9531-89C0-4958-8D16-384B0B5DA195}.Debug|Any CPU.ActiveCfg = Debug|Any CPU
		{6C5B9531-89C0-4958-8D16-384B0B5DA195}.Debug|Any CPU.Build.0 = Debug|Any CPU
		{6C5B9531-89C0-4958-8D16-384B0B5DA195}.Debug|x86.ActiveCfg = Debug|Any CPU
		{6C5B9531-89C0-4958-8D16-384B0B5DA195}.Debug|x86.Build.0 = Debug|Any CPU
		{6C5B9531-89C0-4958-8D16-384B0B5DA195}.Release|Any CPU.ActiveCfg = Release|Any CPU
		{6C5B9531-89C0-4958-8D16-384B0B5DA195}.Release|Any CPU.Build.0 = Release|Any CPU
		{6C5B9531-89C0-4958-8D16-384B0B5DA195}.Release|x86.ActiveCfg = Release|Any CPU
		{6C5B9531-89C0-4958-8D16-384B0B5DA195}.Release|x86.Build.0 = Release|Any CPU
		{D3638B3E-1A29-41E5-AE01-C9928B07BD3B}.Debug|Any CPU.ActiveCfg = Debug|Any CPU
		{D3638B3E-1A29-41E5-AE01-C9928B07BD3B}.Debug|Any CPU.Build.0 = Debug|Any CPU
		{D3638B3E-1A29-41E5-AE01-C9928B07BD3B}.Debug|x86.ActiveCfg = Debug|Any CPU
		{D3638B3E-1A29-41E5-AE01-C9928B07BD3B}.Debug|x86.Build.0 = Debug|Any CPU
		{D3638B3E-1A29-41E5-AE01-C9928B07BD3B}.Release|Any CPU.ActiveCfg = Release|Any CPU
		{D3638B3E-1A29-41E5-AE01-C9928B07BD3B}.Release|Any CPU.Build.0 = Release|Any CPU
		{D3638B3E-1A29-41E5-AE01-C9928B07BD3B}.Release|x86.ActiveCfg = Release|Any CPU
		{D3638B3E-1A29-41E5-AE01-C9928B07BD3B}.Release|x86.Build.0 = Release|Any CPU
		{2EF91166-0F8F-4A55-BAA2-4AE19ADBE377}.Debug|Any CPU.ActiveCfg = Debug|Any CPU
		{2EF91166-0F8F-4A55-BAA2-4AE19ADBE377}.Debug|Any CPU.Build.0 = Debug|Any CPU
		{2EF91166-0F8F-4A55-BAA2-4AE19ADBE377}.Debug|x86.ActiveCfg = Debug|Any CPU
		{2EF91166-0F8F-4A55-BAA2-4AE19ADBE377}.Debug|x86.Build.0 = Debug|Any CPU
		{2EF91166-0F8F-4A55-BAA2-4AE19ADBE377}.Release|Any CPU.ActiveCfg = Release|Any CPU
		{2EF91166-0F8F-4A55-BAA2-4AE19ADBE377}.Release|Any CPU.Build.0 = Release|Any CPU
		{2EF91166-0F8F-4A55-BAA2-4AE19ADBE377}.Release|x86.ActiveCfg = Release|Any CPU
		{2EF91166-0F8F-4A55-BAA2-4AE19ADBE377}.Release|x86.Build.0 = Release|Any CPU
		{1A32279F-02EB-43CC-B3E8-EE68825786D1}.Debug|Any CPU.ActiveCfg = Debug|Any CPU
		{1A32279F-02EB-43CC-B3E8-EE68825786D1}.Debug|Any CPU.Build.0 = Debug|Any CPU
		{1A32279F-02EB-43CC-B3E8-EE68825786D1}.Debug|x86.ActiveCfg = Debug|Any CPU
		{1A32279F-02EB-43CC-B3E8-EE68825786D1}.Debug|x86.Build.0 = Debug|Any CPU
		{1A32279F-02EB-43CC-B3E8-EE68825786D1}.Release|Any CPU.ActiveCfg = Release|Any CPU
		{1A32279F-02EB-43CC-B3E8-EE68825786D1}.Release|Any CPU.Build.0 = Release|Any CPU
		{1A32279F-02EB-43CC-B3E8-EE68825786D1}.Release|x86.ActiveCfg = Release|Any CPU
		{1A32279F-02EB-43CC-B3E8-EE68825786D1}.Release|x86.Build.0 = Release|Any CPU
		{4B7B6686-F3BF-4062-B0B9-618A61C075DB}.Debug|Any CPU.ActiveCfg = Debug|Any CPU
		{4B7B6686-F3BF-4062-B0B9-618A61C075DB}.Debug|Any CPU.Build.0 = Debug|Any CPU
		{4B7B6686-F3BF-4062-B0B9-618A61C075DB}.Debug|x86.ActiveCfg = Debug|Any CPU
		{4B7B6686-F3BF-4062-B0B9-618A61C075DB}.Debug|x86.Build.0 = Debug|Any CPU
		{4B7B6686-F3BF-4062-B0B9-618A61C075DB}.Release|Any CPU.ActiveCfg = Release|Any CPU
		{4B7B6686-F3BF-4062-B0B9-618A61C075DB}.Release|Any CPU.Build.0 = Release|Any CPU
		{4B7B6686-F3BF-4062-B0B9-618A61C075DB}.Release|x86.ActiveCfg = Release|Any CPU
		{4B7B6686-F3BF-4062-B0B9-618A61C075DB}.Release|x86.Build.0 = Release|Any CPU
		{DEE9918B-192F-44F1-A706-ADFC36CC2DD4}.Debug|Any CPU.ActiveCfg = Debug|Any CPU
		{DEE9918B-192F-44F1-A706-ADFC36CC2DD4}.Debug|Any CPU.Build.0 = Debug|Any CPU
		{DEE9918B-192F-44F1-A706-ADFC36CC2DD4}.Debug|x86.ActiveCfg = Debug|Any CPU
		{DEE9918B-192F-44F1-A706-ADFC36CC2DD4}.Debug|x86.Build.0 = Debug|Any CPU
		{DEE9918B-192F-44F1-A706-ADFC36CC2DD4}.Release|Any CPU.ActiveCfg = Release|Any CPU
		{DEE9918B-192F-44F1-A706-ADFC36CC2DD4}.Release|Any CPU.Build.0 = Release|Any CPU
		{DEE9918B-192F-44F1-A706-ADFC36CC2DD4}.Release|x86.ActiveCfg = Release|Any CPU
		{DEE9918B-192F-44F1-A706-ADFC36CC2DD4}.Release|x86.Build.0 = Release|Any CPU
		{6CFC6752-75F1-4D8F-86D1-019A318F18C7}.Debug|Any CPU.ActiveCfg = Debug|Any CPU
		{6CFC6752-75F1-4D8F-86D1-019A318F18C7}.Debug|Any CPU.Build.0 = Debug|Any CPU
		{6CFC6752-75F1-4D8F-86D1-019A318F18C7}.Debug|x86.ActiveCfg = Debug|Any CPU
		{6CFC6752-75F1-4D8F-86D1-019A318F18C7}.Debug|x86.Build.0 = Debug|Any CPU
		{6CFC6752-75F1-4D8F-86D1-019A318F18C7}.Release|Any CPU.ActiveCfg = Release|Any CPU
		{6CFC6752-75F1-4D8F-86D1-019A318F18C7}.Release|Any CPU.Build.0 = Release|Any CPU
		{6CFC6752-75F1-4D8F-86D1-019A318F18C7}.Release|x86.ActiveCfg = Release|Any CPU
		{6CFC6752-75F1-4D8F-86D1-019A318F18C7}.Release|x86.Build.0 = Release|Any CPU
		{8CFAE104-EF98-4A6C-9156-C91B81F87598}.Debug|Any CPU.ActiveCfg = Debug|Any CPU
		{8CFAE104-EF98-4A6C-9156-C91B81F87598}.Debug|Any CPU.Build.0 = Debug|Any CPU
		{8CFAE104-EF98-4A6C-9156-C91B81F87598}.Debug|x86.ActiveCfg = Debug|Any CPU
		{8CFAE104-EF98-4A6C-9156-C91B81F87598}.Debug|x86.Build.0 = Debug|Any CPU
		{8CFAE104-EF98-4A6C-9156-C91B81F87598}.Release|Any CPU.ActiveCfg = Release|Any CPU
		{8CFAE104-EF98-4A6C-9156-C91B81F87598}.Release|Any CPU.Build.0 = Release|Any CPU
		{8CFAE104-EF98-4A6C-9156-C91B81F87598}.Release|x86.ActiveCfg = Release|Any CPU
		{8CFAE104-EF98-4A6C-9156-C91B81F87598}.Release|x86.Build.0 = Release|Any CPU
	EndGlobalSection
	GlobalSection(SolutionProperties) = preSolution
		HideSolutionNode = FALSE
	EndGlobalSection
	GlobalSection(NestedProjects) = preSolution
		{1AF96DFB-5D8D-4D40-963B-C0CCC85CADF6} = {95736219-4FA4-44BA-8707-DDF230482F5F}
		{86014024-3EB5-4B46-8391-6A39CD42B338} = {95736219-4FA4-44BA-8707-DDF230482F5F}
		{92E5DFFC-C4F2-4FFC-9034-8ECB8AF7F2F2} = {95736219-4FA4-44BA-8707-DDF230482F5F}
		{6618B20F-AE5B-48DC-ACA1-D583E5B05367} = {95736219-4FA4-44BA-8707-DDF230482F5F}
		{37B8D640-2E51-47FA-B213-E87C3F40F0C8} = {150328BE-4393-4B43-9E1F-9E7AD37C77FA}
		{15C99D9F-50E1-48B6-B676-D504F1202B34} = {150328BE-4393-4B43-9E1F-9E7AD37C77FA}
		{E0C79E9F-32EF-4932-A16B-9553F019F340} = {150328BE-4393-4B43-9E1F-9E7AD37C77FA}
		{3CA1BB6B-0330-4B64-8E75-AFA957A9D5E1} = {150328BE-4393-4B43-9E1F-9E7AD37C77FA}
		{11E31F60-9E47-4CF2-A076-885483384C23} = {150328BE-4393-4B43-9E1F-9E7AD37C77FA}
		{78BB3730-E2A7-4C40-BD5C-26A0830BE672} = {150328BE-4393-4B43-9E1F-9E7AD37C77FA}
		{F53CF78D-D0F4-4985-81F3-68615D84BE1A} = {5A5ACAE6-2EBB-4830-BD67-0F618A6443F9}
		{547E0015-75C9-404C-B698-5A949350829E} = {5A5ACAE6-2EBB-4830-BD67-0F618A6443F9}
		{2324496B-5104-4FF9-B850-97F8F020E8CC} = {5A5ACAE6-2EBB-4830-BD67-0F618A6443F9}
		{8C97852D-2951-4D9D-AD8B-868F7F3FC239} = {5A5ACAE6-2EBB-4830-BD67-0F618A6443F9}
		{42474731-044A-4CC8-8257-DAD7D95A10AE} = {5A5ACAE6-2EBB-4830-BD67-0F618A6443F9}
		{53BBA524-0710-42BF-A927-93BA4E7670AC} = {150328BE-4393-4B43-9E1F-9E7AD37C77FA}
		{56F83882-EE08-48AF-8F99-A4B88883B807} = {5A5ACAE6-2EBB-4830-BD67-0F618A6443F9}
		{9E389ADD-041C-41B7-B3EE-00C5660082CD} = {5A5ACAE6-2EBB-4830-BD67-0F618A6443F9}
		{98738398-9AE9-49AC-BD1A-6A798F4500FB} = {5A5ACAE6-2EBB-4830-BD67-0F618A6443F9}
		{F5CA6C25-FF38-4835-9C13-379E14613C6A} = {5A5ACAE6-2EBB-4830-BD67-0F618A6443F9}
		{2ADAA6E2-7CD0-4941-AB6A-E8056A525B25} = {5A5ACAE6-2EBB-4830-BD67-0F618A6443F9}
		{40218D0E-431E-44E3-906C-155F8F075B0D} = {5A5ACAE6-2EBB-4830-BD67-0F618A6443F9}
		{231585E7-372E-4FC0-BB14-E37B84CDE066} = {2F9F7607-FAF5-44E7-B771-7B903BB5958C}
		{255C9CE3-0BB3-4950-9CF8-46D274FD8663} = {2F9F7607-FAF5-44E7-B771-7B903BB5958C}
		{5A7994A1-179D-4F82-BC03-1CEE798F38FE} = {2F9F7607-FAF5-44E7-B771-7B903BB5958C}
		{BB3601AF-9BF5-4EE4-9D02-CD79FD894DE5} = {2F9F7607-FAF5-44E7-B771-7B903BB5958C}
		{BD9F3829-CF89-4917-A451-D3887A43CB6B} = {2F9F7607-FAF5-44E7-B771-7B903BB5958C}
		{F304BA60-396C-4FCB-8F00-1BBFBBEA0325} = {2F9F7607-FAF5-44E7-B771-7B903BB5958C}
		{A8442E4D-4628-4C71-9C90-DB6F611B7051} = {2F9F7607-FAF5-44E7-B771-7B903BB5958C}
		{6572A7B3-B97D-4820-A184-5290CF85B2FE} = {3F573422-9360-41D9-B704-33597FE9FD4C}
		{3F573422-9360-41D9-B704-33597FE9FD4C} = {2F9F7607-FAF5-44E7-B771-7B903BB5958C}
		{8643BC99-2B5A-4439-9CE7-F476C1903556} = {3F573422-9360-41D9-B704-33597FE9FD4C}
		{7868FEE3-227E-4937-AEF5-46AED066889A} = {3F573422-9360-41D9-B704-33597FE9FD4C}
		{4EE57DFD-8439-4590-AB48-622DA8B4A942} = {2F9F7607-FAF5-44E7-B771-7B903BB5958C}
		{A82A3D57-9F2C-4F80-9420-E923A19E8587} = {2F9F7607-FAF5-44E7-B771-7B903BB5958C}
		{6E3AF52A-BEC6-46C7-8E81-600E941BF5D7} = {2F9F7607-FAF5-44E7-B771-7B903BB5958C}
		{5E44E247-68E1-407C-BE87-1261D2E27162} = {9BA6D126-C100-4DE4-B3CE-99CFF735ADA3}
		{13FA6019-45BC-4AA3-8C6E-616D4AEC5053} = {9BA6D126-C100-4DE4-B3CE-99CFF735ADA3}
		{EDFB175F-5EBE-412F-BFB6-5A8A50B2C300} = {9BA6D126-C100-4DE4-B3CE-99CFF735ADA3}
		{DB52D8EA-2AED-4BFD-9025-3D669D4BBA95} = {9BA6D126-C100-4DE4-B3CE-99CFF735ADA3}
		{81DC4198-CA72-454E-95E2-83176BA1E0B2} = {9BA6D126-C100-4DE4-B3CE-99CFF735ADA3}
		{94F3296D-47BC-4295-84D1-FA7B8C0C9EC7} = {9BA6D126-C100-4DE4-B3CE-99CFF735ADA3}
		{DA0F123F-C8DE-4701-AD4C-460C54D61C24} = {9BA6D126-C100-4DE4-B3CE-99CFF735ADA3}
		{E9854C16-9FDE-4CB1-80FA-CE74CDFEF990} = {9BA6D126-C100-4DE4-B3CE-99CFF735ADA3}
		{D955DB74-35C2-4F47-9515-252730228BB4} = {9BA6D126-C100-4DE4-B3CE-99CFF735ADA3}
		{A09EB8BA-2AFD-4CD3-853D-D668CD599550} = {9BA6D126-C100-4DE4-B3CE-99CFF735ADA3}
		{201BB45C-0711-4441-9209-B37E1AF21193} = {9BA6D126-C100-4DE4-B3CE-99CFF735ADA3}
		{601EECE8-5FDD-4619-B30E-CCD8E86CFB45} = {9BA6D126-C100-4DE4-B3CE-99CFF735ADA3}
		{E193859A-084D-42A2-BCDF-40D09EFD64A3} = {9BA6D126-C100-4DE4-B3CE-99CFF735ADA3}
		{BF5B69E9-A875-4B6A-A4CC-ED4EC4112F90} = {7C1EB8D2-7EE5-49F7-AA90-44CDF9FFD494}
		{B4C63C45-195B-4324-AC3D-3F75DD8C2D42} = {7C1EB8D2-7EE5-49F7-AA90-44CDF9FFD494}
		{A6C7C89F-9B0E-4676-AFE4-9A673D3E4170} = {7C1EB8D2-7EE5-49F7-AA90-44CDF9FFD494}
		{4DFE6972-D4FC-4429-9193-2971CF3F6DB1} = {7C1EB8D2-7EE5-49F7-AA90-44CDF9FFD494}
		{1D0DE9C5-2008-4384-929D-4BB4EFBD9161} = {7C1EB8D2-7EE5-49F7-AA90-44CDF9FFD494}
		{E00B9E4D-0F41-46E0-899B-4ED6693987EA} = {7C1EB8D2-7EE5-49F7-AA90-44CDF9FFD494}
		{54FBD2F9-5800-465D-9179-048849766341} = {7C1EB8D2-7EE5-49F7-AA90-44CDF9FFD494}
		{70F962AB-2D3A-452A-AEFC-10FBE2C5B9A0} = {7C1EB8D2-7EE5-49F7-AA90-44CDF9FFD494}
		{8B5FD768-B8E1-43AB-B37A-C0570AA2F920} = {70F962AB-2D3A-452A-AEFC-10FBE2C5B9A0}
		{7D2E8813-BEE4-47F8-8552-A8255D5E4082} = {70F962AB-2D3A-452A-AEFC-10FBE2C5B9A0}
		{A8610DDB-AB7B-421C-BF91-C527D014B435} = {70F962AB-2D3A-452A-AEFC-10FBE2C5B9A0}
		{FE6E9A0A-DA26-4BA5-B64D-325A96AA55E1} = {70F962AB-2D3A-452A-AEFC-10FBE2C5B9A0}
		{64963614-8034-43EA-8AF4-7427E5A4E4C9} = {70F962AB-2D3A-452A-AEFC-10FBE2C5B9A0}
		{DFB2805C-F9BC-4A7F-AF72-7878AE389117} = {7C1EB8D2-7EE5-49F7-AA90-44CDF9FFD494}
		{6C5B9531-89C0-4958-8D16-384B0B5DA195} = {7C1EB8D2-7EE5-49F7-AA90-44CDF9FFD494}
		{D3638B3E-1A29-41E5-AE01-C9928B07BD3B} = {7C1EB8D2-7EE5-49F7-AA90-44CDF9FFD494}
		{2EF91166-0F8F-4A55-BAA2-4AE19ADBE377} = {7C1EB8D2-7EE5-49F7-AA90-44CDF9FFD494}
		{1A32279F-02EB-43CC-B3E8-EE68825786D1} = {7C1EB8D2-7EE5-49F7-AA90-44CDF9FFD494}
		{4B7B6686-F3BF-4062-B0B9-618A61C075DB} = {7E429B22-28B8-431C-A1A4-6D8FC6A3A0DD}
		{DEE9918B-192F-44F1-A706-ADFC36CC2DD4} = {7E429B22-28B8-431C-A1A4-6D8FC6A3A0DD}
		{6CFC6752-75F1-4D8F-86D1-019A318F18C7} = {7E429B22-28B8-431C-A1A4-6D8FC6A3A0DD}
		{8CFAE104-EF98-4A6C-9156-C91B81F87598} = {7E429B22-28B8-431C-A1A4-6D8FC6A3A0DD}
	EndGlobalSection
	GlobalSection(ExtensibilityGlobals) = postSolution
		SolutionGuid = {186A9BA6-6C07-4B96-A8A0-5AA2687D13C0}
	EndGlobalSection
EndGlobal
