
Microsoft Visual Studio Solution File, Format Version 12.00
# Visual Studio Version 17
VisualStudioVersion = 17.4.33122.133
MinimumVisualStudioVersion = 10.0.40219.1
Project("{2150E333-8FDC-42A3-9474-1A3956D46DE8}") = "Features", "Features", "{5A993262-1815-4FDA-B9FB-83199254C894}"
EndProject
Project("{2150E333-8FDC-42A3-9474-1A3956D46DE8}") = "Progress Reporting and Cancellation", "Progress Reporting and Cancellation", "{891E8CE8-C1AE-403A-913E-B5B21A027E42}"
EndProject
Project("{778DAE3C-4631-46EA-AA77-85C1314464D9}") = "CancellationInConsole", "Features\Progress Reporting and Cancellation\Cancellation in Console\CancellationInConsole.vbproj", "{73A9BA70-F7B1-4AE7-A187-3E4F0FDAC338}"
EndProject
Project("{F184B08F-C81C-45F6-A57F-5ABD9991F28F}") = "CancellationInWpf", "Features\Progress Reporting and Cancellation\Cancellation in WPF\CancellationInWpf.vbproj", "{DD8E6270-16F0-4686-B4B5-23B319258511}"
EndProject
Project("{778DAE3C-4631-46EA-AA77-85C1314464D9}") = "ProgressReportingInConsole", "Features\Progress Reporting and Cancellation\Progress Reporting in Console\ProgressReportingInConsole.vbproj", "{DA77FD36-DADD-471A-9BCC-EBCD2DD687A9}"
EndProject
Project("{F184B08F-C81C-45F6-A57F-5ABD9991F28F}") = "ProgressReportingInWindowsForms", "Features\Progress Reporting and Cancellation\Progress Reporting in WindowsForms\ProgressReportingInWindowsForms.vbproj", "{F739C5F2-A529-4381-AB93-93662F64404C}"
EndProject
Project("{F184B08F-C81C-45F6-A57F-5ABD9991F28F}") = "ProgressReportingInWpf", "Features\Progress Reporting and Cancellation\Progress Reporting in WPF\ProgressReportingInWpf.vbproj", "{5FC557FB-0756-4A27-9498-B08A31CE9D26}"
EndProject
Project("{2150E333-8FDC-42A3-9474-1A3956D46DE8}") = "Charts", "Charts", "{B5B89434-32A3-4DBF-9183-099E81789A00}"
EndProject
Project("{778DAE3C-4631-46EA-AA77-85C1314464D9}") = "Chart", "Charts\Chart\Chart.vbproj", "{3338BCEA-8539-45E4-9E48-F3A079534EC0}"
EndProject
Project("{778DAE3C-4631-46EA-AA77-85C1314464D9}") = "ChartComponents", "Charts\Chart Components\ChartComponents.vbproj", "{F67E722B-E870-4E81-9936-7826E0FD74DD}"
EndProject
Project("{778DAE3C-4631-46EA-AA77-85C1314464D9}") = "ChartFormatting", "Charts\Chart Formatting\ChartFormatting.vbproj", "{2B9A4B58-4D65-47FE-A714-7C0F73AB18B0}"
EndProject
Project("{778DAE3C-4631-46EA-AA77-85C1314464D9}") = "ChartSheet", "Charts\Chart Sheet\ChartSheet.vbproj", "{8B42658A-E2F1-4AF6-8973-B518DC9DFCC5}"
EndProject
Project("{2150E333-8FDC-42A3-9474-1A3956D46DE8}") = "Introduction", "Introduction", "{27034C2B-7523-4D72-8BB7-86E2EB1DE35E}"
EndProject
Project("{2150E333-8FDC-42A3-9474-1A3956D46DE8}") = "Protection", "Protection", "{DFF1F3F4-50F9-44D0-AD14-02D9250695C2}"
EndProject
Project("{778DAE3C-4631-46EA-AA77-85C1314464D9}") = "PdfDigitalSignature", "Protection\PDF Digital Signature\PdfDigitalSignature.vbproj", "{CF301AD6-CD2E-4EBD-BE81-026F33199598}"
EndProject
Project("{778DAE3C-4631-46EA-AA77-85C1314464D9}") = "PdfEncryption", "Protection\PDF Encryption\PdfEncryption.vbproj", "{BBDD06F6-DB9F-4943-AC21-C2C68D63A693}"
EndProject
Project("{778DAE3C-4631-46EA-AA77-85C1314464D9}") = "SheetProtection", "Protection\Sheet Protection\SheetProtection.vbproj", "{E9BE310B-B005-44C7-93AA-854D42B9AC3A}"
EndProject
Project("{778DAE3C-4631-46EA-AA77-85C1314464D9}") = "WorkbookProtection", "Protection\Workbook Protection\WorkbookProtection.vbproj", "{16385976-97CE-42D1-A3E0-C31D4A508002}"
EndProject
Project("{778DAE3C-4631-46EA-AA77-85C1314464D9}") = "XlsxEncryption", "Protection\XLSX Encryption\XlsxEncryption.vbproj", "{E435E734-66B7-4809-A406-0E4928364181}"
EndProject
Project("{778DAE3C-4631-46EA-AA77-85C1314464D9}") = "XlsxDigitalSignature", "Protection\XLSX Digital Signature\XlsxDigitalSignature.vbproj", "{9CD712EF-13FB-4608-8AD7-01DA56959476}"
EndProject
Project("{2150E333-8FDC-42A3-9474-1A3956D46DE8}") = "Platforms", "Platforms", "{C253E48F-FB30-45C1-857A-02675C184BD8}"
EndProject
Project("{F184B08F-C81C-45F6-A57F-5ABD9991F28F}") = "GridViewInAspNet", "Platforms\GridView in ASP.NET Web Forms\GridViewInAspNet.vbproj", "{A622566D-7E31-4BB6-8098-A690FA4D1543}"
EndProject
Project("{778DAE3C-4631-46EA-AA77-85C1314464D9}") = "AzureFunction", "Platforms\Azure\AzureFunction.vbproj", "{3AAC7454-4B77-41E3-B999-501DB2857631}"
EndProject
Project("{F184B08F-C81C-45F6-A57F-5ABD9991F28F}") = "GridViewInWindowsForms", "Platforms\DataGridView in WindowsForms\GridViewInWindowsForms.vbproj", "{F41E57DD-1BF6-4FFA-80C2-51A104CBE674}"
EndProject
Project("{778DAE3C-4631-46EA-AA77-85C1314464D9}") = "SpreadsheetDocker", "Platforms\Docker\SpreadsheetDocker.vbproj", "{A42D1513-B64F-4791-9774-A6CF98601634}"
EndProject
Project("{2150E333-8FDC-42A3-9474-1A3956D46DE8}") = "Print", "Print", "{1A1B55CB-E757-4C18-A92D-8968F3240119}"
EndProject
Project("{778DAE3C-4631-46EA-AA77-85C1314464D9}") = "PrintInConsole", "Introduction\Printing\Print in Console\PrintInConsole.vbproj", "{F5DF6CB9-85A7-4287-8906-E358935F1418}"
EndProject
Project("{F184B08F-C81C-45F6-A57F-5ABD9991F28F}") = "PrintInWinForms", "Introduction\Printing\Print in WinForms\PrintInWinForms.vbproj", "{523769AE-9A52-43F5-8120-02E857821B1D}"
EndProject
Project("{F184B08F-C81C-45F6-A57F-5ABD9991F28F}") = "PrintInWpf", "Introduction\Printing\Print in WPF\PrintInWpf.vbproj", "{7373C27D-2732-4C39-9272-BCD3355905E2}"
EndProject
Project("{778DAE3C-4631-46EA-AA77-85C1314464D9}") = "XlsDecryption", "Protection\XLS Decryption\XlsDecryption.vbproj", "{BD41BAAA-4DBC-44D5-9111-E6ECF6925432}"
EndProject
Project("{F184B08F-C81C-45F6-A57F-5ABD9991F28F}") = "WpfExport", "Platforms\Export in WPF\WpfExport.vbproj", "{74129B6C-95BD-4557-9E95-4721B8DBA741}"
EndProject
Project("{2150E333-8FDC-42A3-9474-1A3956D46DE8}") = "Conversion", "Conversion", "{83A83DFF-781F-475A-AF5D-80EAF63FC505}"
EndProject
Project("{778DAE3C-4631-46EA-AA77-85C1314464D9}") = "ConvertToImage", "Conversion\Convert to Image\ConvertToImage.vbproj", "{40133AC2-0FA0-425D-9600-9A70E43181EE}"
EndProject
Project("{778DAE3C-4631-46EA-AA77-85C1314464D9}") = "ConvertToPdf", "Conversion\Convert to PDF\ConvertToPdf.vbproj", "{19D78582-0D7E-4E45-9A39-364C5B24C8C9}"
EndProject
Project("{778DAE3C-4631-46EA-AA77-85C1314464D9}") = "CsvImportAndExport", "Conversion\Csv Import and Export\CsvImportAndExport.vbproj", "{D14CBBD2-041D-4BFC-A4D3-190C9643B805}"
EndProject
Project("{778DAE3C-4631-46EA-AA77-85C1314464D9}") = "DataTableToSheet", "Conversion\DataTable to Sheet\DataTableToSheet.vbproj", "{CEEC4EED-76BE-4A3B-B706-268D582F1BFB}"
EndProject
Project("{778DAE3C-4631-46EA-AA77-85C1314464D9}") = "FixedColumnsWidthText", "Conversion\Fixed Columns Width Text\FixedColumnsWidthText.vbproj", "{0BD029EA-1670-4103-B98B-D4364D1C7A2D}"
EndProject
Project("{778DAE3C-4631-46EA-AA77-85C1314464D9}") = "HtmlImportAndExport", "Conversion\Html Import and Export\HtmlImportAndExport.vbproj", "{5698E71B-EE52-40DE-B48F-6708DC95C22D}"
EndProject
Project("{778DAE3C-4631-46EA-AA77-85C1314464D9}") = "SheetToDataTable", "Conversion\Sheet to DataTable\SheetToDataTable.vbproj", "{2FC4D731-A70C-4BDF-AD58-DAA19B338144}"
EndProject
Project("{2150E333-8FDC-42A3-9474-1A3956D46DE8}") = "Elements", "Elements", "{A33DCC1A-B466-489D-B0F8-1CD51640435A}"
EndProject
Project("{778DAE3C-4631-46EA-AA77-85C1314464D9}") = "Comments", "Elements\Comments\Comments.vbproj", "{2A818B91-9ECC-4C57-B3D8-183222C82ABD}"
EndProject
Project("{778DAE3C-4631-46EA-AA77-85C1314464D9}") = "DefinedNames", "Elements\Defined Names\DefinedNames.vbproj", "{66A24906-FBF7-4E36-B30A-40CAA0FB943E}"
EndProject
Project("{778DAE3C-4631-46EA-AA77-85C1314464D9}") = "DocumentProperties", "Elements\Document Properties\DocumentProperties.vbproj", "{5B034752-1B03-4F9C-9A9E-003836BECA3C}"
EndProject
Project("{778DAE3C-4631-46EA-AA77-85C1314464D9}") = "FormControls", "Elements\Form Controls\FormControls.vbproj", "{02AED19E-5091-47FE-A95B-90C30E1BDC6A}"
EndProject
Project("{778DAE3C-4631-46EA-AA77-85C1314464D9}") = "FreezeAndSplitPanes", "Elements\Freeze and Split Panes\FreezeAndSplitPanes.vbproj", "{2BEFB51E-39DD-4B18-843A-DA3232EE01D5}"
EndProject
Project("{778DAE3C-4631-46EA-AA77-85C1314464D9}") = "HeadersAndFooters", "Elements\Headers and Footers\HeadersAndFooters.vbproj", "{5A468321-28DA-42FA-829C-3457CC6E4FC5}"
EndProject
Project("{778DAE3C-4631-46EA-AA77-85C1314464D9}") = "Hyperlinks", "Elements\Hyperlinks\Hyperlinks.vbproj", "{F0E694C5-00FE-4D53-8C02-F8EA5AF1800F}"
EndProject
Project("{778DAE3C-4631-46EA-AA77-85C1314464D9}") = "Images", "Elements\Images\Images.vbproj", "{59524BDD-D905-4A15-A870-08B7C998214A}"
EndProject
Project("{778DAE3C-4631-46EA-AA77-85C1314464D9}") = "PivotTables", "Elements\Pivot Tables\PivotTables.vbproj", "{1E39424F-E0CE-4388-8C22-EAAA39DE5B4C}"
EndProject
Project("{778DAE3C-4631-46EA-AA77-85C1314464D9}") = "Shapes", "Elements\Shapes\Shapes.vbproj", "{A9E5AFBC-F68D-4522-84AF-E2747FB755A2}"
EndProject
Project("{778DAE3C-4631-46EA-AA77-85C1314464D9}") = "Tables", "Elements\Tables\Tables.vbproj", "{9B75C788-BAEF-4D7A-B55F-3EE894DE5C2F}"
EndProject
Project("{778DAE3C-4631-46EA-AA77-85C1314464D9}") = "TextBoxes", "Elements\Text Boxes\TextBoxes.vbproj", "{2FAF9410-1B8C-4F53-8999-EAB5F9D33931}"
EndProject
Project("{778DAE3C-4631-46EA-AA77-85C1314464D9}") = "VbaMacros", "Elements\VBA Macros\VbaMacros.vbproj", "{73B16AE6-7E8C-4E3E-9011-5D2A391FC4E2}"
EndProject
Project("{778DAE3C-4631-46EA-AA77-85C1314464D9}") = "DataValidation", "Features\Data Validation\DataValidation.vbproj", "{84A09AB9-64AF-40F9-9864-86992894B120}"
EndProject
Project("{778DAE3C-4631-46EA-AA77-85C1314464D9}") = "Filtering", "Features\Filtering\Filtering.vbproj", "{E99AAA65-223A-43CE-B535-67EF3C99CA55}"
EndProject
Project("{778DAE3C-4631-46EA-AA77-85C1314464D9}") = "FindAndReplace", "Features\Find and Replace\FindAndReplace.vbproj", "{D0C5AFC5-2AE7-4E45-96FD-7A2E9E7D70CA}"
EndProject
Project("{778DAE3C-4631-46EA-AA77-85C1314464D9}") = "Grouping", "Features\Grouping and Outlining\Grouping.vbproj", "{11D4B77D-96D2-493F-BA5B-E2EA53768BB7}"
EndProject
Project("{778DAE3C-4631-46EA-AA77-85C1314464D9}") = "PrintAndViewOptions", "Features\Print and View Options\PrintAndViewOptions.vbproj", "{5A79F656-985D-4164-9D3A-B93D51706660}"
EndProject
Project("{778DAE3C-4631-46EA-AA77-85C1314464D9}") = "PrintTitlesAndArea", "Features\Print Titles and Area\PrintTitlesAndArea.vbproj", "{A5F9920E-AEB9-4B4A-B42F-2486E6445553}"
EndProject
Project("{778DAE3C-4631-46EA-AA77-85C1314464D9}") = "Fonts", "Features\Fonts\Fonts.vbproj", "{77B9861C-B35C-4B2B-B9BC-4B648700AA06}"
EndProject
Project("{778DAE3C-4631-46EA-AA77-85C1314464D9}") = "RightToLeftText", "Features\Right to Left Text\RightToLeftText.vbproj", "{3B04B35D-394A-454C-8494-6A548BE2CDD0}"
EndProject
Project("{778DAE3C-4631-46EA-AA77-85C1314464D9}") = "RowAndColumnAutoFit", "Features\Row and Column AutoFit\RowAndColumnAutoFit.vbproj", "{45EF95B2-AA22-46CF-AC1A-3F71098E8C4D}"
EndProject
Project("{778DAE3C-4631-46EA-AA77-85C1314464D9}") = "SheetCopyingAndDeleting", "Features\Sheet Copying and Deleting\SheetCopyingAndDeleting.vbproj", "{AC7B7B67-14A4-4BDF-8D08-52F380E4F866}"
EndProject
Project("{778DAE3C-4631-46EA-AA77-85C1314464D9}") = "Sorting", "Features\Sorting\Sorting.vbproj", "{2BB138AD-4D13-4E67-A049-EEACB3E63C5C}"
EndProject
Project("{778DAE3C-4631-46EA-AA77-85C1314464D9}") = "UnitConversion", "Features\Unit Conversion\UnitConversion.vbproj", "{608EEB25-8291-41DC-9AEE-F933E1F394D4}"
EndProject
Project("{2150E333-8FDC-42A3-9474-1A3956D46DE8}") = "Formatting", "Formatting", "{0CB5CD59-98F2-4161-BA54-EDC6111FD655}"
EndProject
Project("{778DAE3C-4631-46EA-AA77-85C1314464D9}") = "ConditionalFormatting", "Formatting\Conditional Formatting\ConditionalFormatting.vbproj", "{EBC10B7A-7839-4375-8F41-A67B93C5FA9B}"
EndProject
Project("{778DAE3C-4631-46EA-AA77-85C1314464D9}") = "InlineTextFormatting", "Formatting\Inline Text Formatting\InlineTextFormatting.vbproj", "{7ADD416C-987C-4C01-8C60-7A03A5784EDA}"
EndProject
Project("{778DAE3C-4631-46EA-AA77-85C1314464D9}") = "NumberFormatting", "Formatting\Number Formatting\NumberFormatting.vbproj", "{023DF56C-AE1D-430D-B745-F83FA4684692}"
EndProject
Project("{778DAE3C-4631-46EA-AA77-85C1314464D9}") = "StylesAndFormatting", "Formatting\Styles and Formatting\StylesAndFormatting.vbproj", "{48774A9C-09FA-423B-9491-5BF2A21E118C}"
EndProject
Project("{778DAE3C-4631-46EA-AA77-85C1314464D9}") = "CellReferencing", "Introduction\Cell Referencing\CellReferencing.vbproj", "{9FCADCB9-1AB8-4D0F-8F10-2A11BA414AE9}"
EndProject
Project("{778DAE3C-4631-46EA-AA77-85C1314464D9}") = "DataTypes", "Introduction\Data Types\DataTypes.vbproj", "{69CF18C2-FA43-4F20-9D27-AC6BAF7BD3B6}"
EndProject
Project("{778DAE3C-4631-46EA-AA77-85C1314464D9}") = "Formulas", "Introduction\Formulas\Formulas.vbproj", "{0547FB3C-DD5D-4C3D-ADAB-FDA87319BF45}"
EndProject
Project("{778DAE3C-4631-46EA-AA77-85C1314464D9}") = "GettingStarted", "Introduction\Getting Started\GettingStarted.vbproj", "{B3A5206D-966E-4936-9C7A-DBF887FC721C}"
EndProject
Project("{778DAE3C-4631-46EA-AA77-85C1314464D9}") = "MergedCells", "Introduction\Merged Cells\MergedCells.vbproj", "{67B196DF-E794-4A54-99AD-CC5B96B58CB1}"
EndProject
Project("{778DAE3C-4631-46EA-AA77-85C1314464D9}") = "Performance", "Introduction\Performance\Performance.vbproj", "{144886C0-FAFD-43EE-8EAA-ACD7D8591619}"
EndProject
Project("{778DAE3C-4631-46EA-AA77-85C1314464D9}") = "Reading", "Introduction\Reading\Reading.vbproj", "{19A1AC49-FF37-4F90-B6A2-EC3C71F068E1}"
EndProject
Project("{778DAE3C-4631-46EA-AA77-85C1314464D9}") = "Templates", "Introduction\Templates\Templates.vbproj", "{AF412B5D-D3C0-4685-B1A4-6940F080D248}"
EndProject
Project("{778DAE3C-4631-46EA-AA77-85C1314464D9}") = "Writing", "Introduction\Writing\Writing.vbproj", "{AEA7E8C7-4D90-43C2-81B9-3091EDAF0888}"
EndProject
Project("{778DAE3C-4631-46EA-AA77-85C1314464D9}") = "Preservation", "Introduction\Preservation\Preservation.vbproj", "{AE7A81F3-6A2F-44D3-A4BF-F71A932930E6}"
EndProject
Global
	GlobalSection(SolutionConfigurationPlatforms) = preSolution
		Debug|Any CPU = Debug|Any CPU
		Debug|x86 = Debug|x86
		Release|Any CPU = Release|Any CPU
		Release|x86 = Release|x86
	EndGlobalSection
	GlobalSection(ProjectConfigurationPlatforms) = postSolution
		{73A9BA70-F7B1-4AE7-A187-3E4F0FDAC338}.Debug|Any CPU.ActiveCfg = Debug|Any CPU
		{73A9BA70-F7B1-4AE7-A187-3E4F0FDAC338}.Debug|Any CPU.Build.0 = Debug|Any CPU
		{73A9BA70-F7B1-4AE7-A187-3E4F0FDAC338}.Debug|x86.ActiveCfg = Debug|Any CPU
		{73A9BA70-F7B1-4AE7-A187-3E4F0FDAC338}.Debug|x86.Build.0 = Debug|Any CPU
		{73A9BA70-F7B1-4AE7-A187-3E4F0FDAC338}.Release|Any CPU.ActiveCfg = Release|Any CPU
		{73A9BA70-F7B1-4AE7-A187-3E4F0FDAC338}.Release|Any CPU.Build.0 = Release|Any CPU
		{73A9BA70-F7B1-4AE7-A187-3E4F0FDAC338}.Release|x86.ActiveCfg = Release|Any CPU
		{73A9BA70-F7B1-4AE7-A187-3E4F0FDAC338}.Release|x86.Build.0 = Release|Any CPU
		{DD8E6270-16F0-4686-B4B5-23B319258511}.Debug|Any CPU.ActiveCfg = Debug|Any CPU
		{DD8E6270-16F0-4686-B4B5-23B319258511}.Debug|Any CPU.Build.0 = Debug|Any CPU
		{DD8E6270-16F0-4686-B4B5-23B319258511}.Debug|x86.ActiveCfg = Debug|Any CPU
		{DD8E6270-16F0-4686-B4B5-23B319258511}.Debug|x86.Build.0 = Debug|Any CPU
		{DD8E6270-16F0-4686-B4B5-23B319258511}.Release|Any CPU.ActiveCfg = Release|Any CPU
		{DD8E6270-16F0-4686-B4B5-23B319258511}.Release|Any CPU.Build.0 = Release|Any CPU
		{DD8E6270-16F0-4686-B4B5-23B319258511}.Release|x86.ActiveCfg = Release|Any CPU
		{DD8E6270-16F0-4686-B4B5-23B319258511}.Release|x86.Build.0 = Release|Any CPU
		{DA77FD36-DADD-471A-9BCC-EBCD2DD687A9}.Debug|Any CPU.ActiveCfg = Debug|Any CPU
		{DA77FD36-DADD-471A-9BCC-EBCD2DD687A9}.Debug|Any CPU.Build.0 = Debug|Any CPU
		{DA77FD36-DADD-471A-9BCC-EBCD2DD687A9}.Debug|x86.ActiveCfg = Debug|Any CPU
		{DA77FD36-DADD-471A-9BCC-EBCD2DD687A9}.Debug|x86.Build.0 = Debug|Any CPU
		{DA77FD36-DADD-471A-9BCC-EBCD2DD687A9}.Release|Any CPU.ActiveCfg = Release|Any CPU
		{DA77FD36-DADD-471A-9BCC-EBCD2DD687A9}.Release|Any CPU.Build.0 = Release|Any CPU
		{DA77FD36-DADD-471A-9BCC-EBCD2DD687A9}.Release|x86.ActiveCfg = Release|Any CPU
		{DA77FD36-DADD-471A-9BCC-EBCD2DD687A9}.Release|x86.Build.0 = Release|Any CPU
		{F739C5F2-A529-4381-AB93-93662F64404C}.Debug|Any CPU.ActiveCfg = Debug|Any CPU
		{F739C5F2-A529-4381-AB93-93662F64404C}.Debug|Any CPU.Build.0 = Debug|Any CPU
		{F739C5F2-A529-4381-AB93-93662F64404C}.Debug|x86.ActiveCfg = Debug|Any CPU
		{F739C5F2-A529-4381-AB93-93662F64404C}.Debug|x86.Build.0 = Debug|Any CPU
		{F739C5F2-A529-4381-AB93-93662F64404C}.Release|Any CPU.ActiveCfg = Release|Any CPU
		{F739C5F2-A529-4381-AB93-93662F64404C}.Release|Any CPU.Build.0 = Release|Any CPU
		{F739C5F2-A529-4381-AB93-93662F64404C}.Release|x86.ActiveCfg = Release|Any CPU
		{F739C5F2-A529-4381-AB93-93662F64404C}.Release|x86.Build.0 = Release|Any CPU
		{5FC557FB-0756-4A27-9498-B08A31CE9D26}.Debug|Any CPU.ActiveCfg = Debug|Any CPU
		{5FC557FB-0756-4A27-9498-B08A31CE9D26}.Debug|Any CPU.Build.0 = Debug|Any CPU
		{5FC557FB-0756-4A27-9498-B08A31CE9D26}.Debug|x86.ActiveCfg = Debug|Any CPU
		{5FC557FB-0756-4A27-9498-B08A31CE9D26}.Debug|x86.Build.0 = Debug|Any CPU
		{5FC557FB-0756-4A27-9498-B08A31CE9D26}.Release|Any CPU.ActiveCfg = Release|Any CPU
		{5FC557FB-0756-4A27-9498-B08A31CE9D26}.Release|Any CPU.Build.0 = Release|Any CPU
		{5FC557FB-0756-4A27-9498-B08A31CE9D26}.Release|x86.ActiveCfg = Release|Any CPU
		{5FC557FB-0756-4A27-9498-B08A31CE9D26}.Release|x86.Build.0 = Release|Any CPU
		{3338BCEA-8539-45E4-9E48-F3A079534EC0}.Debug|Any CPU.ActiveCfg = Debug|Any CPU
		{3338BCEA-8539-45E4-9E48-F3A079534EC0}.Debug|Any CPU.Build.0 = Debug|Any CPU
		{3338BCEA-8539-45E4-9E48-F3A079534EC0}.Debug|x86.ActiveCfg = Debug|Any CPU
		{3338BCEA-8539-45E4-9E48-F3A079534EC0}.Debug|x86.Build.0 = Debug|Any CPU
		{3338BCEA-8539-45E4-9E48-F3A079534EC0}.Release|Any CPU.ActiveCfg = Release|Any CPU
		{3338BCEA-8539-45E4-9E48-F3A079534EC0}.Release|Any CPU.Build.0 = Release|Any CPU
		{3338BCEA-8539-45E4-9E48-F3A079534EC0}.Release|x86.ActiveCfg = Release|Any CPU
		{3338BCEA-8539-45E4-9E48-F3A079534EC0}.Release|x86.Build.0 = Release|Any CPU
		{F67E722B-E870-4E81-9936-7826E0FD74DD}.Debug|Any CPU.ActiveCfg = Debug|Any CPU
		{F67E722B-E870-4E81-9936-7826E0FD74DD}.Debug|Any CPU.Build.0 = Debug|Any CPU
		{F67E722B-E870-4E81-9936-7826E0FD74DD}.Debug|x86.ActiveCfg = Debug|Any CPU
		{F67E722B-E870-4E81-9936-7826E0FD74DD}.Debug|x86.Build.0 = Debug|Any CPU
		{F67E722B-E870-4E81-9936-7826E0FD74DD}.Release|Any CPU.ActiveCfg = Release|Any CPU
		{F67E722B-E870-4E81-9936-7826E0FD74DD}.Release|Any CPU.Build.0 = Release|Any CPU
		{F67E722B-E870-4E81-9936-7826E0FD74DD}.Release|x86.ActiveCfg = Release|Any CPU
		{F67E722B-E870-4E81-9936-7826E0FD74DD}.Release|x86.Build.0 = Release|Any CPU
		{2B9A4B58-4D65-47FE-A714-7C0F73AB18B0}.Debug|Any CPU.ActiveCfg = Debug|Any CPU
		{2B9A4B58-4D65-47FE-A714-7C0F73AB18B0}.Debug|Any CPU.Build.0 = Debug|Any CPU
		{2B9A4B58-4D65-47FE-A714-7C0F73AB18B0}.Debug|x86.ActiveCfg = Debug|Any CPU
		{2B9A4B58-4D65-47FE-A714-7C0F73AB18B0}.Debug|x86.Build.0 = Debug|Any CPU
		{2B9A4B58-4D65-47FE-A714-7C0F73AB18B0}.Release|Any CPU.ActiveCfg = Release|Any CPU
		{2B9A4B58-4D65-47FE-A714-7C0F73AB18B0}.Release|Any CPU.Build.0 = Release|Any CPU
		{2B9A4B58-4D65-47FE-A714-7C0F73AB18B0}.Release|x86.ActiveCfg = Release|Any CPU
		{2B9A4B58-4D65-47FE-A714-7C0F73AB18B0}.Release|x86.Build.0 = Release|Any CPU
		{8B42658A-E2F1-4AF6-8973-B518DC9DFCC5}.Debug|Any CPU.ActiveCfg = Debug|Any CPU
		{8B42658A-E2F1-4AF6-8973-B518DC9DFCC5}.Debug|Any CPU.Build.0 = Debug|Any CPU
		{8B42658A-E2F1-4AF6-8973-B518DC9DFCC5}.Debug|x86.ActiveCfg = Debug|Any CPU
		{8B42658A-E2F1-4AF6-8973-B518DC9DFCC5}.Debug|x86.Build.0 = Debug|Any CPU
		{8B42658A-E2F1-4AF6-8973-B518DC9DFCC5}.Release|Any CPU.ActiveCfg = Release|Any CPU
		{8B42658A-E2F1-4AF6-8973-B518DC9DFCC5}.Release|Any CPU.Build.0 = Release|Any CPU
		{8B42658A-E2F1-4AF6-8973-B518DC9DFCC5}.Release|x86.ActiveCfg = Release|Any CPU
		{8B42658A-E2F1-4AF6-8973-B518DC9DFCC5}.Release|x86.Build.0 = Release|Any CPU
		{CF301AD6-CD2E-4EBD-BE81-026F33199598}.Debug|Any CPU.ActiveCfg = Debug|Any CPU
		{CF301AD6-CD2E-4EBD-BE81-026F33199598}.Debug|Any CPU.Build.0 = Debug|Any CPU
		{CF301AD6-CD2E-4EBD-BE81-026F33199598}.Debug|x86.ActiveCfg = Debug|Any CPU
		{CF301AD6-CD2E-4EBD-BE81-026F33199598}.Debug|x86.Build.0 = Debug|Any CPU
		{CF301AD6-CD2E-4EBD-BE81-026F33199598}.Release|Any CPU.ActiveCfg = Release|Any CPU
		{CF301AD6-CD2E-4EBD-BE81-026F33199598}.Release|Any CPU.Build.0 = Release|Any CPU
		{CF301AD6-CD2E-4EBD-BE81-026F33199598}.Release|x86.ActiveCfg = Release|Any CPU
		{CF301AD6-CD2E-4EBD-BE81-026F33199598}.Release|x86.Build.0 = Release|Any CPU
		{BBDD06F6-DB9F-4943-AC21-C2C68D63A693}.Debug|Any CPU.ActiveCfg = Debug|Any CPU
		{BBDD06F6-DB9F-4943-AC21-C2C68D63A693}.Debug|Any CPU.Build.0 = Debug|Any CPU
		{BBDD06F6-DB9F-4943-AC21-C2C68D63A693}.Debug|x86.ActiveCfg = Debug|Any CPU
		{BBDD06F6-DB9F-4943-AC21-C2C68D63A693}.Debug|x86.Build.0 = Debug|Any CPU
		{BBDD06F6-DB9F-4943-AC21-C2C68D63A693}.Release|Any CPU.ActiveCfg = Release|Any CPU
		{BBDD06F6-DB9F-4943-AC21-C2C68D63A693}.Release|Any CPU.Build.0 = Release|Any CPU
		{BBDD06F6-DB9F-4943-AC21-C2C68D63A693}.Release|x86.ActiveCfg = Release|Any CPU
		{BBDD06F6-DB9F-4943-AC21-C2C68D63A693}.Release|x86.Build.0 = Release|Any CPU
		{E9BE310B-B005-44C7-93AA-854D42B9AC3A}.Debug|Any CPU.ActiveCfg = Debug|Any CPU
		{E9BE310B-B005-44C7-93AA-854D42B9AC3A}.Debug|Any CPU.Build.0 = Debug|Any CPU
		{E9BE310B-B005-44C7-93AA-854D42B9AC3A}.Debug|x86.ActiveCfg = Debug|Any CPU
		{E9BE310B-B005-44C7-93AA-854D42B9AC3A}.Debug|x86.Build.0 = Debug|Any CPU
		{E9BE310B-B005-44C7-93AA-854D42B9AC3A}.Release|Any CPU.ActiveCfg = Release|Any CPU
		{E9BE310B-B005-44C7-93AA-854D42B9AC3A}.Release|Any CPU.Build.0 = Release|Any CPU
		{E9BE310B-B005-44C7-93AA-854D42B9AC3A}.Release|x86.ActiveCfg = Release|Any CPU
		{E9BE310B-B005-44C7-93AA-854D42B9AC3A}.Release|x86.Build.0 = Release|Any CPU
		{16385976-97CE-42D1-A3E0-C31D4A508002}.Debug|Any CPU.ActiveCfg = Debug|Any CPU
		{16385976-97CE-42D1-A3E0-C31D4A508002}.Debug|Any CPU.Build.0 = Debug|Any CPU
		{16385976-97CE-42D1-A3E0-C31D4A508002}.Debug|x86.ActiveCfg = Debug|Any CPU
		{16385976-97CE-42D1-A3E0-C31D4A508002}.Debug|x86.Build.0 = Debug|Any CPU
		{16385976-97CE-42D1-A3E0-C31D4A508002}.Release|Any CPU.ActiveCfg = Release|Any CPU
		{16385976-97CE-42D1-A3E0-C31D4A508002}.Release|Any CPU.Build.0 = Release|Any CPU
		{16385976-97CE-42D1-A3E0-C31D4A508002}.Release|x86.ActiveCfg = Release|Any CPU
		{16385976-97CE-42D1-A3E0-C31D4A508002}.Release|x86.Build.0 = Release|Any CPU
		{E435E734-66B7-4809-A406-0E4928364181}.Debug|Any CPU.ActiveCfg = Debug|Any CPU
		{E435E734-66B7-4809-A406-0E4928364181}.Debug|Any CPU.Build.0 = Debug|Any CPU
		{E435E734-66B7-4809-A406-0E4928364181}.Debug|x86.ActiveCfg = Debug|Any CPU
		{E435E734-66B7-4809-A406-0E4928364181}.Debug|x86.Build.0 = Debug|Any CPU
		{E435E734-66B7-4809-A406-0E4928364181}.Release|Any CPU.ActiveCfg = Release|Any CPU
		{E435E734-66B7-4809-A406-0E4928364181}.Release|Any CPU.Build.0 = Release|Any CPU
		{E435E734-66B7-4809-A406-0E4928364181}.Release|x86.ActiveCfg = Release|Any CPU
		{E435E734-66B7-4809-A406-0E4928364181}.Release|x86.Build.0 = Release|Any CPU
		{9CD712EF-13FB-4608-8AD7-01DA56959476}.Debug|Any CPU.ActiveCfg = Debug|Any CPU
		{9CD712EF-13FB-4608-8AD7-01DA56959476}.Debug|Any CPU.Build.0 = Debug|Any CPU
		{9CD712EF-13FB-4608-8AD7-01DA56959476}.Debug|x86.ActiveCfg = Debug|Any CPU
		{9CD712EF-13FB-4608-8AD7-01DA56959476}.Debug|x86.Build.0 = Debug|Any CPU
		{9CD712EF-13FB-4608-8AD7-01DA56959476}.Release|Any CPU.ActiveCfg = Release|Any CPU
		{9CD712EF-13FB-4608-8AD7-01DA56959476}.Release|Any CPU.Build.0 = Release|Any CPU
		{9CD712EF-13FB-4608-8AD7-01DA56959476}.Release|x86.ActiveCfg = Release|Any CPU
		{9CD712EF-13FB-4608-8AD7-01DA56959476}.Release|x86.Build.0 = Release|Any CPU
		{A622566D-7E31-4BB6-8098-A690FA4D1543}.Debug|Any CPU.ActiveCfg = Debug|Any CPU
		{A622566D-7E31-4BB6-8098-A690FA4D1543}.Debug|Any CPU.Build.0 = Debug|Any CPU
		{A622566D-7E31-4BB6-8098-A690FA4D1543}.Debug|x86.ActiveCfg = Debug|Any CPU
		{A622566D-7E31-4BB6-8098-A690FA4D1543}.Debug|x86.Build.0 = Debug|Any CPU
		{A622566D-7E31-4BB6-8098-A690FA4D1543}.Release|Any CPU.ActiveCfg = Release|Any CPU
		{A622566D-7E31-4BB6-8098-A690FA4D1543}.Release|Any CPU.Build.0 = Release|Any CPU
		{A622566D-7E31-4BB6-8098-A690FA4D1543}.Release|x86.ActiveCfg = Release|Any CPU
		{A622566D-7E31-4BB6-8098-A690FA4D1543}.Release|x86.Build.0 = Release|Any CPU
		{3AAC7454-4B77-41E3-B999-501DB2857631}.Debug|Any CPU.ActiveCfg = Debug|Any CPU
		{3AAC7454-4B77-41E3-B999-501DB2857631}.Debug|Any CPU.Build.0 = Debug|Any CPU
		{3AAC7454-4B77-41E3-B999-501DB2857631}.Debug|x86.ActiveCfg = Debug|Any CPU
		{3AAC7454-4B77-41E3-B999-501DB2857631}.Debug|x86.Build.0 = Debug|Any CPU
		{3AAC7454-4B77-41E3-B999-501DB2857631}.Release|Any CPU.ActiveCfg = Release|Any CPU
		{3AAC7454-4B77-41E3-B999-501DB2857631}.Release|Any CPU.Build.0 = Release|Any CPU
		{3AAC7454-4B77-41E3-B999-501DB2857631}.Release|x86.ActiveCfg = Release|Any CPU
		{3AAC7454-4B77-41E3-B999-501DB2857631}.Release|x86.Build.0 = Release|Any CPU
		{F41E57DD-1BF6-4FFA-80C2-51A104CBE674}.Debug|Any CPU.ActiveCfg = Debug|Any CPU
		{F41E57DD-1BF6-4FFA-80C2-51A104CBE674}.Debug|Any CPU.Build.0 = Debug|Any CPU
		{F41E57DD-1BF6-4FFA-80C2-51A104CBE674}.Debug|x86.ActiveCfg = Debug|Any CPU
		{F41E57DD-1BF6-4FFA-80C2-51A104CBE674}.Debug|x86.Build.0 = Debug|Any CPU
		{F41E57DD-1BF6-4FFA-80C2-51A104CBE674}.Release|Any CPU.ActiveCfg = Release|Any CPU
		{F41E57DD-1BF6-4FFA-80C2-51A104CBE674}.Release|Any CPU.Build.0 = Release|Any CPU
		{F41E57DD-1BF6-4FFA-80C2-51A104CBE674}.Release|x86.ActiveCfg = Release|Any CPU
		{F41E57DD-1BF6-4FFA-80C2-51A104CBE674}.Release|x86.Build.0 = Release|Any CPU
		{A42D1513-B64F-4791-9774-A6CF98601634}.Debug|Any CPU.ActiveCfg = Debug|Any CPU
		{A42D1513-B64F-4791-9774-A6CF98601634}.Debug|Any CPU.Build.0 = Debug|Any CPU
		{A42D1513-B64F-4791-9774-A6CF98601634}.Debug|x86.ActiveCfg = Debug|Any CPU
		{A42D1513-B64F-4791-9774-A6CF98601634}.Debug|x86.Build.0 = Debug|Any CPU
		{A42D1513-B64F-4791-9774-A6CF98601634}.Release|Any CPU.ActiveCfg = Release|Any CPU
		{A42D1513-B64F-4791-9774-A6CF98601634}.Release|Any CPU.Build.0 = Release|Any CPU
		{A42D1513-B64F-4791-9774-A6CF98601634}.Release|x86.ActiveCfg = Release|Any CPU
		{A42D1513-B64F-4791-9774-A6CF98601634}.Release|x86.Build.0 = Release|Any CPU
		{F5DF6CB9-85A7-4287-8906-E358935F1418}.Debug|Any CPU.ActiveCfg = Debug|Any CPU
		{F5DF6CB9-85A7-4287-8906-E358935F1418}.Debug|Any CPU.Build.0 = Debug|Any CPU
		{F5DF6CB9-85A7-4287-8906-E358935F1418}.Debug|x86.ActiveCfg = Debug|Any CPU
		{F5DF6CB9-85A7-4287-8906-E358935F1418}.Debug|x86.Build.0 = Debug|Any CPU
		{F5DF6CB9-85A7-4287-8906-E358935F1418}.Release|Any CPU.ActiveCfg = Release|Any CPU
		{F5DF6CB9-85A7-4287-8906-E358935F1418}.Release|Any CPU.Build.0 = Release|Any CPU
		{F5DF6CB9-85A7-4287-8906-E358935F1418}.Release|x86.ActiveCfg = Release|Any CPU
		{F5DF6CB9-85A7-4287-8906-E358935F1418}.Release|x86.Build.0 = Release|Any CPU
		{523769AE-9A52-43F5-8120-02E857821B1D}.Debug|Any CPU.ActiveCfg = Debug|Any CPU
		{523769AE-9A52-43F5-8120-02E857821B1D}.Debug|Any CPU.Build.0 = Debug|Any CPU
		{523769AE-9A52-43F5-8120-02E857821B1D}.Debug|x86.ActiveCfg = Debug|Any CPU
		{523769AE-9A52-43F5-8120-02E857821B1D}.Debug|x86.Build.0 = Debug|Any CPU
		{523769AE-9A52-43F5-8120-02E857821B1D}.Release|Any CPU.ActiveCfg = Release|Any CPU
		{523769AE-9A52-43F5-8120-02E857821B1D}.Release|Any CPU.Build.0 = Release|Any CPU
		{523769AE-9A52-43F5-8120-02E857821B1D}.Release|x86.ActiveCfg = Release|Any CPU
		{523769AE-9A52-43F5-8120-02E857821B1D}.Release|x86.Build.0 = Release|Any CPU
		{7373C27D-2732-4C39-9272-BCD3355905E2}.Debug|Any CPU.ActiveCfg = Debug|Any CPU
		{7373C27D-2732-4C39-9272-BCD3355905E2}.Debug|Any CPU.Build.0 = Debug|Any CPU
		{7373C27D-2732-4C39-9272-BCD3355905E2}.Debug|x86.ActiveCfg = Debug|Any CPU
		{7373C27D-2732-4C39-9272-BCD3355905E2}.Debug|x86.Build.0 = Debug|Any CPU
		{7373C27D-2732-4C39-9272-BCD3355905E2}.Release|Any CPU.ActiveCfg = Release|Any CPU
		{7373C27D-2732-4C39-9272-BCD3355905E2}.Release|Any CPU.Build.0 = Release|Any CPU
		{7373C27D-2732-4C39-9272-BCD3355905E2}.Release|x86.ActiveCfg = Release|Any CPU
		{7373C27D-2732-4C39-9272-BCD3355905E2}.Release|x86.Build.0 = Release|Any CPU
		{BD41BAAA-4DBC-44D5-9111-E6ECF6925432}.Debug|Any CPU.ActiveCfg = Debug|Any CPU
		{BD41BAAA-4DBC-44D5-9111-E6ECF6925432}.Debug|Any CPU.Build.0 = Debug|Any CPU
		{BD41BAAA-4DBC-44D5-9111-E6ECF6925432}.Debug|x86.ActiveCfg = Debug|Any CPU
		{BD41BAAA-4DBC-44D5-9111-E6ECF6925432}.Debug|x86.Build.0 = Debug|Any CPU
		{BD41BAAA-4DBC-44D5-9111-E6ECF6925432}.Release|Any CPU.ActiveCfg = Release|Any CPU
		{BD41BAAA-4DBC-44D5-9111-E6ECF6925432}.Release|Any CPU.Build.0 = Release|Any CPU
		{BD41BAAA-4DBC-44D5-9111-E6ECF6925432}.Release|x86.ActiveCfg = Release|Any CPU
		{BD41BAAA-4DBC-44D5-9111-E6ECF6925432}.Release|x86.Build.0 = Release|Any CPU
		{74129B6C-95BD-4557-9E95-4721B8DBA741}.Debug|Any CPU.ActiveCfg = Debug|Any CPU
		{74129B6C-95BD-4557-9E95-4721B8DBA741}.Debug|Any CPU.Build.0 = Debug|Any CPU
		{74129B6C-95BD-4557-9E95-4721B8DBA741}.Debug|x86.ActiveCfg = Debug|Any CPU
		{74129B6C-95BD-4557-9E95-4721B8DBA741}.Debug|x86.Build.0 = Debug|Any CPU
		{74129B6C-95BD-4557-9E95-4721B8DBA741}.Release|Any CPU.ActiveCfg = Release|Any CPU
		{74129B6C-95BD-4557-9E95-4721B8DBA741}.Release|Any CPU.Build.0 = Release|Any CPU
		{74129B6C-95BD-4557-9E95-4721B8DBA741}.Release|x86.ActiveCfg = Release|Any CPU
		{74129B6C-95BD-4557-9E95-4721B8DBA741}.Release|x86.Build.0 = Release|Any CPU
		{40133AC2-0FA0-425D-9600-9A70E43181EE}.Debug|Any CPU.ActiveCfg = Debug|Any CPU
		{40133AC2-0FA0-425D-9600-9A70E43181EE}.Debug|Any CPU.Build.0 = Debug|Any CPU
		{40133AC2-0FA0-425D-9600-9A70E43181EE}.Debug|x86.ActiveCfg = Debug|Any CPU
		{40133AC2-0FA0-425D-9600-9A70E43181EE}.Debug|x86.Build.0 = Debug|Any CPU
		{40133AC2-0FA0-425D-9600-9A70E43181EE}.Release|Any CPU.ActiveCfg = Release|Any CPU
		{40133AC2-0FA0-425D-9600-9A70E43181EE}.Release|Any CPU.Build.0 = Release|Any CPU
		{40133AC2-0FA0-425D-9600-9A70E43181EE}.Release|x86.ActiveCfg = Release|Any CPU
		{40133AC2-0FA0-425D-9600-9A70E43181EE}.Release|x86.Build.0 = Release|Any CPU
		{19D78582-0D7E-4E45-9A39-364C5B24C8C9}.Debug|Any CPU.ActiveCfg = Debug|Any CPU
		{19D78582-0D7E-4E45-9A39-364C5B24C8C9}.Debug|Any CPU.Build.0 = Debug|Any CPU
		{19D78582-0D7E-4E45-9A39-364C5B24C8C9}.Debug|x86.ActiveCfg = Debug|Any CPU
		{19D78582-0D7E-4E45-9A39-364C5B24C8C9}.Debug|x86.Build.0 = Debug|Any CPU
		{19D78582-0D7E-4E45-9A39-364C5B24C8C9}.Release|Any CPU.ActiveCfg = Release|Any CPU
		{19D78582-0D7E-4E45-9A39-364C5B24C8C9}.Release|Any CPU.Build.0 = Release|Any CPU
		{19D78582-0D7E-4E45-9A39-364C5B24C8C9}.Release|x86.ActiveCfg = Release|Any CPU
		{19D78582-0D7E-4E45-9A39-364C5B24C8C9}.Release|x86.Build.0 = Release|Any CPU
		{D14CBBD2-041D-4BFC-A4D3-190C9643B805}.Debug|Any CPU.ActiveCfg = Debug|Any CPU
		{D14CBBD2-041D-4BFC-A4D3-190C9643B805}.Debug|Any CPU.Build.0 = Debug|Any CPU
		{D14CBBD2-041D-4BFC-A4D3-190C9643B805}.Debug|x86.ActiveCfg = Debug|Any CPU
		{D14CBBD2-041D-4BFC-A4D3-190C9643B805}.Debug|x86.Build.0 = Debug|Any CPU
		{D14CBBD2-041D-4BFC-A4D3-190C9643B805}.Release|Any CPU.ActiveCfg = Release|Any CPU
		{D14CBBD2-041D-4BFC-A4D3-190C9643B805}.Release|Any CPU.Build.0 = Release|Any CPU
		{D14CBBD2-041D-4BFC-A4D3-190C9643B805}.Release|x86.ActiveCfg = Release|Any CPU
		{D14CBBD2-041D-4BFC-A4D3-190C9643B805}.Release|x86.Build.0 = Release|Any CPU
		{CEEC4EED-76BE-4A3B-B706-268D582F1BFB}.Debug|Any CPU.ActiveCfg = Debug|Any CPU
		{CEEC4EED-76BE-4A3B-B706-268D582F1BFB}.Debug|Any CPU.Build.0 = Debug|Any CPU
		{CEEC4EED-76BE-4A3B-B706-268D582F1BFB}.Debug|x86.ActiveCfg = Debug|Any CPU
		{CEEC4EED-76BE-4A3B-B706-268D582F1BFB}.Debug|x86.Build.0 = Debug|Any CPU
		{CEEC4EED-76BE-4A3B-B706-268D582F1BFB}.Release|Any CPU.ActiveCfg = Release|Any CPU
		{CEEC4EED-76BE-4A3B-B706-268D582F1BFB}.Release|Any CPU.Build.0 = Release|Any CPU
		{CEEC4EED-76BE-4A3B-B706-268D582F1BFB}.Release|x86.ActiveCfg = Release|Any CPU
		{CEEC4EED-76BE-4A3B-B706-268D582F1BFB}.Release|x86.Build.0 = Release|Any CPU
		{0BD029EA-1670-4103-B98B-D4364D1C7A2D}.Debug|Any CPU.ActiveCfg = Debug|Any CPU
		{0BD029EA-1670-4103-B98B-D4364D1C7A2D}.Debug|Any CPU.Build.0 = Debug|Any CPU
		{0BD029EA-1670-4103-B98B-D4364D1C7A2D}.Debug|x86.ActiveCfg = Debug|Any CPU
		{0BD029EA-1670-4103-B98B-D4364D1C7A2D}.Debug|x86.Build.0 = Debug|Any CPU
		{0BD029EA-1670-4103-B98B-D4364D1C7A2D}.Release|Any CPU.ActiveCfg = Release|Any CPU
		{0BD029EA-1670-4103-B98B-D4364D1C7A2D}.Release|Any CPU.Build.0 = Release|Any CPU
		{0BD029EA-1670-4103-B98B-D4364D1C7A2D}.Release|x86.ActiveCfg = Release|Any CPU
		{0BD029EA-1670-4103-B98B-D4364D1C7A2D}.Release|x86.Build.0 = Release|Any CPU
		{5698E71B-EE52-40DE-B48F-6708DC95C22D}.Debug|Any CPU.ActiveCfg = Debug|Any CPU
		{5698E71B-EE52-40DE-B48F-6708DC95C22D}.Debug|Any CPU.Build.0 = Debug|Any CPU
		{5698E71B-EE52-40DE-B48F-6708DC95C22D}.Debug|x86.ActiveCfg = Debug|Any CPU
		{5698E71B-EE52-40DE-B48F-6708DC95C22D}.Debug|x86.Build.0 = Debug|Any CPU
		{5698E71B-EE52-40DE-B48F-6708DC95C22D}.Release|Any CPU.ActiveCfg = Release|Any CPU
		{5698E71B-EE52-40DE-B48F-6708DC95C22D}.Release|Any CPU.Build.0 = Release|Any CPU
		{5698E71B-EE52-40DE-B48F-6708DC95C22D}.Release|x86.ActiveCfg = Release|Any CPU
		{5698E71B-EE52-40DE-B48F-6708DC95C22D}.Release|x86.Build.0 = Release|Any CPU
		{2FC4D731-A70C-4BDF-AD58-DAA19B338144}.Debug|Any CPU.ActiveCfg = Debug|Any CPU
		{2FC4D731-A70C-4BDF-AD58-DAA19B338144}.Debug|Any CPU.Build.0 = Debug|Any CPU
		{2FC4D731-A70C-4BDF-AD58-DAA19B338144}.Debug|x86.ActiveCfg = Debug|Any CPU
		{2FC4D731-A70C-4BDF-AD58-DAA19B338144}.Debug|x86.Build.0 = Debug|Any CPU
		{2FC4D731-A70C-4BDF-AD58-DAA19B338144}.Release|Any CPU.ActiveCfg = Release|Any CPU
		{2FC4D731-A70C-4BDF-AD58-DAA19B338144}.Release|Any CPU.Build.0 = Release|Any CPU
		{2FC4D731-A70C-4BDF-AD58-DAA19B338144}.Release|x86.ActiveCfg = Release|Any CPU
		{2FC4D731-A70C-4BDF-AD58-DAA19B338144}.Release|x86.Build.0 = Release|Any CPU
		{2A818B91-9ECC-4C57-B3D8-183222C82ABD}.Debug|Any CPU.ActiveCfg = Debug|Any CPU
		{2A818B91-9ECC-4C57-B3D8-183222C82ABD}.Debug|Any CPU.Build.0 = Debug|Any CPU
		{2A818B91-9ECC-4C57-B3D8-183222C82ABD}.Debug|x86.ActiveCfg = Debug|Any CPU
		{2A818B91-9ECC-4C57-B3D8-183222C82ABD}.Debug|x86.Build.0 = Debug|Any CPU
		{2A818B91-9ECC-4C57-B3D8-183222C82ABD}.Release|Any CPU.ActiveCfg = Release|Any CPU
		{2A818B91-9ECC-4C57-B3D8-183222C82ABD}.Release|Any CPU.Build.0 = Release|Any CPU
		{2A818B91-9ECC-4C57-B3D8-183222C82ABD}.Release|x86.ActiveCfg = Release|Any CPU
		{2A818B91-9ECC-4C57-B3D8-183222C82ABD}.Release|x86.Build.0 = Release|Any CPU
		{66A24906-FBF7-4E36-B30A-40CAA0FB943E}.Debug|Any CPU.ActiveCfg = Debug|Any CPU
		{66A24906-FBF7-4E36-B30A-40CAA0FB943E}.Debug|Any CPU.Build.0 = Debug|Any CPU
		{66A24906-FBF7-4E36-B30A-40CAA0FB943E}.Debug|x86.ActiveCfg = Debug|Any CPU
		{66A24906-FBF7-4E36-B30A-40CAA0FB943E}.Debug|x86.Build.0 = Debug|Any CPU
		{66A24906-FBF7-4E36-B30A-40CAA0FB943E}.Release|Any CPU.ActiveCfg = Release|Any CPU
		{66A24906-FBF7-4E36-B30A-40CAA0FB943E}.Release|Any CPU.Build.0 = Release|Any CPU
		{66A24906-FBF7-4E36-B30A-40CAA0FB943E}.Release|x86.ActiveCfg = Release|Any CPU
		{66A24906-FBF7-4E36-B30A-40CAA0FB943E}.Release|x86.Build.0 = Release|Any CPU
		{5B034752-1B03-4F9C-9A9E-003836BECA3C}.Debug|Any CPU.ActiveCfg = Debug|Any CPU
		{5B034752-1B03-4F9C-9A9E-003836BECA3C}.Debug|Any CPU.Build.0 = Debug|Any CPU
		{5B034752-1B03-4F9C-9A9E-003836BECA3C}.Debug|x86.ActiveCfg = Debug|Any CPU
		{5B034752-1B03-4F9C-9A9E-003836BECA3C}.Debug|x86.Build.0 = Debug|Any CPU
		{5B034752-1B03-4F9C-9A9E-003836BECA3C}.Release|Any CPU.ActiveCfg = Release|Any CPU
		{5B034752-1B03-4F9C-9A9E-003836BECA3C}.Release|Any CPU.Build.0 = Release|Any CPU
		{5B034752-1B03-4F9C-9A9E-003836BECA3C}.Release|x86.ActiveCfg = Release|Any CPU
		{5B034752-1B03-4F9C-9A9E-003836BECA3C}.Release|x86.Build.0 = Release|Any CPU
		{02AED19E-5091-47FE-A95B-90C30E1BDC6A}.Debug|Any CPU.ActiveCfg = Debug|Any CPU
		{02AED19E-5091-47FE-A95B-90C30E1BDC6A}.Debug|Any CPU.Build.0 = Debug|Any CPU
		{02AED19E-5091-47FE-A95B-90C30E1BDC6A}.Debug|x86.ActiveCfg = Debug|Any CPU
		{02AED19E-5091-47FE-A95B-90C30E1BDC6A}.Debug|x86.Build.0 = Debug|Any CPU
		{02AED19E-5091-47FE-A95B-90C30E1BDC6A}.Release|Any CPU.ActiveCfg = Release|Any CPU
		{02AED19E-5091-47FE-A95B-90C30E1BDC6A}.Release|Any CPU.Build.0 = Release|Any CPU
		{02AED19E-5091-47FE-A95B-90C30E1BDC6A}.Release|x86.ActiveCfg = Release|Any CPU
		{02AED19E-5091-47FE-A95B-90C30E1BDC6A}.Release|x86.Build.0 = Release|Any CPU
		{2BEFB51E-39DD-4B18-843A-DA3232EE01D5}.Debug|Any CPU.ActiveCfg = Debug|Any CPU
		{2BEFB51E-39DD-4B18-843A-DA3232EE01D5}.Debug|Any CPU.Build.0 = Debug|Any CPU
		{2BEFB51E-39DD-4B18-843A-DA3232EE01D5}.Debug|x86.ActiveCfg = Debug|Any CPU
		{2BEFB51E-39DD-4B18-843A-DA3232EE01D5}.Debug|x86.Build.0 = Debug|Any CPU
		{2BEFB51E-39DD-4B18-843A-DA3232EE01D5}.Release|Any CPU.ActiveCfg = Release|Any CPU
		{2BEFB51E-39DD-4B18-843A-DA3232EE01D5}.Release|Any CPU.Build.0 = Release|Any CPU
		{2BEFB51E-39DD-4B18-843A-DA3232EE01D5}.Release|x86.ActiveCfg = Release|Any CPU
		{2BEFB51E-39DD-4B18-843A-DA3232EE01D5}.Release|x86.Build.0 = Release|Any CPU
		{5A468321-28DA-42FA-829C-3457CC6E4FC5}.Debug|Any CPU.ActiveCfg = Debug|Any CPU
		{5A468321-28DA-42FA-829C-3457CC6E4FC5}.Debug|Any CPU.Build.0 = Debug|Any CPU
		{5A468321-28DA-42FA-829C-3457CC6E4FC5}.Debug|x86.ActiveCfg = Debug|Any CPU
		{5A468321-28DA-42FA-829C-3457CC6E4FC5}.Debug|x86.Build.0 = Debug|Any CPU
		{5A468321-28DA-42FA-829C-3457CC6E4FC5}.Release|Any CPU.ActiveCfg = Release|Any CPU
		{5A468321-28DA-42FA-829C-3457CC6E4FC5}.Release|Any CPU.Build.0 = Release|Any CPU
		{5A468321-28DA-42FA-829C-3457CC6E4FC5}.Release|x86.ActiveCfg = Release|Any CPU
		{5A468321-28DA-42FA-829C-3457CC6E4FC5}.Release|x86.Build.0 = Release|Any CPU
		{F0E694C5-00FE-4D53-8C02-F8EA5AF1800F}.Debug|Any CPU.ActiveCfg = Debug|Any CPU
		{F0E694C5-00FE-4D53-8C02-F8EA5AF1800F}.Debug|Any CPU.Build.0 = Debug|Any CPU
		{F0E694C5-00FE-4D53-8C02-F8EA5AF1800F}.Debug|x86.ActiveCfg = Debug|Any CPU
		{F0E694C5-00FE-4D53-8C02-F8EA5AF1800F}.Debug|x86.Build.0 = Debug|Any CPU
		{F0E694C5-00FE-4D53-8C02-F8EA5AF1800F}.Release|Any CPU.ActiveCfg = Release|Any CPU
		{F0E694C5-00FE-4D53-8C02-F8EA5AF1800F}.Release|Any CPU.Build.0 = Release|Any CPU
		{F0E694C5-00FE-4D53-8C02-F8EA5AF1800F}.Release|x86.ActiveCfg = Release|Any CPU
		{F0E694C5-00FE-4D53-8C02-F8EA5AF1800F}.Release|x86.Build.0 = Release|Any CPU
		{59524BDD-D905-4A15-A870-08B7C998214A}.Debug|Any CPU.ActiveCfg = Debug|Any CPU
		{59524BDD-D905-4A15-A870-08B7C998214A}.Debug|Any CPU.Build.0 = Debug|Any CPU
		{59524BDD-D905-4A15-A870-08B7C998214A}.Debug|x86.ActiveCfg = Debug|Any CPU
		{59524BDD-D905-4A15-A870-08B7C998214A}.Debug|x86.Build.0 = Debug|Any CPU
		{59524BDD-D905-4A15-A870-08B7C998214A}.Release|Any CPU.ActiveCfg = Release|Any CPU
		{59524BDD-D905-4A15-A870-08B7C998214A}.Release|Any CPU.Build.0 = Release|Any CPU
		{59524BDD-D905-4A15-A870-08B7C998214A}.Release|x86.ActiveCfg = Release|Any CPU
		{59524BDD-D905-4A15-A870-08B7C998214A}.Release|x86.Build.0 = Release|Any CPU
		{1E39424F-E0CE-4388-8C22-EAAA39DE5B4C}.Debug|Any CPU.ActiveCfg = Debug|Any CPU
		{1E39424F-E0CE-4388-8C22-EAAA39DE5B4C}.Debug|Any CPU.Build.0 = Debug|Any CPU
		{1E39424F-E0CE-4388-8C22-EAAA39DE5B4C}.Debug|x86.ActiveCfg = Debug|Any CPU
		{1E39424F-E0CE-4388-8C22-EAAA39DE5B4C}.Debug|x86.Build.0 = Debug|Any CPU
		{1E39424F-E0CE-4388-8C22-EAAA39DE5B4C}.Release|Any CPU.ActiveCfg = Release|Any CPU
		{1E39424F-E0CE-4388-8C22-EAAA39DE5B4C}.Release|Any CPU.Build.0 = Release|Any CPU
		{1E39424F-E0CE-4388-8C22-EAAA39DE5B4C}.Release|x86.ActiveCfg = Release|Any CPU
		{1E39424F-E0CE-4388-8C22-EAAA39DE5B4C}.Release|x86.Build.0 = Release|Any CPU
		{A9E5AFBC-F68D-4522-84AF-E2747FB755A2}.Debug|Any CPU.ActiveCfg = Debug|Any CPU
		{A9E5AFBC-F68D-4522-84AF-E2747FB755A2}.Debug|Any CPU.Build.0 = Debug|Any CPU
		{A9E5AFBC-F68D-4522-84AF-E2747FB755A2}.Debug|x86.ActiveCfg = Debug|Any CPU
		{A9E5AFBC-F68D-4522-84AF-E2747FB755A2}.Debug|x86.Build.0 = Debug|Any CPU
		{A9E5AFBC-F68D-4522-84AF-E2747FB755A2}.Release|Any CPU.ActiveCfg = Release|Any CPU
		{A9E5AFBC-F68D-4522-84AF-E2747FB755A2}.Release|Any CPU.Build.0 = Release|Any CPU
		{A9E5AFBC-F68D-4522-84AF-E2747FB755A2}.Release|x86.ActiveCfg = Release|Any CPU
		{A9E5AFBC-F68D-4522-84AF-E2747FB755A2}.Release|x86.Build.0 = Release|Any CPU
		{9B75C788-BAEF-4D7A-B55F-3EE894DE5C2F}.Debug|Any CPU.ActiveCfg = Debug|Any CPU
		{9B75C788-BAEF-4D7A-B55F-3EE894DE5C2F}.Debug|Any CPU.Build.0 = Debug|Any CPU
		{9B75C788-BAEF-4D7A-B55F-3EE894DE5C2F}.Debug|x86.ActiveCfg = Debug|Any CPU
		{9B75C788-BAEF-4D7A-B55F-3EE894DE5C2F}.Debug|x86.Build.0 = Debug|Any CPU
		{9B75C788-BAEF-4D7A-B55F-3EE894DE5C2F}.Release|Any CPU.ActiveCfg = Release|Any CPU
		{9B75C788-BAEF-4D7A-B55F-3EE894DE5C2F}.Release|Any CPU.Build.0 = Release|Any CPU
		{9B75C788-BAEF-4D7A-B55F-3EE894DE5C2F}.Release|x86.ActiveCfg = Release|Any CPU
		{9B75C788-BAEF-4D7A-B55F-3EE894DE5C2F}.Release|x86.Build.0 = Release|Any CPU
		{2FAF9410-1B8C-4F53-8999-EAB5F9D33931}.Debug|Any CPU.ActiveCfg = Debug|Any CPU
		{2FAF9410-1B8C-4F53-8999-EAB5F9D33931}.Debug|Any CPU.Build.0 = Debug|Any CPU
		{2FAF9410-1B8C-4F53-8999-EAB5F9D33931}.Debug|x86.ActiveCfg = Debug|Any CPU
		{2FAF9410-1B8C-4F53-8999-EAB5F9D33931}.Debug|x86.Build.0 = Debug|Any CPU
		{2FAF9410-1B8C-4F53-8999-EAB5F9D33931}.Release|Any CPU.ActiveCfg = Release|Any CPU
		{2FAF9410-1B8C-4F53-8999-EAB5F9D33931}.Release|Any CPU.Build.0 = Release|Any CPU
		{2FAF9410-1B8C-4F53-8999-EAB5F9D33931}.Release|x86.ActiveCfg = Release|Any CPU
		{2FAF9410-1B8C-4F53-8999-EAB5F9D33931}.Release|x86.Build.0 = Release|Any CPU
		{73B16AE6-7E8C-4E3E-9011-5D2A391FC4E2}.Debug|Any CPU.ActiveCfg = Debug|Any CPU
		{73B16AE6-7E8C-4E3E-9011-5D2A391FC4E2}.Debug|Any CPU.Build.0 = Debug|Any CPU
		{73B16AE6-7E8C-4E3E-9011-5D2A391FC4E2}.Debug|x86.ActiveCfg = Debug|Any CPU
		{73B16AE6-7E8C-4E3E-9011-5D2A391FC4E2}.Debug|x86.Build.0 = Debug|Any CPU
		{73B16AE6-7E8C-4E3E-9011-5D2A391FC4E2}.Release|Any CPU.ActiveCfg = Release|Any CPU
		{73B16AE6-7E8C-4E3E-9011-5D2A391FC4E2}.Release|Any CPU.Build.0 = Release|Any CPU
		{73B16AE6-7E8C-4E3E-9011-5D2A391FC4E2}.Release|x86.ActiveCfg = Release|Any CPU
		{73B16AE6-7E8C-4E3E-9011-5D2A391FC4E2}.Release|x86.Build.0 = Release|Any CPU
		{84A09AB9-64AF-40F9-9864-86992894B120}.Debug|Any CPU.ActiveCfg = Debug|Any CPU
		{84A09AB9-64AF-40F9-9864-86992894B120}.Debug|Any CPU.Build.0 = Debug|Any CPU
		{84A09AB9-64AF-40F9-9864-86992894B120}.Debug|x86.ActiveCfg = Debug|Any CPU
		{84A09AB9-64AF-40F9-9864-86992894B120}.Debug|x86.Build.0 = Debug|Any CPU
		{84A09AB9-64AF-40F9-9864-86992894B120}.Release|Any CPU.ActiveCfg = Release|Any CPU
		{84A09AB9-64AF-40F9-9864-86992894B120}.Release|Any CPU.Build.0 = Release|Any CPU
		{84A09AB9-64AF-40F9-9864-86992894B120}.Release|x86.ActiveCfg = Release|Any CPU
		{84A09AB9-64AF-40F9-9864-86992894B120}.Release|x86.Build.0 = Release|Any CPU
		{E99AAA65-223A-43CE-B535-67EF3C99CA55}.Debug|Any CPU.ActiveCfg = Debug|Any CPU
		{E99AAA65-223A-43CE-B535-67EF3C99CA55}.Debug|Any CPU.Build.0 = Debug|Any CPU
		{E99AAA65-223A-43CE-B535-67EF3C99CA55}.Debug|x86.ActiveCfg = Debug|Any CPU
		{E99AAA65-223A-43CE-B535-67EF3C99CA55}.Debug|x86.Build.0 = Debug|Any CPU
		{E99AAA65-223A-43CE-B535-67EF3C99CA55}.Release|Any CPU.ActiveCfg = Release|Any CPU
		{E99AAA65-223A-43CE-B535-67EF3C99CA55}.Release|Any CPU.Build.0 = Release|Any CPU
		{E99AAA65-223A-43CE-B535-67EF3C99CA55}.Release|x86.ActiveCfg = Release|Any CPU
		{E99AAA65-223A-43CE-B535-67EF3C99CA55}.Release|x86.Build.0 = Release|Any CPU
		{D0C5AFC5-2AE7-4E45-96FD-7A2E9E7D70CA}.Debug|Any CPU.ActiveCfg = Debug|Any CPU
		{D0C5AFC5-2AE7-4E45-96FD-7A2E9E7D70CA}.Debug|Any CPU.Build.0 = Debug|Any CPU
		{D0C5AFC5-2AE7-4E45-96FD-7A2E9E7D70CA}.Debug|x86.ActiveCfg = Debug|Any CPU
		{D0C5AFC5-2AE7-4E45-96FD-7A2E9E7D70CA}.Debug|x86.Build.0 = Debug|Any CPU
		{D0C5AFC5-2AE7-4E45-96FD-7A2E9E7D70CA}.Release|Any CPU.ActiveCfg = Release|Any CPU
		{D0C5AFC5-2AE7-4E45-96FD-7A2E9E7D70CA}.Release|Any CPU.Build.0 = Release|Any CPU
		{D0C5AFC5-2AE7-4E45-96FD-7A2E9E7D70CA}.Release|x86.ActiveCfg = Release|Any CPU
		{D0C5AFC5-2AE7-4E45-96FD-7A2E9E7D70CA}.Release|x86.Build.0 = Release|Any CPU
		{11D4B77D-96D2-493F-BA5B-E2EA53768BB7}.Debug|Any CPU.ActiveCfg = Debug|Any CPU
		{11D4B77D-96D2-493F-BA5B-E2EA53768BB7}.Debug|Any CPU.Build.0 = Debug|Any CPU
		{11D4B77D-96D2-493F-BA5B-E2EA53768BB7}.Debug|x86.ActiveCfg = Debug|Any CPU
		{11D4B77D-96D2-493F-BA5B-E2EA53768BB7}.Debug|x86.Build.0 = Debug|Any CPU
		{11D4B77D-96D2-493F-BA5B-E2EA53768BB7}.Release|Any CPU.ActiveCfg = Release|Any CPU
		{11D4B77D-96D2-493F-BA5B-E2EA53768BB7}.Release|Any CPU.Build.0 = Release|Any CPU
		{11D4B77D-96D2-493F-BA5B-E2EA53768BB7}.Release|x86.ActiveCfg = Release|Any CPU
		{11D4B77D-96D2-493F-BA5B-E2EA53768BB7}.Release|x86.Build.0 = Release|Any CPU
		{5A79F656-985D-4164-9D3A-B93D51706660}.Debug|Any CPU.ActiveCfg = Debug|Any CPU
		{5A79F656-985D-4164-9D3A-B93D51706660}.Debug|Any CPU.Build.0 = Debug|Any CPU
		{5A79F656-985D-4164-9D3A-B93D51706660}.Debug|x86.ActiveCfg = Debug|Any CPU
		{5A79F656-985D-4164-9D3A-B93D51706660}.Debug|x86.Build.0 = Debug|Any CPU
		{5A79F656-985D-4164-9D3A-B93D51706660}.Release|Any CPU.ActiveCfg = Release|Any CPU
		{5A79F656-985D-4164-9D3A-B93D51706660}.Release|Any CPU.Build.0 = Release|Any CPU
		{5A79F656-985D-4164-9D3A-B93D51706660}.Release|x86.ActiveCfg = Release|Any CPU
		{5A79F656-985D-4164-9D3A-B93D51706660}.Release|x86.Build.0 = Release|Any CPU
		{A5F9920E-AEB9-4B4A-B42F-2486E6445553}.Debug|Any CPU.ActiveCfg = Debug|Any CPU
		{A5F9920E-AEB9-4B4A-B42F-2486E6445553}.Debug|Any CPU.Build.0 = Debug|Any CPU
		{A5F9920E-AEB9-4B4A-B42F-2486E6445553}.Debug|x86.ActiveCfg = Debug|Any CPU
		{A5F9920E-AEB9-4B4A-B42F-2486E6445553}.Debug|x86.Build.0 = Debug|Any CPU
		{A5F9920E-AEB9-4B4A-B42F-2486E6445553}.Release|Any CPU.ActiveCfg = Release|Any CPU
		{A5F9920E-AEB9-4B4A-B42F-2486E6445553}.Release|Any CPU.Build.0 = Release|Any CPU
		{A5F9920E-AEB9-4B4A-B42F-2486E6445553}.Release|x86.ActiveCfg = Release|Any CPU
		{A5F9920E-AEB9-4B4A-B42F-2486E6445553}.Release|x86.Build.0 = Release|Any CPU
		{77B9861C-B35C-4B2B-B9BC-4B648700AA06}.Debug|Any CPU.ActiveCfg = Debug|Any CPU
		{77B9861C-B35C-4B2B-B9BC-4B648700AA06}.Debug|Any CPU.Build.0 = Debug|Any CPU
		{77B9861C-B35C-4B2B-B9BC-4B648700AA06}.Debug|x86.ActiveCfg = Debug|Any CPU
		{77B9861C-B35C-4B2B-B9BC-4B648700AA06}.Debug|x86.Build.0 = Debug|Any CPU
		{77B9861C-B35C-4B2B-B9BC-4B648700AA06}.Release|Any CPU.ActiveCfg = Release|Any CPU
		{77B9861C-B35C-4B2B-B9BC-4B648700AA06}.Release|Any CPU.Build.0 = Release|Any CPU
		{77B9861C-B35C-4B2B-B9BC-4B648700AA06}.Release|x86.ActiveCfg = Release|Any CPU
		{77B9861C-B35C-4B2B-B9BC-4B648700AA06}.Release|x86.Build.0 = Release|Any CPU
		{3B04B35D-394A-454C-8494-6A548BE2CDD0}.Debug|Any CPU.ActiveCfg = Debug|Any CPU
		{3B04B35D-394A-454C-8494-6A548BE2CDD0}.Debug|Any CPU.Build.0 = Debug|Any CPU
		{3B04B35D-394A-454C-8494-6A548BE2CDD0}.Debug|x86.ActiveCfg = Debug|Any CPU
		{3B04B35D-394A-454C-8494-6A548BE2CDD0}.Debug|x86.Build.0 = Debug|Any CPU
		{3B04B35D-394A-454C-8494-6A548BE2CDD0}.Release|Any CPU.ActiveCfg = Release|Any CPU
		{3B04B35D-394A-454C-8494-6A548BE2CDD0}.Release|Any CPU.Build.0 = Release|Any CPU
		{3B04B35D-394A-454C-8494-6A548BE2CDD0}.Release|x86.ActiveCfg = Release|Any CPU
		{3B04B35D-394A-454C-8494-6A548BE2CDD0}.Release|x86.Build.0 = Release|Any CPU
		{45EF95B2-AA22-46CF-AC1A-3F71098E8C4D}.Debug|Any CPU.ActiveCfg = Debug|Any CPU
		{45EF95B2-AA22-46CF-AC1A-3F71098E8C4D}.Debug|Any CPU.Build.0 = Debug|Any CPU
		{45EF95B2-AA22-46CF-AC1A-3F71098E8C4D}.Debug|x86.ActiveCfg = Debug|Any CPU
		{45EF95B2-AA22-46CF-AC1A-3F71098E8C4D}.Debug|x86.Build.0 = Debug|Any CPU
		{45EF95B2-AA22-46CF-AC1A-3F71098E8C4D}.Release|Any CPU.ActiveCfg = Release|Any CPU
		{45EF95B2-AA22-46CF-AC1A-3F71098E8C4D}.Release|Any CPU.Build.0 = Release|Any CPU
		{45EF95B2-AA22-46CF-AC1A-3F71098E8C4D}.Release|x86.ActiveCfg = Release|Any CPU
		{45EF95B2-AA22-46CF-AC1A-3F71098E8C4D}.Release|x86.Build.0 = Release|Any CPU
		{AC7B7B67-14A4-4BDF-8D08-52F380E4F866}.Debug|Any CPU.ActiveCfg = Debug|Any CPU
		{AC7B7B67-14A4-4BDF-8D08-52F380E4F866}.Debug|Any CPU.Build.0 = Debug|Any CPU
		{AC7B7B67-14A4-4BDF-8D08-52F380E4F866}.Debug|x86.ActiveCfg = Debug|Any CPU
		{AC7B7B67-14A4-4BDF-8D08-52F380E4F866}.Debug|x86.Build.0 = Debug|Any CPU
		{AC7B7B67-14A4-4BDF-8D08-52F380E4F866}.Release|Any CPU.ActiveCfg = Release|Any CPU
		{AC7B7B67-14A4-4BDF-8D08-52F380E4F866}.Release|Any CPU.Build.0 = Release|Any CPU
		{AC7B7B67-14A4-4BDF-8D08-52F380E4F866}.Release|x86.ActiveCfg = Release|Any CPU
		{AC7B7B67-14A4-4BDF-8D08-52F380E4F866}.Release|x86.Build.0 = Release|Any CPU
		{2BB138AD-4D13-4E67-A049-EEACB3E63C5C}.Debug|Any CPU.ActiveCfg = Debug|Any CPU
		{2BB138AD-4D13-4E67-A049-EEACB3E63C5C}.Debug|Any CPU.Build.0 = Debug|Any CPU
		{2BB138AD-4D13-4E67-A049-EEACB3E63C5C}.Debug|x86.ActiveCfg = Debug|Any CPU
		{2BB138AD-4D13-4E67-A049-EEACB3E63C5C}.Debug|x86.Build.0 = Debug|Any CPU
		{2BB138AD-4D13-4E67-A049-EEACB3E63C5C}.Release|Any CPU.ActiveCfg = Release|Any CPU
		{2BB138AD-4D13-4E67-A049-EEACB3E63C5C}.Release|Any CPU.Build.0 = Release|Any CPU
		{2BB138AD-4D13-4E67-A049-EEACB3E63C5C}.Release|x86.ActiveCfg = Release|Any CPU
		{2BB138AD-4D13-4E67-A049-EEACB3E63C5C}.Release|x86.Build.0 = Release|Any CPU
		{608EEB25-8291-41DC-9AEE-F933E1F394D4}.Debug|Any CPU.ActiveCfg = Debug|Any CPU
		{608EEB25-8291-41DC-9AEE-F933E1F394D4}.Debug|Any CPU.Build.0 = Debug|Any CPU
		{608EEB25-8291-41DC-9AEE-F933E1F394D4}.Debug|x86.ActiveCfg = Debug|Any CPU
		{608EEB25-8291-41DC-9AEE-F933E1F394D4}.Debug|x86.Build.0 = Debug|Any CPU
		{608EEB25-8291-41DC-9AEE-F933E1F394D4}.Release|Any CPU.ActiveCfg = Release|Any CPU
		{608EEB25-8291-41DC-9AEE-F933E1F394D4}.Release|Any CPU.Build.0 = Release|Any CPU
		{608EEB25-8291-41DC-9AEE-F933E1F394D4}.Release|x86.ActiveCfg = Release|Any CPU
		{608EEB25-8291-41DC-9AEE-F933E1F394D4}.Release|x86.Build.0 = Release|Any CPU
		{EBC10B7A-7839-4375-8F41-A67B93C5FA9B}.Debug|Any CPU.ActiveCfg = Debug|Any CPU
		{EBC10B7A-7839-4375-8F41-A67B93C5FA9B}.Debug|Any CPU.Build.0 = Debug|Any CPU
		{EBC10B7A-7839-4375-8F41-A67B93C5FA9B}.Debug|x86.ActiveCfg = Debug|Any CPU
		{EBC10B7A-7839-4375-8F41-A67B93C5FA9B}.Debug|x86.Build.0 = Debug|Any CPU
		{EBC10B7A-7839-4375-8F41-A67B93C5FA9B}.Release|Any CPU.ActiveCfg = Release|Any CPU
		{EBC10B7A-7839-4375-8F41-A67B93C5FA9B}.Release|Any CPU.Build.0 = Release|Any CPU
		{EBC10B7A-7839-4375-8F41-A67B93C5FA9B}.Release|x86.ActiveCfg = Release|Any CPU
		{EBC10B7A-7839-4375-8F41-A67B93C5FA9B}.Release|x86.Build.0 = Release|Any CPU
		{7ADD416C-987C-4C01-8C60-7A03A5784EDA}.Debug|Any CPU.ActiveCfg = Debug|Any CPU
		{7ADD416C-987C-4C01-8C60-7A03A5784EDA}.Debug|Any CPU.Build.0 = Debug|Any CPU
		{7ADD416C-987C-4C01-8C60-7A03A5784EDA}.Debug|x86.ActiveCfg = Debug|Any CPU
		{7ADD416C-987C-4C01-8C60-7A03A5784EDA}.Debug|x86.Build.0 = Debug|Any CPU
		{7ADD416C-987C-4C01-8C60-7A03A5784EDA}.Release|Any CPU.ActiveCfg = Release|Any CPU
		{7ADD416C-987C-4C01-8C60-7A03A5784EDA}.Release|Any CPU.Build.0 = Release|Any CPU
		{7ADD416C-987C-4C01-8C60-7A03A5784EDA}.Release|x86.ActiveCfg = Release|Any CPU
		{7ADD416C-987C-4C01-8C60-7A03A5784EDA}.Release|x86.Build.0 = Release|Any CPU
		{023DF56C-AE1D-430D-B745-F83FA4684692}.Debug|Any CPU.ActiveCfg = Debug|Any CPU
		{023DF56C-AE1D-430D-B745-F83FA4684692}.Debug|Any CPU.Build.0 = Debug|Any CPU
		{023DF56C-AE1D-430D-B745-F83FA4684692}.Debug|x86.ActiveCfg = Debug|Any CPU
		{023DF56C-AE1D-430D-B745-F83FA4684692}.Debug|x86.Build.0 = Debug|Any CPU
		{023DF56C-AE1D-430D-B745-F83FA4684692}.Release|Any CPU.ActiveCfg = Release|Any CPU
		{023DF56C-AE1D-430D-B745-F83FA4684692}.Release|Any CPU.Build.0 = Release|Any CPU
		{023DF56C-AE1D-430D-B745-F83FA4684692}.Release|x86.ActiveCfg = Release|Any CPU
		{023DF56C-AE1D-430D-B745-F83FA4684692}.Release|x86.Build.0 = Release|Any CPU
		{48774A9C-09FA-423B-9491-5BF2A21E118C}.Debug|Any CPU.ActiveCfg = Debug|Any CPU
		{48774A9C-09FA-423B-9491-5BF2A21E118C}.Debug|Any CPU.Build.0 = Debug|Any CPU
		{48774A9C-09FA-423B-9491-5BF2A21E118C}.Debug|x86.ActiveCfg = Debug|Any CPU
		{48774A9C-09FA-423B-9491-5BF2A21E118C}.Debug|x86.Build.0 = Debug|Any CPU
		{48774A9C-09FA-423B-9491-5BF2A21E118C}.Release|Any CPU.ActiveCfg = Release|Any CPU
		{48774A9C-09FA-423B-9491-5BF2A21E118C}.Release|Any CPU.Build.0 = Release|Any CPU
		{48774A9C-09FA-423B-9491-5BF2A21E118C}.Release|x86.ActiveCfg = Release|Any CPU
		{48774A9C-09FA-423B-9491-5BF2A21E118C}.Release|x86.Build.0 = Release|Any CPU
		{9FCADCB9-1AB8-4D0F-8F10-2A11BA414AE9}.Debug|Any CPU.ActiveCfg = Debug|Any CPU
		{9FCADCB9-1AB8-4D0F-8F10-2A11BA414AE9}.Debug|Any CPU.Build.0 = Debug|Any CPU
		{9FCADCB9-1AB8-4D0F-8F10-2A11BA414AE9}.Debug|x86.ActiveCfg = Debug|Any CPU
		{9FCADCB9-1AB8-4D0F-8F10-2A11BA414AE9}.Debug|x86.Build.0 = Debug|Any CPU
		{9FCADCB9-1AB8-4D0F-8F10-2A11BA414AE9}.Release|Any CPU.ActiveCfg = Release|Any CPU
		{9FCADCB9-1AB8-4D0F-8F10-2A11BA414AE9}.Release|Any CPU.Build.0 = Release|Any CPU
		{9FCADCB9-1AB8-4D0F-8F10-2A11BA414AE9}.Release|x86.ActiveCfg = Release|Any CPU
		{9FCADCB9-1AB8-4D0F-8F10-2A11BA414AE9}.Release|x86.Build.0 = Release|Any CPU
		{69CF18C2-FA43-4F20-9D27-AC6BAF7BD3B6}.Debug|Any CPU.ActiveCfg = Debug|Any CPU
		{69CF18C2-FA43-4F20-9D27-AC6BAF7BD3B6}.Debug|Any CPU.Build.0 = Debug|Any CPU
		{69CF18C2-FA43-4F20-9D27-AC6BAF7BD3B6}.Debug|x86.ActiveCfg = Debug|Any CPU
		{69CF18C2-FA43-4F20-9D27-AC6BAF7BD3B6}.Debug|x86.Build.0 = Debug|Any CPU
		{69CF18C2-FA43-4F20-9D27-AC6BAF7BD3B6}.Release|Any CPU.ActiveCfg = Release|Any CPU
		{69CF18C2-FA43-4F20-9D27-AC6BAF7BD3B6}.Release|Any CPU.Build.0 = Release|Any CPU
		{69CF18C2-FA43-4F20-9D27-AC6BAF7BD3B6}.Release|x86.ActiveCfg = Release|Any CPU
		{69CF18C2-FA43-4F20-9D27-AC6BAF7BD3B6}.Release|x86.Build.0 = Release|Any CPU
		{0547FB3C-DD5D-4C3D-ADAB-FDA87319BF45}.Debug|Any CPU.ActiveCfg = Debug|Any CPU
		{0547FB3C-DD5D-4C3D-ADAB-FDA87319BF45}.Debug|Any CPU.Build.0 = Debug|Any CPU
		{0547FB3C-DD5D-4C3D-ADAB-FDA87319BF45}.Debug|x86.ActiveCfg = Debug|Any CPU
		{0547FB3C-DD5D-4C3D-ADAB-FDA87319BF45}.Debug|x86.Build.0 = Debug|Any CPU
		{0547FB3C-DD5D-4C3D-ADAB-FDA87319BF45}.Release|Any CPU.ActiveCfg = Release|Any CPU
		{0547FB3C-DD5D-4C3D-ADAB-FDA87319BF45}.Release|Any CPU.Build.0 = Release|Any CPU
		{0547FB3C-DD5D-4C3D-ADAB-FDA87319BF45}.Release|x86.ActiveCfg = Release|Any CPU
		{0547FB3C-DD5D-4C3D-ADAB-FDA87319BF45}.Release|x86.Build.0 = Release|Any CPU
		{B3A5206D-966E-4936-9C7A-DBF887FC721C}.Debug|Any CPU.ActiveCfg = Debug|Any CPU
		{B3A5206D-966E-4936-9C7A-DBF887FC721C}.Debug|Any CPU.Build.0 = Debug|Any CPU
		{B3A5206D-966E-4936-9C7A-DBF887FC721C}.Debug|x86.ActiveCfg = Debug|Any CPU
		{B3A5206D-966E-4936-9C7A-DBF887FC721C}.Debug|x86.Build.0 = Debug|Any CPU
		{B3A5206D-966E-4936-9C7A-DBF887FC721C}.Release|Any CPU.ActiveCfg = Release|Any CPU
		{B3A5206D-966E-4936-9C7A-DBF887FC721C}.Release|Any CPU.Build.0 = Release|Any CPU
		{B3A5206D-966E-4936-9C7A-DBF887FC721C}.Release|x86.ActiveCfg = Release|Any CPU
		{B3A5206D-966E-4936-9C7A-DBF887FC721C}.Release|x86.Build.0 = Release|Any CPU
		{67B196DF-E794-4A54-99AD-CC5B96B58CB1}.Debug|Any CPU.ActiveCfg = Debug|Any CPU
		{67B196DF-E794-4A54-99AD-CC5B96B58CB1}.Debug|Any CPU.Build.0 = Debug|Any CPU
		{67B196DF-E794-4A54-99AD-CC5B96B58CB1}.Debug|x86.ActiveCfg = Debug|Any CPU
		{67B196DF-E794-4A54-99AD-CC5B96B58CB1}.Debug|x86.Build.0 = Debug|Any CPU
		{67B196DF-E794-4A54-99AD-CC5B96B58CB1}.Release|Any CPU.ActiveCfg = Release|Any CPU
		{67B196DF-E794-4A54-99AD-CC5B96B58CB1}.Release|Any CPU.Build.0 = Release|Any CPU
		{67B196DF-E794-4A54-99AD-CC5B96B58CB1}.Release|x86.ActiveCfg = Release|Any CPU
		{67B196DF-E794-4A54-99AD-CC5B96B58CB1}.Release|x86.Build.0 = Release|Any CPU
		{144886C0-FAFD-43EE-8EAA-ACD7D8591619}.Debug|Any CPU.ActiveCfg = Debug|Any CPU
		{144886C0-FAFD-43EE-8EAA-ACD7D8591619}.Debug|Any CPU.Build.0 = Debug|Any CPU
		{144886C0-FAFD-43EE-8EAA-ACD7D8591619}.Debug|x86.ActiveCfg = Debug|Any CPU
		{144886C0-FAFD-43EE-8EAA-ACD7D8591619}.Debug|x86.Build.0 = Debug|Any CPU
		{144886C0-FAFD-43EE-8EAA-ACD7D8591619}.Release|Any CPU.ActiveCfg = Release|Any CPU
		{144886C0-FAFD-43EE-8EAA-ACD7D8591619}.Release|Any CPU.Build.0 = Release|Any CPU
		{144886C0-FAFD-43EE-8EAA-ACD7D8591619}.Release|x86.ActiveCfg = Release|Any CPU
		{144886C0-FAFD-43EE-8EAA-ACD7D8591619}.Release|x86.Build.0 = Release|Any CPU
		{19A1AC49-FF37-4F90-B6A2-EC3C71F068E1}.Debug|Any CPU.ActiveCfg = Debug|Any CPU
		{19A1AC49-FF37-4F90-B6A2-EC3C71F068E1}.Debug|Any CPU.Build.0 = Debug|Any CPU
		{19A1AC49-FF37-4F90-B6A2-EC3C71F068E1}.Debug|x86.ActiveCfg = Debug|Any CPU
		{19A1AC49-FF37-4F90-B6A2-EC3C71F068E1}.Debug|x86.Build.0 = Debug|Any CPU
		{19A1AC49-FF37-4F90-B6A2-EC3C71F068E1}.Release|Any CPU.ActiveCfg = Release|Any CPU
		{19A1AC49-FF37-4F90-B6A2-EC3C71F068E1}.Release|Any CPU.Build.0 = Release|Any CPU
		{19A1AC49-FF37-4F90-B6A2-EC3C71F068E1}.Release|x86.ActiveCfg = Release|Any CPU
		{19A1AC49-FF37-4F90-B6A2-EC3C71F068E1}.Release|x86.Build.0 = Release|Any CPU
		{AF412B5D-D3C0-4685-B1A4-6940F080D248}.Debug|Any CPU.ActiveCfg = Debug|Any CPU
		{AF412B5D-D3C0-4685-B1A4-6940F080D248}.Debug|Any CPU.Build.0 = Debug|Any CPU
		{AF412B5D-D3C0-4685-B1A4-6940F080D248}.Debug|x86.ActiveCfg = Debug|Any CPU
		{AF412B5D-D3C0-4685-B1A4-6940F080D248}.Debug|x86.Build.0 = Debug|Any CPU
		{AF412B5D-D3C0-4685-B1A4-6940F080D248}.Release|Any CPU.ActiveCfg = Release|Any CPU
		{AF412B5D-D3C0-4685-B1A4-6940F080D248}.Release|Any CPU.Build.0 = Release|Any CPU
		{AF412B5D-D3C0-4685-B1A4-6940F080D248}.Release|x86.ActiveCfg = Release|Any CPU
		{AF412B5D-D3C0-4685-B1A4-6940F080D248}.Release|x86.Build.0 = Release|Any CPU
		{AEA7E8C7-4D90-43C2-81B9-3091EDAF0888}.Debug|Any CPU.ActiveCfg = Debug|Any CPU
		{AEA7E8C7-4D90-43C2-81B9-3091EDAF0888}.Debug|Any CPU.Build.0 = Debug|Any CPU
		{AEA7E8C7-4D90-43C2-81B9-3091EDAF0888}.Debug|x86.ActiveCfg = Debug|Any CPU
		{AEA7E8C7-4D90-43C2-81B9-3091EDAF0888}.Debug|x86.Build.0 = Debug|Any CPU
		{AEA7E8C7-4D90-43C2-81B9-3091EDAF0888}.Release|Any CPU.ActiveCfg = Release|Any CPU
		{AEA7E8C7-4D90-43C2-81B9-3091EDAF0888}.Release|Any CPU.Build.0 = Release|Any CPU
		{AEA7E8C7-4D90-43C2-81B9-3091EDAF0888}.Release|x86.ActiveCfg = Release|Any CPU
		{AEA7E8C7-4D90-43C2-81B9-3091EDAF0888}.Release|x86.Build.0 = Release|Any CPU
		{AE7A81F3-6A2F-44D3-A4BF-F71A932930E6}.Debug|Any CPU.ActiveCfg = Debug|Any CPU
		{AE7A81F3-6A2F-44D3-A4BF-F71A932930E6}.Debug|Any CPU.Build.0 = Debug|Any CPU
		{AE7A81F3-6A2F-44D3-A4BF-F71A932930E6}.Debug|x86.ActiveCfg = Debug|Any CPU
		{AE7A81F3-6A2F-44D3-A4BF-F71A932930E6}.Debug|x86.Build.0 = Debug|Any CPU
		{AE7A81F3-6A2F-44D3-A4BF-F71A932930E6}.Release|Any CPU.ActiveCfg = Release|Any CPU
		{AE7A81F3-6A2F-44D3-A4BF-F71A932930E6}.Release|Any CPU.Build.0 = Release|Any CPU
		{AE7A81F3-6A2F-44D3-A4BF-F71A932930E6}.Release|x86.ActiveCfg = Release|Any CPU
		{AE7A81F3-6A2F-44D3-A4BF-F71A932930E6}.Release|x86.Build.0 = Release|Any CPU
	EndGlobalSection
	GlobalSection(SolutionProperties) = preSolution
		HideSolutionNode = FALSE
	EndGlobalSection
	GlobalSection(NestedProjects) = preSolution
		{891E8CE8-C1AE-403A-913E-B5B21A027E42} = {5A993262-1815-4FDA-B9FB-83199254C894}
		{73A9BA70-F7B1-4AE7-A187-3E4F0FDAC338} = {891E8CE8-C1AE-403A-913E-B5B21A027E42}
		{DD8E6270-16F0-4686-B4B5-23B319258511} = {891E8CE8-C1AE-403A-913E-B5B21A027E42}
		{DA77FD36-DADD-471A-9BCC-EBCD2DD687A9} = {891E8CE8-C1AE-403A-913E-B5B21A027E42}
		{F739C5F2-A529-4381-AB93-93662F64404C} = {891E8CE8-C1AE-403A-913E-B5B21A027E42}
		{5FC557FB-0756-4A27-9498-B08A31CE9D26} = {891E8CE8-C1AE-403A-913E-B5B21A027E42}
		{3338BCEA-8539-45E4-9E48-F3A079534EC0} = {B5B89434-32A3-4DBF-9183-099E81789A00}
		{F67E722B-E870-4E81-9936-7826E0FD74DD} = {B5B89434-32A3-4DBF-9183-099E81789A00}
		{2B9A4B58-4D65-47FE-A714-7C0F73AB18B0} = {B5B89434-32A3-4DBF-9183-099E81789A00}
		{8B42658A-E2F1-4AF6-8973-B518DC9DFCC5} = {B5B89434-32A3-4DBF-9183-099E81789A00}
		{CF301AD6-CD2E-4EBD-BE81-026F33199598} = {DFF1F3F4-50F9-44D0-AD14-02D9250695C2}
		{BBDD06F6-DB9F-4943-AC21-C2C68D63A693} = {DFF1F3F4-50F9-44D0-AD14-02D9250695C2}
		{E9BE310B-B005-44C7-93AA-854D42B9AC3A} = {DFF1F3F4-50F9-44D0-AD14-02D9250695C2}
		{16385976-97CE-42D1-A3E0-C31D4A508002} = {DFF1F3F4-50F9-44D0-AD14-02D9250695C2}
		{E435E734-66B7-4809-A406-0E4928364181} = {DFF1F3F4-50F9-44D0-AD14-02D9250695C2}
		{9CD712EF-13FB-4608-8AD7-01DA56959476} = {DFF1F3F4-50F9-44D0-AD14-02D9250695C2}
		{A622566D-7E31-4BB6-8098-A690FA4D1543} = {C253E48F-FB30-45C1-857A-02675C184BD8}
		{3AAC7454-4B77-41E3-B999-501DB2857631} = {C253E48F-FB30-45C1-857A-02675C184BD8}
		{F41E57DD-1BF6-4FFA-80C2-51A104CBE674} = {C253E48F-FB30-45C1-857A-02675C184BD8}
		{A42D1513-B64F-4791-9774-A6CF98601634} = {C253E48F-FB30-45C1-857A-02675C184BD8}
		{1A1B55CB-E757-4C18-A92D-8968F3240119} = {27034C2B-7523-4D72-8BB7-86E2EB1DE35E}
		{F5DF6CB9-85A7-4287-8906-E358935F1418} = {1A1B55CB-E757-4C18-A92D-8968F3240119}
		{523769AE-9A52-43F5-8120-02E857821B1D} = {1A1B55CB-E757-4C18-A92D-8968F3240119}
		{7373C27D-2732-4C39-9272-BCD3355905E2} = {1A1B55CB-E757-4C18-A92D-8968F3240119}
		{BD41BAAA-4DBC-44D5-9111-E6ECF6925432} = {DFF1F3F4-50F9-44D0-AD14-02D9250695C2}
		{74129B6C-95BD-4557-9E95-4721B8DBA741} = {C253E48F-FB30-45C1-857A-02675C184BD8}
		{40133AC2-0FA0-425D-9600-9A70E43181EE} = {83A83DFF-781F-475A-AF5D-80EAF63FC505}
		{19D78582-0D7E-4E45-9A39-364C5B24C8C9} = {83A83DFF-781F-475A-AF5D-80EAF63FC505}
		{D14CBBD2-041D-4BFC-A4D3-190C9643B805} = {83A83DFF-781F-475A-AF5D-80EAF63FC505}
		{CEEC4EED-76BE-4A3B-B706-268D582F1BFB} = {83A83DFF-781F-475A-AF5D-80EAF63FC505}
		{0BD029EA-1670-4103-B98B-D4364D1C7A2D} = {83A83DFF-781F-475A-AF5D-80EAF63FC505}
		{5698E71B-EE52-40DE-B48F-6708DC95C22D} = {83A83DFF-781F-475A-AF5D-80EAF63FC505}
		{2FC4D731-A70C-4BDF-AD58-DAA19B338144} = {83A83DFF-781F-475A-AF5D-80EAF63FC505}
		{2A818B91-9ECC-4C57-B3D8-183222C82ABD} = {A33DCC1A-B466-489D-B0F8-1CD51640435A}
		{66A24906-FBF7-4E36-B30A-40CAA0FB943E} = {A33DCC1A-B466-489D-B0F8-1CD51640435A}
		{5B034752-1B03-4F9C-9A9E-003836BECA3C} = {A33DCC1A-B466-489D-B0F8-1CD51640435A}
		{02AED19E-5091-47FE-A95B-90C30E1BDC6A} = {A33DCC1A-B466-489D-B0F8-1CD51640435A}
		{2BEFB51E-39DD-4B18-843A-DA3232EE01D5} = {A33DCC1A-B466-489D-B0F8-1CD51640435A}
		{5A468321-28DA-42FA-829C-3457CC6E4FC5} = {A33DCC1A-B466-489D-B0F8-1CD51640435A}
		{F0E694C5-00FE-4D53-8C02-F8EA5AF1800F} = {A33DCC1A-B466-489D-B0F8-1CD51640435A}
		{59524BDD-D905-4A15-A870-08B7C998214A} = {A33DCC1A-B466-489D-B0F8-1CD51640435A}
		{1E39424F-E0CE-4388-8C22-EAAA39DE5B4C} = {A33DCC1A-B466-489D-B0F8-1CD51640435A}
		{A9E5AFBC-F68D-4522-84AF-E2747FB755A2} = {A33DCC1A-B466-489D-B0F8-1CD51640435A}
		{9B75C788-BAEF-4D7A-B55F-3EE894DE5C2F} = {A33DCC1A-B466-489D-B0F8-1CD51640435A}
		{2FAF9410-1B8C-4F53-8999-EAB5F9D33931} = {A33DCC1A-B466-489D-B0F8-1CD51640435A}
		{73B16AE6-7E8C-4E3E-9011-5D2A391FC4E2} = {A33DCC1A-B466-489D-B0F8-1CD51640435A}
		{84A09AB9-64AF-40F9-9864-86992894B120} = {5A993262-1815-4FDA-B9FB-83199254C894}
		{E99AAA65-223A-43CE-B535-67EF3C99CA55} = {5A993262-1815-4FDA-B9FB-83199254C894}
		{D0C5AFC5-2AE7-4E45-96FD-7A2E9E7D70CA} = {5A993262-1815-4FDA-B9FB-83199254C894}
		{11D4B77D-96D2-493F-BA5B-E2EA53768BB7} = {5A993262-1815-4FDA-B9FB-83199254C894}
		{5A79F656-985D-4164-9D3A-B93D51706660} = {5A993262-1815-4FDA-B9FB-83199254C894}
		{A5F9920E-AEB9-4B4A-B42F-2486E6445553} = {5A993262-1815-4FDA-B9FB-83199254C894}
		{77B9861C-B35C-4B2B-B9BC-4B648700AA06} = {5A993262-1815-4FDA-B9FB-83199254C894}
		{3B04B35D-394A-454C-8494-6A548BE2CDD0} = {5A993262-1815-4FDA-B9FB-83199254C894}
		{45EF95B2-AA22-46CF-AC1A-3F71098E8C4D} = {5A993262-1815-4FDA-B9FB-83199254C894}
		{AC7B7B67-14A4-4BDF-8D08-52F380E4F866} = {5A993262-1815-4FDA-B9FB-83199254C894}
		{2BB138AD-4D13-4E67-A049-EEACB3E63C5C} = {5A993262-1815-4FDA-B9FB-83199254C894}
		{608EEB25-8291-41DC-9AEE-F933E1F394D4} = {5A993262-1815-4FDA-B9FB-83199254C894}
		{EBC10B7A-7839-4375-8F41-A67B93C5FA9B} = {0CB5CD59-98F2-4161-BA54-EDC6111FD655}
		{7ADD416C-987C-4C01-8C60-7A03A5784EDA} = {0CB5CD59-98F2-4161-BA54-EDC6111FD655}
		{023DF56C-AE1D-430D-B745-F83FA4684692} = {0CB5CD59-98F2-4161-BA54-EDC6111FD655}
		{48774A9C-09FA-423B-9491-5BF2A21E118C} = {0CB5CD59-98F2-4161-BA54-EDC6111FD655}
		{9FCADCB9-1AB8-4D0F-8F10-2A11BA414AE9} = {27034C2B-7523-4D72-8BB7-86E2EB1DE35E}
		{69CF18C2-FA43-4F20-9D27-AC6BAF7BD3B6} = {27034C2B-7523-4D72-8BB7-86E2EB1DE35E}
		{0547FB3C-DD5D-4C3D-ADAB-FDA87319BF45} = {27034C2B-7523-4D72-8BB7-86E2EB1DE35E}
		{B3A5206D-966E-4936-9C7A-DBF887FC721C} = {27034C2B-7523-4D72-8BB7-86E2EB1DE35E}
		{67B196DF-E794-4A54-99AD-CC5B96B58CB1} = {27034C2B-7523-4D72-8BB7-86E2EB1DE35E}
		{144886C0-FAFD-43EE-8EAA-ACD7D8591619} = {27034C2B-7523-4D72-8BB7-86E2EB1DE35E}
		{19A1AC49-FF37-4F90-B6A2-EC3C71F068E1} = {27034C2B-7523-4D72-8BB7-86E2EB1DE35E}
		{AF412B5D-D3C0-4685-B1A4-6940F080D248} = {27034C2B-7523-4D72-8BB7-86E2EB1DE35E}
		{AEA7E8C7-4D90-43C2-81B9-3091EDAF0888} = {27034C2B-7523-4D72-8BB7-86E2EB1DE35E}
		{AE7A81F3-6A2F-44D3-A4BF-F71A932930E6} = {27034C2B-7523-4D72-8BB7-86E2EB1DE35E}
	EndGlobalSection
	GlobalSection(ExtensibilityGlobals) = postSolution
		SolutionGuid = {2EB9BEFC-A1E4-47B6-9F56-8AFBD9F3F8D8}
	EndGlobalSection
EndGlobal
